// !$*UTF8*$!
{
	archiveVersion = 1;
	classes = {
	};
	objectVersion = 52;
	objects = {

/* Begin PBXBuildFile section */
		80E502B72401D8950075AD72 /* mcMedia in Frameworks */ = {isa = PBXBuildFile; productRef = 80E502B62401D8950075AD72 /* mcMedia */; };
		80E502B92401D9E80075AD72 /* RingBufferTestsUtility.swift in Sources */ = {isa = PBXBuildFile; fileRef = 80E502B82401D9DB0075AD72 /* RingBufferTestsUtility.swift */; };
		80E502BB2401DA020075AD72 /* RingBufferTestsUtility.swift in Sources */ = {isa = PBXBuildFile; fileRef = 80E502B82401D9DB0075AD72 /* RingBufferTestsUtility.swift */; };
		80E502BE2401DA360075AD72 /* mcMedia in Frameworks */ = {isa = PBXBuildFile; productRef = 80E502BD2401DA360075AD72 /* mcMedia */; };
		80E502BF2401DA540075AD72 /* RingBufferTestsUtility.swift in Sources */ = {isa = PBXBuildFile; fileRef = 80E502B82401D9DB0075AD72 /* RingBufferTestsUtility.swift */; };
		80E502C22401DADA0075AD72 /* mcMedia in Frameworks */ = {isa = PBXBuildFile; productRef = 80E502C12401DADA0075AD72 /* mcMedia */; };
		80E502C62401DCB00075AD72 /* mcAppKit in Frameworks */ = {isa = PBXBuildFile; productRef = 80E502C52401DCB00075AD72 /* mcAppKit */; };
		80E502C92401DD640075AD72 /* mcMediaAU in Frameworks */ = {isa = PBXBuildFile; productRef = 80E502C82401DD640075AD72 /* mcMediaAU */; };
		BF_149E94D98D910E4365B218FE22AF4CED /* CARBPerformanceTests.mm in Sources */ = {isa = PBXBuildFile; fileRef = FR_A2961A54812E2E85D4F6A72C8DDBE8D1 /* CARBPerformanceTests.mm */; };
		BF_20F77D72EC46F3DB71B7E4983BA42EFB /* main.swift in Sources */ = {isa = PBXBuildFile; fileRef = FR_884E623289EEC8B733F399A27AF0DB0B /* main.swift */; };
		BF_4D6025B89175F68459E641B7786938D2 /* Logger.swift in Sources */ = {isa = PBXBuildFile; fileRef = FR_7AE931E62A42C0FC2CFD131A265A8130 /* Logger.swift */; };
		BF_5E369EAB9143106F2CC9393230E393C2 /* main.swift in Sources */ = {isa = PBXBuildFile; fileRef = FR_7DBCAD35020C43562D64E573F3CEFCD2 /* main.swift */; };
		BF_6214730E7DADE3A0BCEF4EEE065A00FA /* MainMenu.swift in Sources */ = {isa = PBXBuildFile; fileRef = FR_0E2DD8DA0F1C3C52FDA7909F97CA3337 /* MainMenu.swift */; };
		BF_8F472F6EAE950F275FA8D90130D986B3 /* MainWindowController.swift in Sources */ = {isa = PBXBuildFile; fileRef = FR_43337681F7C9FF232C441EB2E0DD9192 /* MainWindowController.swift */; };
		BF_B7E7E34FD63B606F64FD86832FEF8217 /* CARBTests.mm in Sources */ = {isa = PBXBuildFile; fileRef = FR_6C5368C61AC638AC0682209DCF303E55 /* CARBTests.mm */; };
		BF_BA1332D7374955DF5A346C496B5F48F4 /* Application.swift in Sources */ = {isa = PBXBuildFile; fileRef = FR_18B61A165D9E1D8AF566C9FDADD1D433 /* Application.swift */; };
		BF_E5B816B4C23CB2017BF5FC71598D3349 /* CoreAudioSDK.cpp in Sources */ = {isa = PBXBuildFile; fileRef = FR_ECA2FFBB78AFCA8CEC0C2A938DD5C5CF /* CoreAudioSDK.cpp */; };
		BF_EE6640C1F9D27CE044DEB5036116D654 /* PlayThroughEngine.swift in Sources */ = {isa = PBXBuildFile; fileRef = FR_C655C608CD6B743245B0DB8F1DF4EB68 /* PlayThroughEngine.swift */; };
		BF_F60716795257D52384A4E7C327D82C50 /* MainViewController.swift in Sources */ = {isa = PBXBuildFile; fileRef = FR_E23666BF8DFD2D3B4A4E18C20C2C5D44 /* MainViewController.swift */; };
		BF_FED60342DBD08CDA25077012B0A57159 /* CARBPerformanceTests.swift in Sources */ = {isa = PBXBuildFile; fileRef = FR_BA49CECF9FC3E27B0CB1D1695D7BCEDF /* CARBPerformanceTests.swift */; };
/* End PBXBuildFile section */

/* Begin PBXFileReference section */
		80E502A22401D6DE0075AD72 /* App-macOS.xcconfig */ = {isa = PBXFileReference; lastKnownFileType = text.xcconfig; path = "App-macOS.xcconfig"; sourceTree = "<group>"; };
		80E502A32401D6DE0075AD72 /* Tests-tvOS.xcconfig */ = {isa = PBXFileReference; lastKnownFileType = text.xcconfig; path = "Tests-tvOS.xcconfig"; sourceTree = "<group>"; };
		80E502A42401D6DE0075AD72 /* Framework-macOS.xcconfig */ = {isa = PBXFileReference; lastKnownFileType = text.xcconfig; path = "Framework-macOS.xcconfig"; sourceTree = "<group>"; };
		80E502A52401D6DE0075AD72 /* App-iOS.xcconfig */ = {isa = PBXFileReference; lastKnownFileType = text.xcconfig; path = "App-iOS.xcconfig"; sourceTree = "<group>"; };
		80E502A62401D6DE0075AD72 /* Tests-macOS.xcconfig */ = {isa = PBXFileReference; lastKnownFileType = text.xcconfig; path = "Tests-macOS.xcconfig"; sourceTree = "<group>"; };
		80E502A72401D6DE0075AD72 /* Framework-iOS.xcconfig */ = {isa = PBXFileReference; lastKnownFileType = text.xcconfig; path = "Framework-iOS.xcconfig"; sourceTree = "<group>"; };
		80E502A82401D6DE0075AD72 /* Tool-macOS.xcconfig */ = {isa = PBXFileReference; lastKnownFileType = text.xcconfig; path = "Tool-macOS.xcconfig"; sourceTree = "<group>"; };
		80E502A92401D6DE0075AD72 /* Common.xcconfig */ = {isa = PBXFileReference; lastKnownFileType = text.xcconfig; path = Common.xcconfig; sourceTree = "<group>"; };
		80E502AA2401D6DE0075AD72 /* Tests-iOS.xcconfig */ = {isa = PBXFileReference; lastKnownFileType = text.xcconfig; path = "Tests-iOS.xcconfig"; sourceTree = "<group>"; };
		80E502AB2401D6DE0075AD72 /* Tests-watchOS.xcconfig */ = {isa = PBXFileReference; lastKnownFileType = text.xcconfig; path = "Tests-watchOS.xcconfig"; sourceTree = "<group>"; };
		80E502AC2401D6DE0075AD72 /* Extension-macOS.xcconfig */ = {isa = PBXFileReference; lastKnownFileType = text.xcconfig; path = "Extension-macOS.xcconfig"; sourceTree = "<group>"; };
		80E502AD2401D6DE0075AD72 /* App-tvOS.xcconfig */ = {isa = PBXFileReference; lastKnownFileType = text.xcconfig; path = "App-tvOS.xcconfig"; sourceTree = "<group>"; };
		80E502AE2401D6DE0075AD72 /* App-watchOS.xcconfig */ = {isa = PBXFileReference; lastKnownFileType = text.xcconfig; path = "App-watchOS.xcconfig"; sourceTree = "<group>"; };
		80E502AF2401D6DE0075AD72 /* Framework-watchOS.xcconfig */ = {isa = PBXFileReference; lastKnownFileType = text.xcconfig; path = "Framework-watchOS.xcconfig"; sourceTree = "<group>"; };
		80E502B02401D6DE0075AD72 /* Project.xcconfig */ = {isa = PBXFileReference; lastKnownFileType = text.xcconfig; path = Project.xcconfig; sourceTree = "<group>"; };
		80E502B12401D6DE0075AD72 /* Framework-tvOS.xcconfig */ = {isa = PBXFileReference; lastKnownFileType = text.xcconfig; path = "Framework-tvOS.xcconfig"; sourceTree = "<group>"; };
		80E502B32401D8750075AD72 /* mc-media */ = {isa = PBXFileReference; lastKnownFileType = text; name = "mc-media"; path = "node_modules/mc-media"; sourceTree = SOURCE_ROOT; };
		80E502B82401D9DB0075AD72 /* RingBufferTestsUtility.swift */ = {isa = PBXFileReference; lastKnownFileType = sourcecode.swift; name = RingBufferTestsUtility.swift; path = "node_modules/mc-media/Tests/Types/RingBufferTestsUtility.swift"; sourceTree = SOURCE_ROOT; };
		80E502C32401DB7F0075AD72 /* mc-app-kit */ = {isa = PBXFileReference; lastKnownFileType = text; name = "mc-app-kit"; path = "node_modules/mc-app-kit"; sourceTree = SOURCE_ROOT; };
		80E502C72401DD4F0075AD72 /* mc-media-au */ = {isa = PBXFileReference; lastKnownFileType = folder; name = "mc-media-au"; path = "../../VST3NetSend/node_modules/mc-media-au"; sourceTree = "<group>"; };
		80E502CA2401DEBA0075AD72 /* mc-foundation-logging */ = {isa = PBXFileReference; lastKnownFileType = text; name = "mc-foundation-logging"; path = "node_modules/mc-foundation-logging"; sourceTree = SOURCE_ROOT; };
		80E502CB2401DEE00075AD72 /* mc-foundation-extensions */ = {isa = PBXFileReference; lastKnownFileType = text; name = "mc-foundation-extensions"; path = "node_modules/mc-foundation-extensions"; sourceTree = SOURCE_ROOT; };
		80E502CC2401DEF00075AD72 /* mc-foundation-observables */ = {isa = PBXFileReference; lastKnownFileType = text; name = "mc-foundation-observables"; path = "node_modules/mc-foundation-observables"; sourceTree = SOURCE_ROOT; };
		FR_0E2DD8DA0F1C3C52FDA7909F97CA3337 /* MainMenu.swift */ = {isa = PBXFileReference; explicitFileType = sourcecode.swift; path = MainMenu.swift; sourceTree = "<group>"; };
		FR_18B61A165D9E1D8AF566C9FDADD1D433 /* Application.swift */ = {isa = PBXFileReference; explicitFileType = sourcecode.swift; path = Application.swift; sourceTree = "<group>"; };
		FR_1EF121FF4E283A4CD8B231B65490E5D5 /* CAPlayThrough.app */ = {isa = PBXFileReference; explicitFileType = wrapper.application; includeInIndex = 0; path = CAPlayThrough.app; sourceTree = BUILT_PRODUCTS_DIR; };
		FR_26227D0EA4498C527BFDDD7F37EFFA9B /* Version.xcconfig */ = {isa = PBXFileReference; explicitFileType = text.xcconfig; path = Version.xcconfig; sourceTree = "<group>"; };
		FR_2E597D9650B285DAD74CA6EA20FC6987 /* CppTests.xctest */ = {isa = PBXFileReference; explicitFileType = wrapper.cfbundle; includeInIndex = 0; path = CppTests.xctest; sourceTree = BUILT_PRODUCTS_DIR; };
		FR_43337681F7C9FF232C441EB2E0DD9192 /* MainWindowController.swift */ = {isa = PBXFileReference; explicitFileType = sourcecode.swift; path = MainWindowController.swift; sourceTree = "<group>"; };
		FR_4779CA0C1EF9DBA0542993E768ACAD27 /* CARBMeasure */ = {isa = PBXFileReference; explicitFileType = "compiled.mach-o.executable"; includeInIndex = 0; path = CARBMeasure; sourceTree = BUILT_PRODUCTS_DIR; };
		FR_6C5368C61AC638AC0682209DCF303E55 /* CARBTests.mm */ = {isa = PBXFileReference; lastKnownFileType = sourcecode.cpp.objcpp; path = CARBTests.mm; sourceTree = "<group>"; };
		FR_7AE931E62A42C0FC2CFD131A265A8130 /* Logger.swift */ = {isa = PBXFileReference; explicitFileType = sourcecode.swift; path = Logger.swift; sourceTree = "<group>"; };
		FR_7BC23D47F664D5D9EA377F68EEF22E97 /* SwiftTests.xctest */ = {isa = PBXFileReference; explicitFileType = wrapper.cfbundle; includeInIndex = 0; path = SwiftTests.xctest; sourceTree = BUILT_PRODUCTS_DIR; };
		FR_7DBCAD35020C43562D64E573F3CEFCD2 /* main.swift */ = {isa = PBXFileReference; explicitFileType = sourcecode.swift; path = main.swift; sourceTree = "<group>"; };
		FR_884E623289EEC8B733F399A27AF0DB0B /* main.swift */ = {isa = PBXFileReference; explicitFileType = sourcecode.swift; path = main.swift; sourceTree = "<group>"; };
		FR_A2961A54812E2E85D4F6A72C8DDBE8D1 /* CARBPerformanceTests.mm */ = {isa = PBXFileReference; lastKnownFileType = sourcecode.cpp.objcpp; path = CARBPerformanceTests.mm; sourceTree = "<group>"; };
		FR_BA49CECF9FC3E27B0CB1D1695D7BCEDF /* CARBPerformanceTests.swift */ = {isa = PBXFileReference; explicitFileType = sourcecode.swift; path = CARBPerformanceTests.swift; sourceTree = "<group>"; };
		FR_C655C608CD6B743245B0DB8F1DF4EB68 /* PlayThroughEngine.swift */ = {isa = PBXFileReference; explicitFileType = sourcecode.swift; path = PlayThroughEngine.swift; sourceTree = "<group>"; };
		FR_C656671C87442838139E2638F7041C88 /* Project.xcconfig */ = {isa = PBXFileReference; explicitFileType = text.xcconfig; path = Project.xcconfig; sourceTree = "<group>"; };
		FR_E23666BF8DFD2D3B4A4E18C20C2C5D44 /* MainViewController.swift */ = {isa = PBXFileReference; explicitFileType = sourcecode.swift; path = MainViewController.swift; sourceTree = "<group>"; };
		FR_ECA2FFBB78AFCA8CEC0C2A938DD5C5CF /* CoreAudioSDK.cpp */ = {isa = PBXFileReference; lastKnownFileType = sourcecode.cpp.cpp; path = CoreAudioSDK.cpp; sourceTree = "<group>"; };
/* End PBXFileReference section */

/* Begin PBXFrameworksBuildPhase section */
		80E502B42401D8910075AD72 /* Frameworks */ = {
			isa = PBXFrameworksBuildPhase;
			buildActionMask = 2147483647;
			files = (
				80E502B72401D8950075AD72 /* mcMedia in Frameworks */,
			);
			runOnlyForDeploymentPostprocessing = 0;
		};
		80E502BC2401DA320075AD72 /* Frameworks */ = {
			isa = PBXFrameworksBuildPhase;
			buildActionMask = 2147483647;
			files = (
				80E502BE2401DA360075AD72 /* mcMedia in Frameworks */,
			);
			runOnlyForDeploymentPostprocessing = 0;
		};
		80E502C02401DAD60075AD72 /* Frameworks */ = {
			isa = PBXFrameworksBuildPhase;
			buildActionMask = 2147483647;
			files = (
				80E502C22401DADA0075AD72 /* mcMedia in Frameworks */,
			);
			runOnlyForDeploymentPostprocessing = 0;
		};
		80E502C42401DB9B0075AD72 /* Frameworks */ = {
			isa = PBXFrameworksBuildPhase;
			buildActionMask = 2147483647;
			files = (
				80E502C62401DCB00075AD72 /* mcAppKit in Frameworks */,
				80E502C92401DD640075AD72 /* mcMediaAU in Frameworks */,
			);
			runOnlyForDeploymentPostprocessing = 0;
		};
/* End PBXFrameworksBuildPhase section */

/* Begin PBXGroup section */
		80E502A02401D6DE0075AD72 /* mc-shared-config */ = {
			isa = PBXGroup;
			children = (
				80E502A12401D6DE0075AD72 /* Configuration */,
			);
			name = "mc-shared-config";
			path = "node_modules/mc-shared-config";
			sourceTree = SOURCE_ROOT;
		};
		80E502A12401D6DE0075AD72 /* Configuration */ = {
			isa = PBXGroup;
			children = (
				80E502A22401D6DE0075AD72 /* App-macOS.xcconfig */,
				80E502A32401D6DE0075AD72 /* Tests-tvOS.xcconfig */,
				80E502A42401D6DE0075AD72 /* Framework-macOS.xcconfig */,
				80E502A52401D6DE0075AD72 /* App-iOS.xcconfig */,
				80E502A62401D6DE0075AD72 /* Tests-macOS.xcconfig */,
				80E502A72401D6DE0075AD72 /* Framework-iOS.xcconfig */,
				80E502A82401D6DE0075AD72 /* Tool-macOS.xcconfig */,
				80E502A92401D6DE0075AD72 /* Common.xcconfig */,
				80E502AA2401D6DE0075AD72 /* Tests-iOS.xcconfig */,
				80E502AB2401D6DE0075AD72 /* Tests-watchOS.xcconfig */,
				80E502AC2401D6DE0075AD72 /* Extension-macOS.xcconfig */,
				80E502AD2401D6DE0075AD72 /* App-tvOS.xcconfig */,
				80E502AE2401D6DE0075AD72 /* App-watchOS.xcconfig */,
				80E502AF2401D6DE0075AD72 /* Framework-watchOS.xcconfig */,
				80E502B02401D6DE0075AD72 /* Project.xcconfig */,
				80E502B12401D6DE0075AD72 /* Framework-tvOS.xcconfig */,
			);
			path = Configuration;
			sourceTree = "<group>";
		};
		80E502B52401D8950075AD72 /* Frameworks */ = {
			isa = PBXGroup;
			children = (
			);
			name = Frameworks;
			sourceTree = "<group>";
		};
		G_01882D9DEB93BEDFE53FAF560B2A956E /* Configuration */ = {
			isa = PBXGroup;
			children = (
				FR_C656671C87442838139E2638F7041C88 /* Project.xcconfig */,
				FR_26227D0EA4498C527BFDDD7F37EFFA9B /* Version.xcconfig */,
			);
			path = Configuration;
			sourceTree = "<group>";
		};
		G_0676D2B6FF1CF5EA8CF754D972EAAFDA = {
			isa = PBXGroup;
			children = (
				G_01882D9DEB93BEDFE53FAF560B2A956E /* Configuration */,
				G_4140E1FA0263289FA13965B81A4639FB /* Sources */,
				G_50FFCC604A106A46B0A4FFCA6480A589 /* Tests */,
				G_7D32E80459004C508798108DFC9BC70E /* Vendor */,
				G_B8F776404C40B1FE86C7FDF490D9CF5C /* Products */,
				80E502B52401D8950075AD72 /* Frameworks */,
			);
			sourceTree = "<group>";
		};
		G_0E5762957F30E28B85CE201CF72B26BC /* C++ */ = {
			isa = PBXGroup;
			children = (
				FR_ECA2FFBB78AFCA8CEC0C2A938DD5C5CF /* CoreAudioSDK.cpp */,
				FR_A2961A54812E2E85D4F6A72C8DDBE8D1 /* CARBPerformanceTests.mm */,
				FR_6C5368C61AC638AC0682209DCF303E55 /* CARBTests.mm */,
			);
			path = "C++";
			sourceTree = "<group>";
		};
		G_4140E1FA0263289FA13965B81A4639FB /* Sources */ = {
			isa = PBXGroup;
			children = (
				G_4BF3EC04FE5525749617F42993FFF63E /* CAPlayThrough */,
				G_CB4BEE752A613D0BDCCEBD02A05E8A3D /* CARBMeasure */,
			);
			path = Sources;
			sourceTree = "<group>";
		};
		G_4BF3EC04FE5525749617F42993FFF63E /* CAPlayThrough */ = {
			isa = PBXGroup;
			children = (
				FR_18B61A165D9E1D8AF566C9FDADD1D433 /* Application.swift */,
				FR_7AE931E62A42C0FC2CFD131A265A8130 /* Logger.swift */,
				FR_0E2DD8DA0F1C3C52FDA7909F97CA3337 /* MainMenu.swift */,
				FR_E23666BF8DFD2D3B4A4E18C20C2C5D44 /* MainViewController.swift */,
				FR_43337681F7C9FF232C441EB2E0DD9192 /* MainWindowController.swift */,
				FR_C655C608CD6B743245B0DB8F1DF4EB68 /* PlayThroughEngine.swift */,
				FR_884E623289EEC8B733F399A27AF0DB0B /* main.swift */,
			);
			path = CAPlayThrough;
			sourceTree = "<group>";
		};
		G_50FFCC604A106A46B0A4FFCA6480A589 /* Tests */ = {
			isa = PBXGroup;
			children = (
				G_0E5762957F30E28B85CE201CF72B26BC /* C++ */,
				G_62572FF5A8DBE51E0DF2DE2435F40992 /* Swift */,
			);
			path = Tests;
			sourceTree = "<group>";
		};
		G_62572FF5A8DBE51E0DF2DE2435F40992 /* Swift */ = {
			isa = PBXGroup;
			children = (
				FR_BA49CECF9FC3E27B0CB1D1695D7BCEDF /* CARBPerformanceTests.swift */,
			);
			path = Swift;
			sourceTree = "<group>";
		};
		G_7D32E80459004C508798108DFC9BC70E /* Vendor */ = {
			isa = PBXGroup;
			children = (
				80E502B82401D9DB0075AD72 /* RingBufferTestsUtility.swift */,
				80E502CC2401DEF00075AD72 /* mc-foundation-observables */,
				80E502CB2401DEE00075AD72 /* mc-foundation-extensions */,
				80E502CA2401DEBA0075AD72 /* mc-foundation-logging */,
				80E502C72401DD4F0075AD72 /* mc-media-au */,
				80E502C32401DB7F0075AD72 /* mc-app-kit */,
				80E502B32401D8750075AD72 /* mc-media */,
				80E502A02401D6DE0075AD72 /* mc-shared-config */,
			);
			path = Vendor;
			sourceTree = "<group>";
		};
		G_B8F776404C40B1FE86C7FDF490D9CF5C /* Products */ = {
			isa = PBXGroup;
			children = (
				FR_4779CA0C1EF9DBA0542993E768ACAD27 /* CARBMeasure */,
				FR_1EF121FF4E283A4CD8B231B65490E5D5 /* CAPlayThrough.app */,
				FR_2E597D9650B285DAD74CA6EA20FC6987 /* CppTests.xctest */,
				FR_7BC23D47F664D5D9EA377F68EEF22E97 /* SwiftTests.xctest */,
			);
			name = Products;
			sourceTree = "<group>";
		};
		G_CB4BEE752A613D0BDCCEBD02A05E8A3D /* CARBMeasure */ = {
			isa = PBXGroup;
			children = (
				FR_7DBCAD35020C43562D64E573F3CEFCD2 /* main.swift */,
			);
			path = CARBMeasure;
			sourceTree = "<group>";
		};
/* End PBXGroup section */

/* Begin PBXHeadersBuildPhase section */
		HBP_135B43848684FBF0877BA4E834F721EB /* Headers */ = {
			isa = PBXHeadersBuildPhase;
			buildActionMask = 2147483647;
			files = (
			);
			runOnlyForDeploymentPostprocessing = 0;
		};
		HBP_7FCBE46027D17E94907E8C61FCAFA6AC /* Headers */ = {
			isa = PBXHeadersBuildPhase;
			buildActionMask = 2147483647;
			files = (
			);
			runOnlyForDeploymentPostprocessing = 0;
		};
		HBP_E249FB8E482A159410398942677BCB02 /* Headers */ = {
			isa = PBXHeadersBuildPhase;
			buildActionMask = 2147483647;
			files = (
			);
			runOnlyForDeploymentPostprocessing = 0;
		};
/* End PBXHeadersBuildPhase section */

/* Begin PBXNativeTarget section */
		NT_014B13630EF79B56C6143DBF15CB34D3 /* CARBMeasure-macOS */ = {
			isa = PBXNativeTarget;
			buildConfigurationList = CL_182D3BF3C0F06682FD025E4D9BE7794F /* Build configuration list for PBXNativeTarget "CARBMeasure-macOS" */;
			buildPhases = (
				SBP_190B5AC334554251C3AF8F473E495DF0 /* Sources */,
				HBP_7FCBE46027D17E94907E8C61FCAFA6AC /* Headers */,
				80E502B42401D8910075AD72 /* Frameworks */,
			);
			buildRules = (
			);
			dependencies = (
			);
			name = "CARBMeasure-macOS";
			packageProductDependencies = (
				80E502B62401D8950075AD72 /* mcMedia */,
			);
			productName = CARBMeasure;
			productReference = FR_4779CA0C1EF9DBA0542993E768ACAD27 /* CARBMeasure */;
			productType = "com.apple.product-type.tool";
		};
		NT_392E69A1FCF0D56478F358BC430DEF72 /* SwiftTests-macOS */ = {
			isa = PBXNativeTarget;
			buildConfigurationList = CL_F07F5EA96B1CDDF7AC238E908155DBB3 /* Build configuration list for PBXNativeTarget "SwiftTests-macOS" */;
			buildPhases = (
				SBP_6276681A11B78505C89B4E424A4A5699 /* Sources */,
				HBP_135B43848684FBF0877BA4E834F721EB /* Headers */,
				80E502BC2401DA320075AD72 /* Frameworks */,
			);
			buildRules = (
			);
			dependencies = (
			);
			name = "SwiftTests-macOS";
			packageProductDependencies = (
				80E502BD2401DA360075AD72 /* mcMedia */,
			);
			productName = SwiftTests;
			productReference = FR_7BC23D47F664D5D9EA377F68EEF22E97 /* SwiftTests.xctest */;
			productType = "com.apple.product-type.bundle.unit-test";
		};
		NT_4597DC506C2C51D9FD597192491D05B8 /* CppTests-macOS */ = {
			isa = PBXNativeTarget;
			buildConfigurationList = CL_B39B7C9DED00DF48F63DA61720722EBF /* Build configuration list for PBXNativeTarget "CppTests-macOS" */;
			buildPhases = (
				SBP_9504FD09DA6D2488BC8D41EFD0FAAF99 /* Sources */,
				HBP_E249FB8E482A159410398942677BCB02 /* Headers */,
				80E502C02401DAD60075AD72 /* Frameworks */,
			);
			buildRules = (
			);
			dependencies = (
			);
			name = "CppTests-macOS";
			packageProductDependencies = (
				80E502C12401DADA0075AD72 /* mcMedia */,
			);
			productName = CppTests;
			productReference = FR_2E597D9650B285DAD74CA6EA20FC6987 /* CppTests.xctest */;
			productType = "com.apple.product-type.bundle.unit-test";
		};
		NT_8993857EBA7EFBC9A25FB966E9D0E3F0 /* CAPlayThrough-macOS */ = {
			isa = PBXNativeTarget;
			buildConfigurationList = CL_0F0DA300D42F82EDF9F220F91851D189 /* Build configuration list for PBXNativeTarget "CAPlayThrough-macOS" */;
			buildPhases = (
				SBP_106761CA7C21FAF07AE54CDF56912FB7 /* Sources */,
				80E502C42401DB9B0075AD72 /* Frameworks */,
			);
			buildRules = (
			);
			dependencies = (
			);
			name = "CAPlayThrough-macOS";
			packageProductDependencies = (
				80E502C52401DCB00075AD72 /* mcAppKit */,
				80E502C82401DD640075AD72 /* mcMediaAU */,
			);
			productName = CAPlayThrough;
			productReference = FR_1EF121FF4E283A4CD8B231B65490E5D5 /* CAPlayThrough.app */;
			productType = "com.apple.product-type.application";
		};
/* End PBXNativeTarget section */

/* Begin PBXProject section */
		P_0B586BCFB082C77065CFF370793845C9 /* Project object */ = {
			isa = PBXProject;
			attributes = {
				LastUpgradeCheck = 1130;
				ORGANIZATIONNAME = WaveLabs;
			};
			buildConfigurationList = CL_39DFA7DC0CDE437CA165AB00A61360CD /* Build configuration list for PBXProject "CARingBuffer" */;
			compatibilityVersion = "Xcode 9.3";
			developmentRegion = en;
			hasScannedForEncodings = 0;
			knownRegions = (
				en,
				Base,
			);
			mainGroup = G_0676D2B6FF1CF5EA8CF754D972EAAFDA;
			productRefGroup = G_B8F776404C40B1FE86C7FDF490D9CF5C /* Products */;
			projectDirPath = "";
			projectRoot = "";
			targets = (
				NT_8993857EBA7EFBC9A25FB966E9D0E3F0 /* CAPlayThrough-macOS */,
				NT_014B13630EF79B56C6143DBF15CB34D3 /* CARBMeasure-macOS */,
				NT_392E69A1FCF0D56478F358BC430DEF72 /* SwiftTests-macOS */,
				NT_4597DC506C2C51D9FD597192491D05B8 /* CppTests-macOS */,
			);
		};
/* End PBXProject section */

/* Begin PBXSourcesBuildPhase section */
		SBP_106761CA7C21FAF07AE54CDF56912FB7 /* Sources */ = {
			isa = PBXSourcesBuildPhase;
			buildActionMask = 2147483647;
			files = (
				BF_6214730E7DADE3A0BCEF4EEE065A00FA /* MainMenu.swift in Sources */,
				BF_8F472F6EAE950F275FA8D90130D986B3 /* MainWindowController.swift in Sources */,
				BF_4D6025B89175F68459E641B7786938D2 /* Logger.swift in Sources */,
				BF_EE6640C1F9D27CE044DEB5036116D654 /* PlayThroughEngine.swift in Sources */,
				BF_F60716795257D52384A4E7C327D82C50 /* MainViewController.swift in Sources */,
				BF_BA1332D7374955DF5A346C496B5F48F4 /* Application.swift in Sources */,
				BF_20F77D72EC46F3DB71B7E4983BA42EFB /* main.swift in Sources */,
			);
			runOnlyForDeploymentPostprocessing = 0;
		};
		SBP_190B5AC334554251C3AF8F473E495DF0 /* Sources */ = {
			isa = PBXSourcesBuildPhase;
			buildActionMask = 2147483647;
			files = (
				80E502B92401D9E80075AD72 /* RingBufferTestsUtility.swift in Sources */,
				BF_5E369EAB9143106F2CC9393230E393C2 /* main.swift in Sources */,
			);
			runOnlyForDeploymentPostprocessing = 0;
		};
		SBP_6276681A11B78505C89B4E424A4A5699 /* Sources */ = {
			isa = PBXSourcesBuildPhase;
			buildActionMask = 2147483647;
			files = (
				80E502BB2401DA020075AD72 /* RingBufferTestsUtility.swift in Sources */,
				BF_FED60342DBD08CDA25077012B0A57159 /* CARBPerformanceTests.swift in Sources */,
			);
			runOnlyForDeploymentPostprocessing = 0;
		};
		SBP_9504FD09DA6D2488BC8D41EFD0FAAF99 /* Sources */ = {
			isa = PBXSourcesBuildPhase;
			buildActionMask = 2147483647;
			files = (
				80E502BF2401DA540075AD72 /* RingBufferTestsUtility.swift in Sources */,
				BF_149E94D98D910E4365B218FE22AF4CED /* CARBPerformanceTests.mm in Sources */,
				BF_E5B816B4C23CB2017BF5FC71598D3349 /* CoreAudioSDK.cpp in Sources */,
				BF_B7E7E34FD63B606F64FD86832FEF8217 /* CARBTests.mm in Sources */,
			);
			runOnlyForDeploymentPostprocessing = 0;
		};
/* End PBXSourcesBuildPhase section */

/* Begin XCBuildConfiguration section */
		BC_205AF360E42EE3DB640B8AB1A97C9CB9 /* Debug */ = {
			isa = XCBuildConfiguration;
			baseConfigurationReference = 80E502A62401D6DE0075AD72 /* Tests-macOS.xcconfig */;
			buildSettings = {
				DEFINES_MODULE = YES;
				INFOPLIST_FILE = "Tests/C++/Info.plist";
				PRODUCT_NAME = CppTests;
			};
			name = Debug;
		};
		BC_2D3E6E9E2912A1AED35560609FA57C7D /* Release */ = {
			isa = XCBuildConfiguration;
			baseConfigurationReference = 80E502A82401D6DE0075AD72 /* Tool-macOS.xcconfig */;
			buildSettings = {
				DEFINES_MODULE = YES;
				PRODUCT_NAME = CARBMeasure;
			};
			name = Release;
		};
		BC_4168AC53FA61B6BA9601FF5C3E1DFC85 /* Debug */ = {
			isa = XCBuildConfiguration;
			baseConfigurationReference = FR_C656671C87442838139E2638F7041C88 /* Project.xcconfig */;
			buildSettings = {
				MACOSX_DEPLOYMENT_TARGET = 10.13;
			};
			name = Debug;
		};
		BC_54F255918CA058EC4578F7F38A4F05D8 /* Debug */ = {
			isa = XCBuildConfiguration;
			baseConfigurationReference = 80E502A82401D6DE0075AD72 /* Tool-macOS.xcconfig */;
			buildSettings = {
				DEFINES_MODULE = YES;
				PRODUCT_NAME = CARBMeasure;
			};
			name = Debug;
		};
		BC_5A5F136EEE04304B6A1E08B72D3E4D3E /* Release */ = {
			isa = XCBuildConfiguration;
			baseConfigurationReference = 80E502A62401D6DE0075AD72 /* Tests-macOS.xcconfig */;
			buildSettings = {
				DEFINES_MODULE = YES;
				INFOPLIST_FILE = "Tests/C++/Info.plist";
				PRODUCT_NAME = CppTests;
			};
			name = Release;
		};
		BC_7B3C33ECED133191E2E25380D1630EE2 /* Release */ = {
			isa = XCBuildConfiguration;
			baseConfigurationReference = 80E502A62401D6DE0075AD72 /* Tests-macOS.xcconfig */;
			buildSettings = {
				DEFINES_MODULE = YES;
				INFOPLIST_FILE = Tests/Swift/Info.plist;
				PRODUCT_NAME = SwiftTests;
			};
			name = Release;
		};
		BC_A5F89365F4BD6A5B4448FBDB9B65E2E1 /* Release */ = {
			isa = XCBuildConfiguration;
			baseConfigurationReference = FR_C656671C87442838139E2638F7041C88 /* Project.xcconfig */;
			buildSettings = {
				MACOSX_DEPLOYMENT_TARGET = 10.13;
			};
			name = Release;
		};
		BC_B61778E1E1DEFD755CA67B7EDE4521A9 /* Release */ = {
			isa = XCBuildConfiguration;
			baseConfigurationReference = 80E502A22401D6DE0075AD72 /* App-macOS.xcconfig */;
			buildSettings = {
				DEFINES_MODULE = YES;
				INFOPLIST_FILE = Sources/CAPlayThrough/Info.plist;
				PRODUCT_NAME = CAPlayThrough;
			};
			name = Release;
		};
		BC_C1AE2B1E4433800C845B5F4774026CBD /* Debug */ = {
			isa = XCBuildConfiguration;
			baseConfigurationReference = 80E502A22401D6DE0075AD72 /* App-macOS.xcconfig */;
			buildSettings = {
				DEFINES_MODULE = YES;
				INFOPLIST_FILE = Sources/CAPlayThrough/Info.plist;
				PRODUCT_NAME = CAPlayThrough;
			};
			name = Debug;
		};
		BC_C74484939AE76FF739D0E41626D7A3EA /* Debug */ = {
			isa = XCBuildConfiguration;
			baseConfigurationReference = 80E502A62401D6DE0075AD72 /* Tests-macOS.xcconfig */;
			buildSettings = {
				DEFINES_MODULE = YES;
				INFOPLIST_FILE = Tests/Swift/Info.plist;
				PRODUCT_NAME = SwiftTests;
			};
			name = Debug;
		};
/* End XCBuildConfiguration section */

/* Begin XCConfigurationList section */
		CL_0F0DA300D42F82EDF9F220F91851D189 /* Build configuration list for PBXNativeTarget "CAPlayThrough-macOS" */ = {
			isa = XCConfigurationList;
			buildConfigurations = (
				BC_C1AE2B1E4433800C845B5F4774026CBD /* Debug */,
				BC_B61778E1E1DEFD755CA67B7EDE4521A9 /* Release */,
			);
			defaultConfigurationIsVisible = 0;
			defaultConfigurationName = Release;
		};
		CL_182D3BF3C0F06682FD025E4D9BE7794F /* Build configuration list for PBXNativeTarget "CARBMeasure-macOS" */ = {
			isa = XCConfigurationList;
			buildConfigurations = (
				BC_54F255918CA058EC4578F7F38A4F05D8 /* Debug */,
				BC_2D3E6E9E2912A1AED35560609FA57C7D /* Release */,
			);
			defaultConfigurationIsVisible = 0;
			defaultConfigurationName = Release;
		};
		CL_39DFA7DC0CDE437CA165AB00A61360CD /* Build configuration list for PBXProject "CARingBuffer" */ = {
			isa = XCConfigurationList;
			buildConfigurations = (
				BC_4168AC53FA61B6BA9601FF5C3E1DFC85 /* Debug */,
				BC_A5F89365F4BD6A5B4448FBDB9B65E2E1 /* Release */,
			);
			defaultConfigurationIsVisible = 0;
			defaultConfigurationName = Release;
		};
		CL_B39B7C9DED00DF48F63DA61720722EBF /* Build configuration list for PBXNativeTarget "CppTests-macOS" */ = {
			isa = XCConfigurationList;
			buildConfigurations = (
				BC_205AF360E42EE3DB640B8AB1A97C9CB9 /* Debug */,
				BC_5A5F136EEE04304B6A1E08B72D3E4D3E /* Release */,
			);
			defaultConfigurationIsVisible = 0;
			defaultConfigurationName = Release;
		};
		CL_F07F5EA96B1CDDF7AC238E908155DBB3 /* Build configuration list for PBXNativeTarget "SwiftTests-macOS" */ = {
			isa = XCConfigurationList;
			buildConfigurations = (
				BC_C74484939AE76FF739D0E41626D7A3EA /* Debug */,
				BC_7B3C33ECED133191E2E25380D1630EE2 /* Release */,
			);
			defaultConfigurationIsVisible = 0;
			defaultConfigurationName = Release;
		};
/* End XCConfigurationList section */

/* Begin XCSwiftPackageProductDependency section */
		80E502B62401D8950075AD72 /* mcMedia */ = {
			isa = XCSwiftPackageProductDependency;
			productName = mcMedia;
		};
		80E502BD2401DA360075AD72 /* mcMedia */ = {
			isa = XCSwiftPackageProductDependency;
			productName = mcMedia;
		};
		80E502C12401DADA0075AD72 /* mcMedia */ = {
			isa = XCSwiftPackageProductDependency;
			productName = mcMedia;
		};
		80E502C52401DCB00075AD72 /* mcAppKit */ = {
			isa = XCSwiftPackageProductDependency;
			productName = mcAppKit;
		};
		80E502C82401DD640075AD72 /* mcMediaAU */ = {
			isa = XCSwiftPackageProductDependency;
			productName = mcMediaAU;
		};
/* End XCSwiftPackageProductDependency section */
	};
	rootObject = P_0B586BCFB082C77065CFF370793845C9 /* Project object */;
}
