// !$*UTF8*$!
{
	archiveVersion = 1;
	classes = {
	};
	objectVersion = 46;
	objects = {

/* Begin PBXBuildFile section */
		02DFF8515A74E136E171CA2A /* Window.swift in Sources */ = {isa = PBXBuildFile; fileRef = 36317B1C2B216E07D693B7A1 /* Window.swift */; };
		15E081BFDFE25C94DE513A9F /* ObjCAssociation.swift in Sources */ = {isa = PBXBuildFile; fileRef = 60D44D293563041E6ADA494F /* ObjCAssociation.swift */; };
		29443BA0216D0A06D4C74444 /* NSView.swift in Sources */ = {isa = PBXBuildFile; fileRef = 19A384081775E7EC41A24FE7 /* NSView.swift */; };
		2C6DA91190B3578EA16331DA /* NSMenuItem.swift in Sources */ = {isa = PBXBuildFile; fileRef = 363FBAFEF849373C5B56E779 /* NSMenuItem.swift */; };
		46971737376AA2B977A36EC4 /* Menu.swift in Sources */ = {isa = PBXBuildFile; fileRef = 80E0306C1F821551D9F89B13 /* Menu.swift */; };
		47583D9A28827DC608BD7A84 /* ViewController.swift in Sources */ = {isa = PBXBuildFile; fileRef = 67D3E37959865592DD33A5C2 /* ViewController.swift */; };
		5E7515920B33BC2459327C2B /* View.swift in Sources */ = {isa = PBXBuildFile; fileRef = D7CE34D7FAD3A51A74A32E87 /* View.swift */; };
		6ABB50DD30F5CD6056E9D8A6 /* DispatchUntil.swift in Sources */ = {isa = PBXBuildFile; fileRef = BB5E7A7E93FE90BE63E40897 /* DispatchUntil.swift */; };
		762118A1215BC23DCAD221BC /* Button.swift in Sources */ = {isa = PBXBuildFile; fileRef = 6E9F8BEAF6A662508F15867F /* Button.swift */; };
		80079E721D21D9B100E93DB3 /* main.swift in Sources */ = {isa = PBXBuildFile; fileRef = 80079E711D21D9AA00E93DB3 /* main.swift */; };
		801BE5A91F16E3B300806169 /* CARBTests.swift in Sources */ = {isa = PBXBuildFile; fileRef = 801BE5A71F16E3A800806169 /* CARBTests.swift */; };
		801BE5AA1F16E3C000806169 /* CARBPerformanceTests.swift in Sources */ = {isa = PBXBuildFile; fileRef = 801BE5A61F16E3A800806169 /* CARBPerformanceTests.swift */; };
		801BE5AB1F16E5E400806169 /* CARBTestsUtility.swift in Sources */ = {isa = PBXBuildFile; fileRef = 801BE5A51F16E3A800806169 /* CARBTestsUtility.swift */; };
		801BE5AC1F16E5E400806169 /* CARBTestsUtility.swift in Sources */ = {isa = PBXBuildFile; fileRef = 801BE5A51F16E3A800806169 /* CARBTestsUtility.swift */; };
		801BE5AF1F16E64600806169 /* AudioBuffer.swift in Sources */ = {isa = PBXBuildFile; fileRef = 801BE5AE1F16E62D00806169 /* AudioBuffer.swift */; };
		801BE5B11F16E67400806169 /* UnsafeMutableAudioBufferListPointer.swift in Sources */ = {isa = PBXBuildFile; fileRef = 801BE5B01F16E66B00806169 /* UnsafeMutableAudioBufferListPointer.swift */; };
		801BE5B21F16E68600806169 /* UnsafeMutableAudioBufferListPointer.swift in Sources */ = {isa = PBXBuildFile; fileRef = 801BE5B01F16E66B00806169 /* UnsafeMutableAudioBufferListPointer.swift */; };
		801BE5B31F16E6A000806169 /* CARBTestsUtility.swift in Sources */ = {isa = PBXBuildFile; fileRef = 801BE5A51F16E3A800806169 /* CARBTestsUtility.swift */; };
		801BE5B41F16E6B700806169 /* AudioBuffer.swift in Sources */ = {isa = PBXBuildFile; fileRef = 801BE5AE1F16E62D00806169 /* AudioBuffer.swift */; };
		801BE5B51F16E6CC00806169 /* AudioBuffer.swift in Sources */ = {isa = PBXBuildFile; fileRef = 801BE5AE1F16E62D00806169 /* AudioBuffer.swift */; };
		801BE5B71F16E6F400806169 /* AudioComponentDescription.swift in Sources */ = {isa = PBXBuildFile; fileRef = 801BE5B61F16E6EC00806169 /* AudioComponentDescription.swift */; };
		801BE5B81F16E70400806169 /* AudioBuffer.swift in Sources */ = {isa = PBXBuildFile; fileRef = 801BE5AE1F16E62D00806169 /* AudioBuffer.swift */; };
		801BE5B91F16E71600806169 /* UnsafeMutableAudioBufferListPointer.swift in Sources */ = {isa = PBXBuildFile; fileRef = 801BE5B01F16E66B00806169 /* UnsafeMutableAudioBufferListPointer.swift */; };
		801BE5BA1F16E72400806169 /* UnsafeMutableAudioBufferListPointer.swift in Sources */ = {isa = PBXBuildFile; fileRef = 801BE5B01F16E66B00806169 /* UnsafeMutableAudioBufferListPointer.swift */; };
		8044E5D71F798FF5005E5760 /* AudioDevice.swift in Sources */ = {isa = PBXBuildFile; fileRef = 8044E5D31F798F88005E5760 /* AudioDevice.swift */; };
		8046F3E91D821FDC007F25E4 /* MediaBufferList.swift in Sources */ = {isa = PBXBuildFile; fileRef = 8046F3E81D821FDC007F25E4 /* MediaBufferList.swift */; };
		8046F3EA1D821FE8007F25E4 /* MediaBufferList.swift in Sources */ = {isa = PBXBuildFile; fileRef = 8046F3E81D821FDC007F25E4 /* MediaBufferList.swift */; };
		8046F3EB1D821FE8007F25E4 /* MediaBufferList.swift in Sources */ = {isa = PBXBuildFile; fileRef = 8046F3E81D821FDC007F25E4 /* MediaBufferList.swift */; };
		8050155A1D10A00900AE0412 /* CARBTests.mm in Sources */ = {isa = PBXBuildFile; fileRef = 805015561D109FBB00AE0412 /* CARBTests.mm */; };
		805015631D10A06900AE0412 /* CARingBuffer.cpp in Sources */ = {isa = PBXBuildFile; fileRef = 805015601D10A06300AE0412 /* CARingBuffer.cpp */; };
		8050DAE61D19D785007216D2 /* Readme.txt in Resources */ = {isa = PBXBuildFile; fileRef = 8050DAE51D19D785007216D2 /* Readme.txt */; };
		805671E91F3910E000D2C5B5 /* MediaBuffer.swift in Sources */ = {isa = PBXBuildFile; fileRef = 805671E81F3910E000D2C5B5 /* MediaBuffer.swift */; };
		805671EA1F3910F900D2C5B5 /* MediaBuffer.swift in Sources */ = {isa = PBXBuildFile; fileRef = 805671E81F3910E000D2C5B5 /* MediaBuffer.swift */; };
		805671EB1F3910F900D2C5B5 /* MediaBuffer.swift in Sources */ = {isa = PBXBuildFile; fileRef = 805671E81F3910E000D2C5B5 /* MediaBuffer.swift */; };
		8066E0DD1D10A53C00D32B44 /* AVFoundation.framework in Frameworks */ = {isa = PBXBuildFile; fileRef = 80C9CFCB1D0CD1B200960F60 /* AVFoundation.framework */; };
		8066E0E31D10A78300D32B44 /* CARBPerformanceTests.mm in Sources */ = {isa = PBXBuildFile; fileRef = 8066E0E11D10A77900D32B44 /* CARBPerformanceTests.mm */; };
		8068878820308A6800E70134 /* main.swift in Sources */ = {isa = PBXBuildFile; fileRef = 8068878720308A6800E70134 /* main.swift */; };
		8068878A20308A9A00E70134 /* Application.swift in Sources */ = {isa = PBXBuildFile; fileRef = 8068878920308A9A00E70134 /* Application.swift */; };
		8068878C20308B8200E70134 /* MainMenu.swift in Sources */ = {isa = PBXBuildFile; fileRef = 8068878B20308B8200E70134 /* MainMenu.swift */; };
		8068878E20308C7B00E70134 /* AudioObjectUtility.swift in Sources */ = {isa = PBXBuildFile; fileRef = 8068878D20308C7600E70134 /* AudioObjectUtility.swift */; };
		8068879120308D3E00E70134 /* MainWindowController.swift in Sources */ = {isa = PBXBuildFile; fileRef = 8068878F20308D3900E70134 /* MainWindowController.swift */; };
		806887932030925400E70134 /* NSControl.swift in Sources */ = {isa = PBXBuildFile; fileRef = 806887922030925400E70134 /* NSControl.swift */; };
		80B12CEA1D21AD2E00B2FE2A /* MainViewController.swift in Sources */ = {isa = PBXBuildFile; fileRef = 80B12CE91D21AD2E00B2FE2A /* MainViewController.swift */; };
		80B12CEC1D21AD2E00B2FE2A /* Assets.xcassets in Resources */ = {isa = PBXBuildFile; fileRef = 80B12CEB1D21AD2E00B2FE2A /* Assets.xcassets */; };
		80B12CF51D21ADAC00B2FE2A /* PlayThroughEngine.swift in Sources */ = {isa = PBXBuildFile; fileRef = 80B12CF41D21ADAC00B2FE2A /* PlayThroughEngine.swift */; };
		80B12D021D21B00600B2FE2A /* AudioUnitSettings.swift in Sources */ = {isa = PBXBuildFile; fileRef = 80B12D001D21AFD100B2FE2A /* AudioUnitSettings.swift */; };
		80B12D1E1D21B5C200B2FE2A /* CARingBuffer.swift in Sources */ = {isa = PBXBuildFile; fileRef = 80FE0B301D20213200919C2F /* CARingBuffer.swift */; };
		80C9CFCC1D0CD1B200960F60 /* AVFoundation.framework in Frameworks */ = {isa = PBXBuildFile; fileRef = 80C9CFCB1D0CD1B200960F60 /* AVFoundation.framework */; };
		80FA42431D245F3600937DD8 /* NumericTypesConversions.swift in Sources */ = {isa = PBXBuildFile; fileRef = 80FA42421D245E5800937DD8 /* NumericTypesConversions.swift */; };
		80FE0B311D20213200919C2F /* CARingBuffer.swift in Sources */ = {isa = PBXBuildFile; fileRef = 80FE0B301D20213200919C2F /* CARingBuffer.swift */; };
		80FE0B381D2021A900919C2F /* CARingBuffer.swift in Sources */ = {isa = PBXBuildFile; fileRef = 80FE0B301D20213200919C2F /* CARingBuffer.swift */; };
		9555AD74116BDBE083A07D9E /* NSWindow.swift in Sources */ = {isa = PBXBuildFile; fileRef = 887A493C41068CA5FE9FB649 /* NSWindow.swift */; };
		A4D7C0223180C28723FD7E31 /* NSMenu.swift in Sources */ = {isa = PBXBuildFile; fileRef = E48909953DED1095E57804CE /* NSMenu.swift */; };
		D15AA372ED78CD1795441937 /* NSButton.swift in Sources */ = {isa = PBXBuildFile; fileRef = FC76EE58B00FB4B9D0F9B43E /* NSButton.swift */; };
		DD9EC12CAC295C6191E86341 /* WindowController.swift in Sources */ = {isa = PBXBuildFile; fileRef = A8C62F28485DC0A7A6101527 /* WindowController.swift */; };
/* End PBXBuildFile section */

/* Begin PBXCopyFilesBuildPhase section */
		805015291D0F722200AE0412 /* CopyFiles */ = {
			isa = PBXCopyFilesBuildPhase;
			buildActionMask = 2147483647;
			dstPath = /usr/share/man/man1/;
			dstSubfolderSpec = 0;
			files = (
			);
			runOnlyForDeploymentPostprocessing = 1;
		};
/* End PBXCopyFilesBuildPhase section */

/* Begin PBXFileReference section */
		19A384081775E7EC41A24FE7 /* NSView.swift */ = {isa = PBXFileReference; includeInIndex = 1; lastKnownFileType = sourcecode.swift; path = NSView.swift; sourceTree = "<group>"; };
		36317B1C2B216E07D693B7A1 /* Window.swift */ = {isa = PBXFileReference; includeInIndex = 1; lastKnownFileType = sourcecode.swift; path = Window.swift; sourceTree = "<group>"; };
		363FBAFEF849373C5B56E779 /* NSMenuItem.swift */ = {isa = PBXFileReference; includeInIndex = 1; lastKnownFileType = sourcecode.swift; path = NSMenuItem.swift; sourceTree = "<group>"; };
		60D44D293563041E6ADA494F /* ObjCAssociation.swift */ = {isa = PBXFileReference; includeInIndex = 1; lastKnownFileType = sourcecode.swift; path = ObjCAssociation.swift; sourceTree = "<group>"; };
		67D3E37959865592DD33A5C2 /* ViewController.swift */ = {isa = PBXFileReference; includeInIndex = 1; lastKnownFileType = sourcecode.swift; path = ViewController.swift; sourceTree = "<group>"; };
		6E9F8BEAF6A662508F15867F /* Button.swift */ = {isa = PBXFileReference; includeInIndex = 1; lastKnownFileType = sourcecode.swift; path = Button.swift; sourceTree = "<group>"; };
		80079E711D21D9AA00E93DB3 /* main.swift */ = {isa = PBXFileReference; lastKnownFileType = sourcecode.swift; path = main.swift; sourceTree = "<group>"; };
		801BE5A51F16E3A800806169 /* CARBTestsUtility.swift */ = {isa = PBXFileReference; lastKnownFileType = sourcecode.swift; path = CARBTestsUtility.swift; sourceTree = "<group>"; };
		801BE5A61F16E3A800806169 /* CARBPerformanceTests.swift */ = {isa = PBXFileReference; lastKnownFileType = sourcecode.swift; path = CARBPerformanceTests.swift; sourceTree = "<group>"; };
		801BE5A71F16E3A800806169 /* CARBTests.swift */ = {isa = PBXFileReference; lastKnownFileType = sourcecode.swift; path = CARBTests.swift; sourceTree = "<group>"; };
		801BE5A81F16E3A800806169 /* CARBTests.CustomType.swift */ = {isa = PBXFileReference; lastKnownFileType = sourcecode.swift; path = CARBTests.CustomType.swift; sourceTree = "<group>"; };
		801BE5AE1F16E62D00806169 /* AudioBuffer.swift */ = {isa = PBXFileReference; lastKnownFileType = sourcecode.swift; path = AudioBuffer.swift; sourceTree = "<group>"; };
		801BE5B01F16E66B00806169 /* UnsafeMutableAudioBufferListPointer.swift */ = {isa = PBXFileReference; lastKnownFileType = sourcecode.swift; path = UnsafeMutableAudioBufferListPointer.swift; sourceTree = "<group>"; };
		801BE5B61F16E6EC00806169 /* AudioComponentDescription.swift */ = {isa = PBXFileReference; lastKnownFileType = sourcecode.swift; path = AudioComponentDescription.swift; sourceTree = "<group>"; };
		8040365C201D58D30002412D /* Project.xcconfig */ = {isa = PBXFileReference; lastKnownFileType = text.xcconfig; path = Project.xcconfig; sourceTree = "<group>"; };
		8040365D201D58D30002412D /* Version.xcconfig */ = {isa = PBXFileReference; lastKnownFileType = text.xcconfig; path = Version.xcconfig; sourceTree = "<group>"; };
		8044E5D31F798F88005E5760 /* AudioDevice.swift */ = {isa = PBXFileReference; fileEncoding = 4; lastKnownFileType = sourcecode.swift; path = AudioDevice.swift; sourceTree = "<group>"; };
		8046F3E81D821FDC007F25E4 /* MediaBufferList.swift */ = {isa = PBXFileReference; fileEncoding = 4; lastKnownFileType = sourcecode.swift; path = MediaBufferList.swift; sourceTree = "<group>"; };
		8050152B1D0F722200AE0412 /* CARBMeasure */ = {isa = PBXFileReference; explicitFileType = "compiled.mach-o.executable"; includeInIndex = 0; path = CARBMeasure; sourceTree = BUILT_PRODUCTS_DIR; };
		805015401D1089EA00AE0412 /* CARBTestsSwift.xctest */ = {isa = PBXFileReference; explicitFileType = wrapper.cfbundle; includeInIndex = 0; path = CARBTestsSwift.xctest; sourceTree = BUILT_PRODUCTS_DIR; };
		805015561D109FBB00AE0412 /* CARBTests.mm */ = {isa = PBXFileReference; lastKnownFileType = sourcecode.cpp.objcpp; path = CARBTests.mm; sourceTree = "<group>"; };
		8050155D1D10A06300AE0412 /* CAAtomic.h */ = {isa = PBXFileReference; lastKnownFileType = sourcecode.c.h; path = CAAtomic.h; sourceTree = "<group>"; };
		8050155E1D10A06300AE0412 /* CAAutoDisposer.h */ = {isa = PBXFileReference; lastKnownFileType = sourcecode.c.h; path = CAAutoDisposer.h; sourceTree = "<group>"; };
		8050155F1D10A06300AE0412 /* CABitOperations.h */ = {isa = PBXFileReference; lastKnownFileType = sourcecode.c.h; path = CABitOperations.h; sourceTree = "<group>"; };
		805015601D10A06300AE0412 /* CARingBuffer.cpp */ = {isa = PBXFileReference; fileEncoding = 4; lastKnownFileType = sourcecode.cpp.cpp; path = CARingBuffer.cpp; sourceTree = "<group>"; };
		805015611D10A06300AE0412 /* CARingBuffer.h */ = {isa = PBXFileReference; fileEncoding = 4; lastKnownFileType = sourcecode.c.h; path = CARingBuffer.h; sourceTree = "<group>"; };
		8050DAE51D19D785007216D2 /* Readme.txt */ = {isa = PBXFileReference; fileEncoding = 4; lastKnownFileType = text; path = Readme.txt; sourceTree = "<group>"; };
		805671E81F3910E000D2C5B5 /* MediaBuffer.swift */ = {isa = PBXFileReference; fileEncoding = 4; lastKnownFileType = sourcecode.swift; path = MediaBuffer.swift; sourceTree = "<group>"; };
		8066E0E11D10A77900D32B44 /* CARBPerformanceTests.mm */ = {isa = PBXFileReference; fileEncoding = 4; lastKnownFileType = sourcecode.cpp.objcpp; path = CARBPerformanceTests.mm; sourceTree = "<group>"; };
		8068878720308A6800E70134 /* main.swift */ = {isa = PBXFileReference; lastKnownFileType = sourcecode.swift; path = main.swift; sourceTree = "<group>"; };
		8068878920308A9A00E70134 /* Application.swift */ = {isa = PBXFileReference; lastKnownFileType = sourcecode.swift; path = Application.swift; sourceTree = "<group>"; };
		8068878B20308B8200E70134 /* MainMenu.swift */ = {isa = PBXFileReference; lastKnownFileType = sourcecode.swift; path = MainMenu.swift; sourceTree = "<group>"; };
		8068878D20308C7600E70134 /* AudioObjectUtility.swift */ = {isa = PBXFileReference; lastKnownFileType = sourcecode.swift; path = AudioObjectUtility.swift; sourceTree = "<group>"; };
		8068878F20308D3900E70134 /* MainWindowController.swift */ = {isa = PBXFileReference; lastKnownFileType = sourcecode.swift; path = MainWindowController.swift; sourceTree = "<group>"; };
		806887922030925400E70134 /* NSControl.swift */ = {isa = PBXFileReference; fileEncoding = 4; lastKnownFileType = sourcecode.swift; path = NSControl.swift; sourceTree = "<group>"; };
		80B12CE51D21AD2E00B2FE2A /* CAPlayThrough.app */ = {isa = PBXFileReference; explicitFileType = wrapper.application; includeInIndex = 0; path = CAPlayThrough.app; sourceTree = BUILT_PRODUCTS_DIR; };
		80B12CE91D21AD2E00B2FE2A /* MainViewController.swift */ = {isa = PBXFileReference; lastKnownFileType = sourcecode.swift; path = MainViewController.swift; sourceTree = "<group>"; };
		80B12CEB1D21AD2E00B2FE2A /* Assets.xcassets */ = {isa = PBXFileReference; lastKnownFileType = folder.assetcatalog; path = Assets.xcassets; sourceTree = "<group>"; };
		80B12CF41D21ADAC00B2FE2A /* PlayThroughEngine.swift */ = {isa = PBXFileReference; fileEncoding = 4; lastKnownFileType = sourcecode.swift; path = PlayThroughEngine.swift; sourceTree = "<group>"; };
		80B12D001D21AFD100B2FE2A /* AudioUnitSettings.swift */ = {isa = PBXFileReference; fileEncoding = 4; lastKnownFileType = sourcecode.swift; path = AudioUnitSettings.swift; sourceTree = "<group>"; };
		80C9CFAD1D0CC6AF00960F60 /* CARBTestsCpp.xctest */ = {isa = PBXFileReference; explicitFileType = wrapper.cfbundle; includeInIndex = 0; path = CARBTestsCpp.xctest; sourceTree = BUILT_PRODUCTS_DIR; };
		80C9CFCB1D0CD1B200960F60 /* AVFoundation.framework */ = {isa = PBXFileReference; lastKnownFileType = wrapper.framework; name = AVFoundation.framework; path = System/Library/Frameworks/AVFoundation.framework; sourceTree = SDKROOT; };
		80E0306C1F821551D9F89B13 /* Menu.swift */ = {isa = PBXFileReference; includeInIndex = 1; lastKnownFileType = sourcecode.swift; path = Menu.swift; sourceTree = "<group>"; };
		80FA42421D245E5800937DD8 /* NumericTypesConversions.swift */ = {isa = PBXFileReference; lastKnownFileType = sourcecode.swift; path = NumericTypesConversions.swift; sourceTree = "<group>"; };
		80FE0B301D20213200919C2F /* CARingBuffer.swift */ = {isa = PBXFileReference; fileEncoding = 4; lastKnownFileType = sourcecode.swift; path = CARingBuffer.swift; sourceTree = "<group>"; };
		887A493C41068CA5FE9FB649 /* NSWindow.swift */ = {isa = PBXFileReference; includeInIndex = 1; lastKnownFileType = sourcecode.swift; path = NSWindow.swift; sourceTree = "<group>"; };
		A8C62F28485DC0A7A6101527 /* WindowController.swift */ = {isa = PBXFileReference; includeInIndex = 1; lastKnownFileType = sourcecode.swift; path = WindowController.swift; sourceTree = "<group>"; };
		BB5E7A7E93FE90BE63E40897 /* DispatchUntil.swift */ = {isa = PBXFileReference; includeInIndex = 1; lastKnownFileType = sourcecode.swift; path = DispatchUntil.swift; sourceTree = "<group>"; };
		D7CE34D7FAD3A51A74A32E87 /* View.swift */ = {isa = PBXFileReference; includeInIndex = 1; lastKnownFileType = sourcecode.swift; path = View.swift; sourceTree = "<group>"; };
		E48909953DED1095E57804CE /* NSMenu.swift */ = {isa = PBXFileReference; includeInIndex = 1; lastKnownFileType = sourcecode.swift; path = NSMenu.swift; sourceTree = "<group>"; };
		FC76EE58B00FB4B9D0F9B43E /* NSButton.swift */ = {isa = PBXFileReference; includeInIndex = 1; lastKnownFileType = sourcecode.swift; path = NSButton.swift; sourceTree = "<group>"; };
/* End PBXFileReference section */

/* Begin PBXFrameworksBuildPhase section */
		805015281D0F722200AE0412 /* Frameworks */ = {
			isa = PBXFrameworksBuildPhase;
			buildActionMask = 2147483647;
			files = (
			);
			runOnlyForDeploymentPostprocessing = 0;
		};
		8050153D1D1089EA00AE0412 /* Frameworks */ = {
			isa = PBXFrameworksBuildPhase;
			buildActionMask = 2147483647;
			files = (
				8066E0DD1D10A53C00D32B44 /* AVFoundation.framework in Frameworks */,
			);
			runOnlyForDeploymentPostprocessing = 0;
		};
		80B12CE21D21AD2E00B2FE2A /* Frameworks */ = {
			isa = PBXFrameworksBuildPhase;
			buildActionMask = 2147483647;
			files = (
			);
			runOnlyForDeploymentPostprocessing = 0;
		};
		80C9CFAA1D0CC6AF00960F60 /* Frameworks */ = {
			isa = PBXFrameworksBuildPhase;
			buildActionMask = 2147483647;
			files = (
				80C9CFCC1D0CD1B200960F60 /* AVFoundation.framework in Frameworks */,
			);
			runOnlyForDeploymentPostprocessing = 0;
		};
/* End PBXFrameworksBuildPhase section */

/* Begin PBXGroup section */
		18DE5765822ECE05CA8FF8C3 /* Sources */ = {
			isa = PBXGroup;
			children = (
				E051B335CD644E0DC6B63DD3 /* macOS */,
			);
			path = Sources;
			sourceTree = "<group>";
		};
		1A597057431E5AB69599CD37 /* macOS */ = {
			isa = PBXGroup;
			children = (
				8044E5D31F798F88005E5760 /* AudioDevice.swift */,
				8068878D20308C7600E70134 /* AudioObjectUtility.swift */,
			);
			path = macOS;
			sourceTree = "<group>";
		};
		3C66361950EC60E7B44316B1 /* Designable */ = {
			isa = PBXGroup;
			children = (
				6E9F8BEAF6A662508F15867F /* Button.swift */,
				D7CE34D7FAD3A51A74A32E87 /* View.swift */,
				67D3E37959865592DD33A5C2 /* ViewController.swift */,
				36317B1C2B216E07D693B7A1 /* Window.swift */,
				A8C62F28485DC0A7A6101527 /* WindowController.swift */,
			);
			path = Designable;
			sourceTree = "<group>";
		};
		455827F0562AF8E2B62A383A /* Components */ = {
			isa = PBXGroup;
			children = (
				C9720CFCBC531BB65E96A580 /* Conditions */,
			);
			path = Components;
			sourceTree = "<group>";
		};
		5E087F94CE5D910DC612B349 /* UI */ = {
			isa = PBXGroup;
			children = (
				C115DA4D01612FEE79E7435D /* Extensions */,
				18DE5765822ECE05CA8FF8C3 /* Sources */,
			);
			path = UI;
			sourceTree = "<group>";
		};
		8040365B201D58910002412D /* Configuration */ = {
			isa = PBXGroup;
			children = (
				8040365C201D58D30002412D /* Project.xcconfig */,
				8040365D201D58D30002412D /* Version.xcconfig */,
			);
			path = Configuration;
			sourceTree = "<group>";
		};
		8050152C1D0F722200AE0412 /* CARBMeasure */ = {
			isa = PBXGroup;
			children = (
				80079E711D21D9AA00E93DB3 /* main.swift */,
			);
			path = CARBMeasure;
			sourceTree = "<group>";
		};
		80B12CE61D21AD2E00B2FE2A /* CAPlayThrough */ = {
			isa = PBXGroup;
			children = (
				8068878920308A9A00E70134 /* Application.swift */,
				80B12CEB1D21AD2E00B2FE2A /* Assets.xcassets */,
				8068878720308A6800E70134 /* main.swift */,
				8068878B20308B8200E70134 /* MainMenu.swift */,
				80B12CE91D21AD2E00B2FE2A /* MainViewController.swift */,
				8068878F20308D3900E70134 /* MainWindowController.swift */,
				80B12CF41D21ADAC00B2FE2A /* PlayThroughEngine.swift */,
			);
			path = CAPlayThrough;
			sourceTree = "<group>";
		};
		80B12CFA1D21AE4000B2FE2A /* Core */ = {
			isa = PBXGroup;
			children = (
				B5B82A700F64896EE4CDF5CC /* Sources */,
			);
			path = Core;
			sourceTree = "<group>";
		};
		80B12CFF1D21AF6B00B2FE2A /* Media */ = {
			isa = PBXGroup;
			children = (
				CE3753FEE09D6A3EE2CD4BC5 /* Sources */,
			);
			path = Media;
			sourceTree = "<group>";
		};
		80C205161D189E5F00A932E4 /* CoreAudio */ = {
			isa = PBXGroup;
			children = (
				80C205171D189E5F00A932E4 /* PublicUtility */,
			);
			path = CoreAudio;
			sourceTree = "<group>";
		};
		80C205171D189E5F00A932E4 /* PublicUtility */ = {
			isa = PBXGroup;
			children = (
				8050155D1D10A06300AE0412 /* CAAtomic.h */,
				8050155E1D10A06300AE0412 /* CAAutoDisposer.h */,
				8050155F1D10A06300AE0412 /* CABitOperations.h */,
				805015601D10A06300AE0412 /* CARingBuffer.cpp */,
				805015611D10A06300AE0412 /* CARingBuffer.h */,
			);
			path = PublicUtility;
			sourceTree = "<group>";
		};
		80C2051D1D189EE700A932E4 /* WL */ = {
			isa = PBXGroup;
			children = (
				80B12CFA1D21AE4000B2FE2A /* Core */,
				80B12CFF1D21AF6B00B2FE2A /* Media */,
				5E087F94CE5D910DC612B349 /* UI */,
			);
			name = WL;
			sourceTree = WL;
		};
		80C9CF991D0CC6AF00960F60 = {
			isa = PBXGroup;
			children = (
				8040365B201D58910002412D /* Configuration */,
				80FA42491D246B8500937DD8 /* Sources */,
				80C9CFB11D0CC6AF00960F60 /* Tests */,
				80C9CFC01D0CC94200960F60 /* Vendor */,
				80C9CFCD1D0D713900960F60 /* Frameworks */,
				80C9CFA41D0CC6AF00960F60 /* Products */,
			);
			sourceTree = "<group>";
			usesTabs = 0;
		};
		80C9CFA41D0CC6AF00960F60 /* Products */ = {
			isa = PBXGroup;
			children = (
				8050152B1D0F722200AE0412 /* CARBMeasure */,
				80B12CE51D21AD2E00B2FE2A /* CAPlayThrough.app */,
				80C9CFAD1D0CC6AF00960F60 /* CARBTestsCpp.xctest */,
				805015401D1089EA00AE0412 /* CARBTestsSwift.xctest */,
			);
			name = Products;
			sourceTree = "<group>";
		};
		80C9CFB11D0CC6AF00960F60 /* Tests */ = {
			isa = PBXGroup;
			children = (
				8066E0E11D10A77900D32B44 /* CARBPerformanceTests.mm */,
				801BE5A61F16E3A800806169 /* CARBPerformanceTests.swift */,
				805015561D109FBB00AE0412 /* CARBTests.mm */,
				801BE5A71F16E3A800806169 /* CARBTests.swift */,
				801BE5A81F16E3A800806169 /* CARBTests.CustomType.swift */,
				801BE5A51F16E3A800806169 /* CARBTestsUtility.swift */,
			);
			path = Tests;
			sourceTree = "<group>";
		};
		80C9CFC01D0CC94200960F60 /* Vendor */ = {
			isa = PBXGroup;
			children = (
				80C205161D189E5F00A932E4 /* CoreAudio */,
				80C2051D1D189EE700A932E4 /* WL */,
				8050DAE51D19D785007216D2 /* Readme.txt */,
			);
			path = Vendor;
			sourceTree = "<group>";
		};
		80C9CFCD1D0D713900960F60 /* Frameworks */ = {
			isa = PBXGroup;
			children = (
				80C9CFCB1D0CD1B200960F60 /* AVFoundation.framework */,
			);
			name = Frameworks;
			sourceTree = "<group>";
		};
		80FA42491D246B8500937DD8 /* Sources */ = {
			isa = PBXGroup;
			children = (
				80B12CE61D21AD2E00B2FE2A /* CAPlayThrough */,
				8050152C1D0F722200AE0412 /* CARBMeasure */,
			);
			path = Sources;
			sourceTree = "<group>";
		};
		8ABD9AE86EBFC8D831F07059 /* Extensions */ = {
			isa = PBXGroup;
			children = (
				801BE5AE1F16E62D00806169 /* AudioBuffer.swift */,
				801BE5B61F16E6EC00806169 /* AudioComponentDescription.swift */,
				801BE5B01F16E66B00806169 /* UnsafeMutableAudioBufferListPointer.swift */,
			);
			path = Extensions;
			sourceTree = "<group>";
		};
		8B95E0B1DEB02CE65BA40D41 /* macOS */ = {
			isa = PBXGroup;
			children = (
				806887922030925400E70134 /* NSControl.swift */,
				FC76EE58B00FB4B9D0F9B43E /* NSButton.swift */,
				E48909953DED1095E57804CE /* NSMenu.swift */,
				363FBAFEF849373C5B56E779 /* NSMenuItem.swift */,
				19A384081775E7EC41A24FE7 /* NSView.swift */,
				887A493C41068CA5FE9FB649 /* NSWindow.swift */,
			);
			path = macOS;
			sourceTree = "<group>";
		};
		B5B82A700F64896EE4CDF5CC /* Sources */ = {
			isa = PBXGroup;
			children = (
				455827F0562AF8E2B62A383A /* Components */,
				80FA42421D245E5800937DD8 /* NumericTypesConversions.swift */,
				60D44D293563041E6ADA494F /* ObjCAssociation.swift */,
			);
			path = Sources;
			sourceTree = "<group>";
		};
		C115DA4D01612FEE79E7435D /* Extensions */ = {
			isa = PBXGroup;
			children = (
				8B95E0B1DEB02CE65BA40D41 /* macOS */,
			);
			path = Extensions;
			sourceTree = "<group>";
		};
		C9720CFCBC531BB65E96A580 /* Conditions */ = {
			isa = PBXGroup;
			children = (
				BB5E7A7E93FE90BE63E40897 /* DispatchUntil.swift */,
			);
			path = Conditions;
			sourceTree = "<group>";
		};
		CE3753FEE09D6A3EE2CD4BC5 /* Sources */ = {
			isa = PBXGroup;
			children = (
				8ABD9AE86EBFC8D831F07059 /* Extensions */,
				1A597057431E5AB69599CD37 /* macOS */,
				80B12D001D21AFD100B2FE2A /* AudioUnitSettings.swift */,
				80FE0B301D20213200919C2F /* CARingBuffer.swift */,
				805671E81F3910E000D2C5B5 /* MediaBuffer.swift */,
				8046F3E81D821FDC007F25E4 /* MediaBufferList.swift */,
			);
			path = Sources;
			sourceTree = "<group>";
		};
		E051B335CD644E0DC6B63DD3 /* macOS */ = {
			isa = PBXGroup;
			children = (
				3C66361950EC60E7B44316B1 /* Designable */,
				80E0306C1F821551D9F89B13 /* Menu.swift */,
			);
			path = macOS;
			sourceTree = "<group>";
		};
/* End PBXGroup section */

/* Begin PBXNativeTarget section */
		8050152A1D0F722200AE0412 /* CARBMeasure */ = {
			isa = PBXNativeTarget;
			buildConfigurationList = 8050152F1D0F722200AE0412 /* Build configuration list for PBXNativeTarget "CARBMeasure" */;
			buildPhases = (
				8046F3F11D83701E007F25E4 /* Run Script: Pre-Build */,
				805015271D0F722200AE0412 /* Sources */,
				805015281D0F722200AE0412 /* Frameworks */,
				805015291D0F722200AE0412 /* CopyFiles */,
			);
			buildRules = (
			);
			dependencies = (
			);
			name = CARBMeasure;
			productName = CARingBufferMeasure;
			productReference = 8050152B1D0F722200AE0412 /* CARBMeasure */;
			productType = "com.apple.product-type.tool";
		};
		8050153F1D1089EA00AE0412 /* CARBTestsSwift */ = {
			isa = PBXNativeTarget;
			buildConfigurationList = 805015451D1089EA00AE0412 /* Build configuration list for PBXNativeTarget "CARBTestsSwift" */;
			buildPhases = (
				80B940381D1B50040013FE1C /* Run Script: Pre-Build */,
				8050153C1D1089EA00AE0412 /* Sources */,
				8050153D1D1089EA00AE0412 /* Frameworks */,
				8050153E1D1089EA00AE0412 /* Resources */,
			);
			buildRules = (
			);
			dependencies = (
			);
			name = CARBTestsSwift;
			productName = CARBTestsSwift;
			productReference = 805015401D1089EA00AE0412 /* CARBTestsSwift.xctest */;
			productType = "com.apple.product-type.bundle.unit-test";
		};
		80B12CE41D21AD2E00B2FE2A /* CAPlayThrough */ = {
			isa = PBXNativeTarget;
			buildConfigurationList = 80B12CF31D21AD2E00B2FE2A /* Build configuration list for PBXNativeTarget "CAPlayThrough" */;
			buildPhases = (
				8046F3F01D8369A0007F25E4 /* Run Script: Pre-Build */,
				80B12CE11D21AD2E00B2FE2A /* Sources */,
				80B12CE21D21AD2E00B2FE2A /* Frameworks */,
				80B12CE31D21AD2E00B2FE2A /* Resources */,
			);
			buildRules = (
			);
			dependencies = (
			);
			name = CAPlayThrough;
			productName = CAPlayThrough;
			productReference = 80B12CE51D21AD2E00B2FE2A /* CAPlayThrough.app */;
			productType = "com.apple.product-type.application";
		};
		80C9CFAC1D0CC6AF00960F60 /* CARBTestsCpp */ = {
			isa = PBXNativeTarget;
			buildConfigurationList = 80C9CFBA1D0CC6AF00960F60 /* Build configuration list for PBXNativeTarget "CARBTestsCpp" */;
			buildPhases = (
				80C205301D18A57A00A932E4 /* Run Script: Pre-Build */,
				80C9CFA91D0CC6AF00960F60 /* Sources */,
				80C9CFAA1D0CC6AF00960F60 /* Frameworks */,
				80C9CFAB1D0CC6AF00960F60 /* Resources */,
			);
			buildRules = (
			);
			dependencies = (
			);
			name = CARBTestsCpp;
			productName = CARingBufferTests;
			productReference = 80C9CFAD1D0CC6AF00960F60 /* CARBTestsCpp.xctest */;
			productType = "com.apple.product-type.bundle.unit-test";
		};
/* End PBXNativeTarget section */

/* Begin PBXProject section */
		80C9CF9A1D0CC6AF00960F60 /* Project object */ = {
			isa = PBXProject;
			attributes = {
				LastSwiftUpdateCheck = 0730;
				LastUpgradeCheck = 0930;
				ORGANIZATIONNAME = WaveLabs;
				TargetAttributes = {
					8050152A1D0F722200AE0412 = {
						CreatedOnToolsVersion = 7.3.1;
						DevelopmentTeam = E27KE6VTF6;
					};
					8050153F1D1089EA00AE0412 = {
						CreatedOnToolsVersion = 7.3.1;
						DevelopmentTeam = E27KE6VTF6;
						LastSwiftMigration = 0800;
					};
					80B12CE41D21AD2E00B2FE2A = {
						CreatedOnToolsVersion = 7.3.1;
						DevelopmentTeam = E27KE6VTF6;
						LastSwiftMigration = 0900;
					};
					80C9CFAC1D0CC6AF00960F60 = {
						CreatedOnToolsVersion = 7.3.1;
						DevelopmentTeam = E27KE6VTF6;
					};
				};
			};
			buildConfigurationList = 80C9CF9D1D0CC6AF00960F60 /* Build configuration list for PBXProject "CARingBuffer" */;
			compatibilityVersion = "Xcode 3.2";
			developmentRegion = English;
			hasScannedForEncodings = 0;
			knownRegions = (
				en,
				Base,
			);
			mainGroup = 80C9CF991D0CC6AF00960F60;
			productRefGroup = 80C9CFA41D0CC6AF00960F60 /* Products */;
			projectDirPath = "";
			projectRoot = "";
			targets = (
				8050153F1D1089EA00AE0412 /* CARBTestsSwift */,
				80C9CFAC1D0CC6AF00960F60 /* CARBTestsCpp */,
				8050152A1D0F722200AE0412 /* CARBMeasure */,
				80B12CE41D21AD2E00B2FE2A /* CAPlayThrough */,
			);
		};
/* End PBXProject section */

/* Begin PBXResourcesBuildPhase section */
		8050153E1D1089EA00AE0412 /* Resources */ = {
			isa = PBXResourcesBuildPhase;
			buildActionMask = 2147483647;
			files = (
			);
			runOnlyForDeploymentPostprocessing = 0;
		};
		80B12CE31D21AD2E00B2FE2A /* Resources */ = {
			isa = PBXResourcesBuildPhase;
			buildActionMask = 2147483647;
			files = (
				80B12CEC1D21AD2E00B2FE2A /* Assets.xcassets in Resources */,
			);
			runOnlyForDeploymentPostprocessing = 0;
		};
		80C9CFAB1D0CC6AF00960F60 /* Resources */ = {
			isa = PBXResourcesBuildPhase;
			buildActionMask = 2147483647;
			files = (
				8050DAE61D19D785007216D2 /* Readme.txt in Resources */,
			);
			runOnlyForDeploymentPostprocessing = 0;
		};
/* End PBXResourcesBuildPhase section */

/* Begin PBXShellScriptBuildPhase section */
		8046F3F01D8369A0007F25E4 /* Run Script: Pre-Build */ = {
			isa = PBXShellScriptBuildPhase;
			buildActionMask = 2147483647;
			files = (
			);
			inputPaths = (
			);
			name = "Run Script: Pre-Build";
			outputPaths = (
			);
			runOnlyForDeploymentPostprocessing = 0;
			shellPath = /bin/bash;
			shellScript = "[[ -r ~/.bashrc ]] && . ~/.bashrc\nmake verify";
		};
		8046F3F11D83701E007F25E4 /* Run Script: Pre-Build */ = {
			isa = PBXShellScriptBuildPhase;
			buildActionMask = 2147483647;
			files = (
			);
			inputPaths = (
			);
			name = "Run Script: Pre-Build";
			outputPaths = (
			);
			runOnlyForDeploymentPostprocessing = 0;
			shellPath = /bin/bash;
			shellScript = "[[ -r ~/.bashrc ]] && . ~/.bashrc\nmake verify";
		};
		80B940381D1B50040013FE1C /* Run Script: Pre-Build */ = {
			isa = PBXShellScriptBuildPhase;
			buildActionMask = 2147483647;
			files = (
			);
			inputPaths = (
			);
			name = "Run Script: Pre-Build";
			outputPaths = (
			);
			runOnlyForDeploymentPostprocessing = 0;
			shellPath = /bin/bash;
			shellScript = "[[ -r ~/.bashrc ]] && . ~/.bashrc\nmake verify";
		};
		80C205301D18A57A00A932E4 /* Run Script: Pre-Build */ = {
			isa = PBXShellScriptBuildPhase;
			buildActionMask = 2147483647;
			files = (
			);
			inputPaths = (
			);
			name = "Run Script: Pre-Build";
			outputPaths = (
			);
			runOnlyForDeploymentPostprocessing = 0;
			shellPath = /bin/bash;
			shellScript = "[[ -r ~/.bashrc ]] && . ~/.bashrc\nmake verify";
		};
/* End PBXShellScriptBuildPhase section */

/* Begin PBXSourcesBuildPhase section */
		805015271D0F722200AE0412 /* Sources */ = {
			isa = PBXSourcesBuildPhase;
			buildActionMask = 2147483647;
			files = (
				801BE5B31F16E6A000806169 /* CARBTestsUtility.swift in Sources */,
				80079E721D21D9B100E93DB3 /* main.swift in Sources */,
				80FE0B381D2021A900919C2F /* CARingBuffer.swift in Sources */,
				8046F3EB1D821FE8007F25E4 /* MediaBufferList.swift in Sources */,
				801BE5B81F16E70400806169 /* AudioBuffer.swift in Sources */,
				801BE5BA1F16E72400806169 /* UnsafeMutableAudioBufferListPointer.swift in Sources */,
				805671EA1F3910F900D2C5B5 /* MediaBuffer.swift in Sources */,
			);
			runOnlyForDeploymentPostprocessing = 0;
		};
		8050153C1D1089EA00AE0412 /* Sources */ = {
			isa = PBXSourcesBuildPhase;
			buildActionMask = 2147483647;
			files = (
				801BE5A91F16E3B300806169 /* CARBTests.swift in Sources */,
				8046F3E91D821FDC007F25E4 /* MediaBufferList.swift in Sources */,
				801BE5B51F16E6CC00806169 /* AudioBuffer.swift in Sources */,
				801BE5AA1F16E3C000806169 /* CARBPerformanceTests.swift in Sources */,
				801BE5B91F16E71600806169 /* UnsafeMutableAudioBufferListPointer.swift in Sources */,
				801BE5AC1F16E5E400806169 /* CARBTestsUtility.swift in Sources */,
				805671E91F3910E000D2C5B5 /* MediaBuffer.swift in Sources */,
				80FE0B311D20213200919C2F /* CARingBuffer.swift in Sources */,
			);
			runOnlyForDeploymentPostprocessing = 0;
		};
		80B12CE11D21AD2E00B2FE2A /* Sources */ = {
			isa = PBXSourcesBuildPhase;
			buildActionMask = 2147483647;
			files = (
				8068878A20308A9A00E70134 /* Application.swift in Sources */,
				80B12CEA1D21AD2E00B2FE2A /* MainViewController.swift in Sources */,
				80B12D1E1D21B5C200B2FE2A /* CARingBuffer.swift in Sources */,
				801BE5B71F16E6F400806169 /* AudioComponentDescription.swift in Sources */,
				801BE5B21F16E68600806169 /* UnsafeMutableAudioBufferListPointer.swift in Sources */,
				805671EB1F3910F900D2C5B5 /* MediaBuffer.swift in Sources */,
				8046F3EA1D821FE8007F25E4 /* MediaBufferList.swift in Sources */,
				801BE5B41F16E6B700806169 /* AudioBuffer.swift in Sources */,
				80B12D021D21B00600B2FE2A /* AudioUnitSettings.swift in Sources */,
				8068878820308A6800E70134 /* main.swift in Sources */,
				8068878E20308C7B00E70134 /* AudioObjectUtility.swift in Sources */,
				8068878C20308B8200E70134 /* MainMenu.swift in Sources */,
				80B12CF51D21ADAC00B2FE2A /* PlayThroughEngine.swift in Sources */,
				8044E5D71F798FF5005E5760 /* AudioDevice.swift in Sources */,
				806887932030925400E70134 /* NSControl.swift in Sources */,
				8068879120308D3E00E70134 /* MainWindowController.swift in Sources */,
				80FA42431D245F3600937DD8 /* NumericTypesConversions.swift in Sources */,
				A4D7C0223180C28723FD7E31 /* NSMenu.swift in Sources */,
				2C6DA91190B3578EA16331DA /* NSMenuItem.swift in Sources */,
				46971737376AA2B977A36EC4 /* Menu.swift in Sources */,
				15E081BFDFE25C94DE513A9F /* ObjCAssociation.swift in Sources */,
				DD9EC12CAC295C6191E86341 /* WindowController.swift in Sources */,
				47583D9A28827DC608BD7A84 /* ViewController.swift in Sources */,
				02DFF8515A74E136E171CA2A /* Window.swift in Sources */,
				6ABB50DD30F5CD6056E9D8A6 /* DispatchUntil.swift in Sources */,
				5E7515920B33BC2459327C2B /* View.swift in Sources */,
				9555AD74116BDBE083A07D9E /* NSWindow.swift in Sources */,
				762118A1215BC23DCAD221BC /* Button.swift in Sources */,
				D15AA372ED78CD1795441937 /* NSButton.swift in Sources */,
				29443BA0216D0A06D4C74444 /* NSView.swift in Sources */,
			);
			runOnlyForDeploymentPostprocessing = 0;
		};
		80C9CFA91D0CC6AF00960F60 /* Sources */ = {
			isa = PBXSourcesBuildPhase;
			buildActionMask = 2147483647;
			files = (
				801BE5AB1F16E5E400806169 /* CARBTestsUtility.swift in Sources */,
				8050155A1D10A00900AE0412 /* CARBTests.mm in Sources */,
				805015631D10A06900AE0412 /* CARingBuffer.cpp in Sources */,
				8066E0E31D10A78300D32B44 /* CARBPerformanceTests.mm in Sources */,
				801BE5AF1F16E64600806169 /* AudioBuffer.swift in Sources */,
				801BE5B11F16E67400806169 /* UnsafeMutableAudioBufferListPointer.swift in Sources */,
			);
			runOnlyForDeploymentPostprocessing = 0;
		};
/* End PBXSourcesBuildPhase section */

/* Begin XCBuildConfiguration section */
		805015301D0F722200AE0412 /* Debug */ = {
			isa = XCBuildConfiguration;
			buildSettings = {
				CLANG_ENABLE_OBJC_WEAK = YES;
				PRODUCT_NAME = "$(TARGET_NAME)";
			};
			name = Debug;
		};
		805015311D0F722200AE0412 /* Release */ = {
			isa = XCBuildConfiguration;
			buildSettings = {
				CLANG_ENABLE_OBJC_WEAK = YES;
				PRODUCT_NAME = "$(TARGET_NAME)";
			};
			name = Release;
		};
		805015461D1089EA00AE0412 /* Debug */ = {
			isa = XCBuildConfiguration;
			buildSettings = {
				CLANG_ENABLE_OBJC_WEAK = YES;
				COMBINE_HIDPI_IMAGES = YES;
				INFOPLIST_FILE = Tests/Info.plist;
				LD_RUNPATH_SEARCH_PATHS = "$(inherited) @executable_path/../Frameworks @loader_path/../Frameworks";
				PRODUCT_BUNDLE_IDENTIFIER = ua.com.wavelabs.CARBTestsSwift;
				PRODUCT_NAME = "$(TARGET_NAME)";
			};
			name = Debug;
		};
		805015471D1089EA00AE0412 /* Release */ = {
			isa = XCBuildConfiguration;
			buildSettings = {
				CLANG_ENABLE_OBJC_WEAK = YES;
				COMBINE_HIDPI_IMAGES = YES;
				INFOPLIST_FILE = Tests/Info.plist;
				LD_RUNPATH_SEARCH_PATHS = "$(inherited) @executable_path/../Frameworks @loader_path/../Frameworks";
				PRODUCT_BUNDLE_IDENTIFIER = ua.com.wavelabs.CARBTestsSwift;
				PRODUCT_NAME = "$(TARGET_NAME)";
			};
			name = Release;
		};
		80B12CF11D21AD2E00B2FE2A /* Debug */ = {
			isa = XCBuildConfiguration;
			buildSettings = {
				ASSETCATALOG_COMPILER_APPICON_NAME = AppIcon;
				CLANG_ENABLE_OBJC_WEAK = YES;
				COMBINE_HIDPI_IMAGES = YES;
				ENABLE_TESTABILITY = YES;
				INFOPLIST_FILE = Sources/CAPlayThrough/Info.plist;
				LD_RUNPATH_SEARCH_PATHS = "$(inherited) @executable_path/../Frameworks";
				MACOSX_DEPLOYMENT_TARGET = 10.11;
				MTL_ENABLE_DEBUG_INFO = YES;
				PRODUCT_BUNDLE_IDENTIFIER = ua.com.wavelabs.CAPlayThrough;
				PRODUCT_NAME = "$(TARGET_NAME)";
			};
			name = Debug;
		};
		80B12CF21D21AD2E00B2FE2A /* Release */ = {
			isa = XCBuildConfiguration;
			buildSettings = {
				ASSETCATALOG_COMPILER_APPICON_NAME = AppIcon;
				CLANG_ENABLE_OBJC_WEAK = YES;
				COMBINE_HIDPI_IMAGES = YES;
				INFOPLIST_FILE = Sources/CAPlayThrough/Info.plist;
				LD_RUNPATH_SEARCH_PATHS = "$(inherited) @executable_path/../Frameworks";
				MACOSX_DEPLOYMENT_TARGET = 10.11;
				MTL_ENABLE_DEBUG_INFO = NO;
				PRODUCT_BUNDLE_IDENTIFIER = ua.com.wavelabs.CAPlayThrough;
				PRODUCT_NAME = "$(TARGET_NAME)";
			};
			name = Release;
		};
		80C9CFB51D0CC6AF00960F60 /* Debug */ = {
			isa = XCBuildConfiguration;
			baseConfigurationReference = 8040365C201D58D30002412D /* Project.xcconfig */;
			buildSettings = {
				ALWAYS_SEARCH_USER_PATHS = NO;
				CLANG_ANALYZER_NONNULL = YES;
				CLANG_CXX_LANGUAGE_STANDARD = "gnu++0x";
				CLANG_CXX_LIBRARY = "libc++";
				CLANG_ENABLE_MODULES = YES;
				CLANG_ENABLE_OBJC_ARC = YES;
				CLANG_WARN_BLOCK_CAPTURE_AUTORELEASING = YES;
				CLANG_WARN_BOOL_CONVERSION = YES;
				CLANG_WARN_COMMA = YES;
				CLANG_WARN_CONSTANT_CONVERSION = YES;
				CLANG_WARN_DEPRECATED_OBJC_IMPLEMENTATIONS = YES;
				CLANG_WARN_DIRECT_OBJC_ISA_USAGE = YES_ERROR;
				CLANG_WARN_EMPTY_BODY = YES;
				CLANG_WARN_ENUM_CONVERSION = YES;
				CLANG_WARN_INFINITE_RECURSION = YES;
				CLANG_WARN_INT_CONVERSION = YES;
				CLANG_WARN_NON_LITERAL_NULL_CONVERSION = YES;
				CLANG_WARN_OBJC_IMPLICIT_RETAIN_SELF = YES;
				CLANG_WARN_OBJC_LITERAL_CONVERSION = YES;
				CLANG_WARN_OBJC_ROOT_CLASS = YES_ERROR;
				CLANG_WARN_RANGE_LOOP_ANALYSIS = YES;
				CLANG_WARN_STRICT_PROTOTYPES = YES;
				CLANG_WARN_SUSPICIOUS_MOVE = YES;
				CLANG_WARN_UNREACHABLE_CODE = YES;
				CLANG_WARN__DUPLICATE_METHOD_MATCH = YES;
				COPY_PHASE_STRIP = NO;
				DEBUG_INFORMATION_FORMAT = dwarf;
				ENABLE_STRICT_OBJC_MSGSEND = YES;
				ENABLE_TESTABILITY = YES;
				GCC_C_LANGUAGE_STANDARD = gnu99;
				GCC_DYNAMIC_NO_PIC = NO;
				GCC_NO_COMMON_BLOCKS = YES;
				GCC_OPTIMIZATION_LEVEL = 0;
				GCC_PREPROCESSOR_DEFINITIONS = (
					"DEBUG=1",
					"$(inherited)",
				);
				GCC_WARN_64_TO_32_BIT_CONVERSION = YES;
				GCC_WARN_ABOUT_RETURN_TYPE = YES_ERROR;
				GCC_WARN_UNDECLARED_SELECTOR = YES;
				GCC_WARN_UNINITIALIZED_AUTOS = YES_AGGRESSIVE;
				GCC_WARN_UNUSED_FUNCTION = YES;
				GCC_WARN_UNUSED_VARIABLE = YES;
				MACOSX_DEPLOYMENT_TARGET = 10.10;
				ONLY_ACTIVE_ARCH = YES;
				SDKROOT = macosx;
				SWIFT_OPTIMIZATION_LEVEL = "-Onone";
				SWIFT_VERSION = 4.0;
			};
			name = Debug;
		};
		80C9CFB61D0CC6AF00960F60 /* Release */ = {
			isa = XCBuildConfiguration;
			baseConfigurationReference = 8040365C201D58D30002412D /* Project.xcconfig */;
			buildSettings = {
				ALWAYS_SEARCH_USER_PATHS = NO;
				CLANG_ANALYZER_NONNULL = YES;
				CLANG_CXX_LANGUAGE_STANDARD = "gnu++0x";
				CLANG_CXX_LIBRARY = "libc++";
				CLANG_ENABLE_MODULES = YES;
				CLANG_ENABLE_OBJC_ARC = YES;
				CLANG_WARN_BLOCK_CAPTURE_AUTORELEASING = YES;
				CLANG_WARN_BOOL_CONVERSION = YES;
				CLANG_WARN_COMMA = YES;
				CLANG_WARN_CONSTANT_CONVERSION = YES;
				CLANG_WARN_DEPRECATED_OBJC_IMPLEMENTATIONS = YES;
				CLANG_WARN_DIRECT_OBJC_ISA_USAGE = YES_ERROR;
				CLANG_WARN_EMPTY_BODY = YES;
				CLANG_WARN_ENUM_CONVERSION = YES;
				CLANG_WARN_INFINITE_RECURSION = YES;
				CLANG_WARN_INT_CONVERSION = YES;
				CLANG_WARN_NON_LITERAL_NULL_CONVERSION = YES;
				CLANG_WARN_OBJC_IMPLICIT_RETAIN_SELF = YES;
				CLANG_WARN_OBJC_LITERAL_CONVERSION = YES;
				CLANG_WARN_OBJC_ROOT_CLASS = YES_ERROR;
				CLANG_WARN_RANGE_LOOP_ANALYSIS = YES;
				CLANG_WARN_STRICT_PROTOTYPES = YES;
				CLANG_WARN_SUSPICIOUS_MOVE = YES;
				CLANG_WARN_UNREACHABLE_CODE = YES;
				CLANG_WARN__DUPLICATE_METHOD_MATCH = YES;
				COPY_PHASE_STRIP = NO;
				DEBUG_INFORMATION_FORMAT = "dwarf-with-dsym";
				ENABLE_NS_ASSERTIONS = NO;
				ENABLE_STRICT_OBJC_MSGSEND = YES;
				GCC_C_LANGUAGE_STANDARD = gnu99;
				GCC_NO_COMMON_BLOCKS = YES;
				GCC_OPTIMIZATION_LEVEL = fast;
				GCC_WARN_64_TO_32_BIT_CONVERSION = YES;
				GCC_WARN_ABOUT_RETURN_TYPE = YES_ERROR;
				GCC_WARN_UNDECLARED_SELECTOR = YES;
				GCC_WARN_UNINITIALIZED_AUTOS = YES_AGGRESSIVE;
				GCC_WARN_UNUSED_FUNCTION = YES;
				GCC_WARN_UNUSED_VARIABLE = YES;
				MACOSX_DEPLOYMENT_TARGET = 10.10;
				SDKROOT = macosx;
				SWIFT_DISABLE_SAFETY_CHECKS = YES;
				SWIFT_OPTIMIZATION_LEVEL = "-Owholemodule";
				SWIFT_VERSION = 4.0;
			};
			name = Release;
		};
		80C9CFBB1D0CC6AF00960F60 /* Debug */ = {
			isa = XCBuildConfiguration;
			buildSettings = {
				CLANG_ENABLE_OBJC_WEAK = YES;
				COMBINE_HIDPI_IMAGES = YES;
				INFOPLIST_FILE = Tests/Info.plist;
				LD_RUNPATH_SEARCH_PATHS = "$(inherited) @executable_path/../Frameworks @loader_path/../Frameworks";
				PRODUCT_BUNDLE_IDENTIFIER = ua.com.wavelabs.CARBTestsCpp;
				PRODUCT_NAME = "$(TARGET_NAME)";
			};
			name = Debug;
		};
		80C9CFBC1D0CC6AF00960F60 /* Release */ = {
			isa = XCBuildConfiguration;
			buildSettings = {
				CLANG_ENABLE_OBJC_WEAK = YES;
				COMBINE_HIDPI_IMAGES = YES;
				INFOPLIST_FILE = Tests/Info.plist;
				LD_RUNPATH_SEARCH_PATHS = "$(inherited) @executable_path/../Frameworks @loader_path/../Frameworks";
				PRODUCT_BUNDLE_IDENTIFIER = ua.com.wavelabs.CARBTestsCpp;
				PRODUCT_NAME = "$(TARGET_NAME)";
			};
			name = Release;
		};
/* End XCBuildConfiguration section */

/* Begin XCConfigurationList section */
		8050152F1D0F722200AE0412 /* Build configuration list for PBXNativeTarget "CARBMeasure" */ = {
			isa = XCConfigurationList;
			buildConfigurations = (
				805015301D0F722200AE0412 /* Debug */,
				805015311D0F722200AE0412 /* Release */,
			);
			defaultConfigurationIsVisible = 0;
			defaultConfigurationName = Release;
		};
		805015451D1089EA00AE0412 /* Build configuration list for PBXNativeTarget "CARBTestsSwift" */ = {
			isa = XCConfigurationList;
			buildConfigurations = (
				805015461D1089EA00AE0412 /* Debug */,
				805015471D1089EA00AE0412 /* Release */,
			);
			defaultConfigurationIsVisible = 0;
			defaultConfigurationName = Release;
		};
		80B12CF31D21AD2E00B2FE2A /* Build configuration list for PBXNativeTarget "CAPlayThrough" */ = {
			isa = XCConfigurationList;
			buildConfigurations = (
				80B12CF11D21AD2E00B2FE2A /* Debug */,
				80B12CF21D21AD2E00B2FE2A /* Release */,
			);
			defaultConfigurationIsVisible = 0;
			defaultConfigurationName = Release;
		};
		80C9CF9D1D0CC6AF00960F60 /* Build configuration list for PBXProject "CARingBuffer" */ = {
			isa = XCConfigurationList;
			buildConfigurations = (
				80C9CFB51D0CC6AF00960F60 /* Debug */,
				80C9CFB61D0CC6AF00960F60 /* Release */,
			);
			defaultConfigurationIsVisible = 0;
			defaultConfigurationName = Release;
		};
		80C9CFBA1D0CC6AF00960F60 /* Build configuration list for PBXNativeTarget "CARBTestsCpp" */ = {
			isa = XCConfigurationList;
			buildConfigurations = (
				80C9CFBB1D0CC6AF00960F60 /* Debug */,
				80C9CFBC1D0CC6AF00960F60 /* Release */,
			);
			defaultConfigurationIsVisible = 0;
			defaultConfigurationName = Release;
		};
/* End XCConfigurationList section */
	};
	rootObject = 80C9CF9A1D0CC6AF00960F60 /* Project object */;
}
