// !$*UTF8*$!
{
	archiveVersion = 1;
	classes = {
	};
	objectVersion = 51;
	objects = {

/* Begin PBXAggregateTarget section */
		85CA98C059B40D950DCD0CC7 /* Shared */ = {
			isa = PBXAggregateTarget;
			buildConfigurationList = 2117CF03C79C03B7B3B8416A /* Build configuration list for PBXAggregateTarget "Shared" */;
			buildPhases = (
			);
			dependencies = (
				8221D1592576DC2D5E540D50 /* PBXTargetDependency */,
				83FDC22F3DF44CC0EEB176FB /* PBXTargetDependency */,
			);
			name = Shared;
			productName = Shared;
		};
/* End PBXAggregateTarget section */

/* Begin PBXBuildFile section */
		0567A257344B76B9EC067EDA /* Atomic.m in Sources */ = {isa = PBXBuildFile; fileRef = D63EE04170B7D76610640A4F /* Atomic.m */; };
		0A8502BDD72158190F0BC125 /* RingBuffer.swift in Sources */ = {isa = PBXBuildFile; fileRef = 448DC70D7F2B95BCE81637E7 /* RingBuffer.swift */; };
		11FC9041EF2857C2EE083787 /* Dummy.swift in Sources */ = {isa = PBXBuildFile; fileRef = 2CFE9EE3A71DA9F6A8802A9C /* Dummy.swift */; };
		181621F55840FFAE68BAF197 /* MediaBuffer.swift in Sources */ = {isa = PBXBuildFile; fileRef = D20E105CAD813EEDABAA469D /* MediaBuffer.swift */; };
		1A0C9B9AF2974D8419D46D04 /* TestResource.swift in Sources */ = {isa = PBXBuildFile; fileRef = D86E7E85E692F35771BDD5E8 /* TestResource.swift */; };
		1DDA57610CA0E6E122F47212 /* MCATestabilityFixture.swift in Sources */ = {isa = PBXBuildFile; fileRef = 525CFC400A1BE578C57F4753 /* MCATestabilityFixture.swift */; };
		1E312DF8FE819998971FC6B0 /* AssertType.swift in Sources */ = {isa = PBXBuildFile; fileRef = BBA57573C8A4B9B343C4D724 /* AssertType.swift */; };
		1E65373DA3D03D6E71905D04 /* Dummy.swift in Sources */ = {isa = PBXBuildFile; fileRef = 4C0F662BA5FC9E80F7E4A935 /* Dummy.swift */; };
		23EB21D91671628D22D68D5F /* XCTestExpectation.swift in Sources */ = {isa = PBXBuildFile; fileRef = 1379E84D0DE7917E9F4147B7 /* XCTestExpectation.swift */; };
		39FA2213976558CBC4F318C7 /* TestabilityRuntime.swift in Sources */ = {isa = PBXBuildFile; fileRef = 86DD1BA4A503A28B554117B7 /* TestabilityRuntime.swift */; };
		3E8883C72217EB2D791DBCBC /* Int64Atomic.swift in Sources */ = {isa = PBXBuildFile; fileRef = 6C4F26FAD4F2641FA074532A /* Int64Atomic.swift */; };
		42B503074AFC1D2BF5B931B8 /* RingBufferTimeBounds.swift in Sources */ = {isa = PBXBuildFile; fileRef = D3BFF1B552BDC0D2FB0B48FA /* RingBufferTimeBounds.swift */; };
		42F116B3E31B00B54889C955 /* StubObject.swift in Sources */ = {isa = PBXBuildFile; fileRef = 3BD5CF4604CE5DD7E5B80A0E /* StubObject.swift */; };
		48591F2453D8EBB865039505 /* AbstractLogicTestCase.swift in Sources */ = {isa = PBXBuildFile; fileRef = 90B13F30A1E87E6137E71723 /* AbstractLogicTestCase.swift */; };
		4A43AE86CFB2E8D52CB6AA74 /* Assert.swift in Sources */ = {isa = PBXBuildFile; fileRef = 1AAE84C67ABFEF294C11519B /* Assert.swift */; };
		4D301F3C3646B6137EEDD29E /* Dummy.swift in Sources */ = {isa = PBXBuildFile; fileRef = 6BF565FF6A140F89538C06FF /* Dummy.swift */; };
		5AE558221D61BC05A694854D /* Dummy.swift in Sources */ = {isa = PBXBuildFile; fileRef = 666BF0F3593DD64137BF2CF6 /* Dummy.swift */; };
		5EB7117C0513C59DD41482B1 /* DefaultStubbedEnvironment.swift in Sources */ = {isa = PBXBuildFile; fileRef = B41B114726C4D1E175903C58 /* DefaultStubbedEnvironment.swift */; };
		67612140F7BAA76EC95CB182 /* Dummy.swift in Sources */ = {isa = PBXBuildFile; fileRef = 09806939B3B3DD5DBF583CFA /* Dummy.swift */; };
		6F0685CCC465B56A82EEC053 /* String+Testability.swift in Sources */ = {isa = PBXBuildFile; fileRef = F301E823A84575BFD61C173E /* String+Testability.swift */; };
		7423F4C4B3AA45A9D7791722 /* DefaultAssert.swift in Sources */ = {isa = PBXBuildFile; fileRef = E3B3F9A76BB71C95BE1DF37F /* DefaultAssert.swift */; };
		75B59A5836FDB12ADB0E23B0 /* Dummy.swift in Sources */ = {isa = PBXBuildFile; fileRef = 85A3AE85549A907CE8AC3079 /* Dummy.swift */; };
		7633B5DD874C052D753A92DE /* MediaBufferCollection.swift in Sources */ = {isa = PBXBuildFile; fileRef = EBB7781B0A7D95EEF4F4F2D6 /* MediaBufferCollection.swift */; };
		7CA11BEB1550BFB0FBA6B11A /* TestExpectation.swift in Sources */ = {isa = PBXBuildFile; fileRef = 2A693EDAB6ECD17B4B8F2E55 /* TestExpectation.swift */; };
		84117FB748FEEAEB2E31E984 /* Atomic.h in CopyFiles */ = {isa = PBXBuildFile; fileRef = A3686FA3CACFE7E19B241013 /* Atomic.h */; };
		8CA562B1C52943EAA00048BB /* TestDisposable.swift in Sources */ = {isa = PBXBuildFile; fileRef = 23A44DA844AB62C56F026D96 /* TestDisposable.swift */; };
		90C1D912B5CA2BC97A4BB1FB /* XCTestCase.swift in Sources */ = {isa = PBXBuildFile; fileRef = 910918D570585F70B311F3BD /* XCTestCase.swift */; };
		9F15A8835AF0C55CB0DBD533 /* MediaBufferList.swift in Sources */ = {isa = PBXBuildFile; fileRef = DDC2F201B045125B413BB0D6 /* MediaBufferList.swift */; };
		A9E0795B40BC201267296D6E /* MCATestabilityEnvironment.swift in Sources */ = {isa = PBXBuildFile; fileRef = 41CE021FF127997FF322EE84 /* MCATestabilityEnvironment.swift */; };
		AA6F938457DD89BF3232859F /* TestWorkItem.swift in Sources */ = {isa = PBXBuildFile; fileRef = 92BDF36F4E2C313FE08F0107 /* TestWorkItem.swift */; };
		ADCFD3C3CF489618DD255082 /* TestSettings.swift in Sources */ = {isa = PBXBuildFile; fileRef = 69F968D7A6B1631CF3843CBC /* TestSettings.swift */; };
		B2471138B9D11D026B494000 /* Dummy.swift in Sources */ = {isa = PBXBuildFile; fileRef = 93FC5F92754AA9D4796AAC0A /* Dummy.swift */; };
		B37683FD8F61EEF97A78E6FA /* mcConcurrencyOC.h in CopyFiles */ = {isa = PBXBuildFile; fileRef = 26BDDEE72D3CB433D1D0E4B5 /* mcConcurrencyOC.h */; };
		B425A23385ACBA462FF60C27 /* Dummy.swift in Sources */ = {isa = PBXBuildFile; fileRef = 639C98825BBFBED73F4FC471 /* Dummy.swift */; };
		B9F159432D0AF2005FF9CD1B /* LogicTestCase.swift in Sources */ = {isa = PBXBuildFile; fileRef = F96664FDE2612AE8636BBE3E /* LogicTestCase.swift */; };
		BC3AF7FE20D02206B4B7FDF3 /* AudioBuffer.swift in Sources */ = {isa = PBXBuildFile; fileRef = 5A7B9C8E00DD0A082D7E2BDB /* AudioBuffer.swift */; };
		CDFF18248A9935F247F8797F /* TestCaseType.swift in Sources */ = {isa = PBXBuildFile; fileRef = DE44017229C8C39CCB51FC2F /* TestCaseType.swift */; };
		CFC520A6E759AE88B673778D /* UnsafeMutableAudioBufferListPointer.swift in Sources */ = {isa = PBXBuildFile; fileRef = E6272A28098433D275EC488A /* UnsafeMutableAudioBufferListPointer.swift */; };
		D75689B6CC7300A16EA94A69 /* RingBufferOffsets.swift in Sources */ = {isa = PBXBuildFile; fileRef = 71C5C9C47410CEE5005D354C /* RingBufferOffsets.swift */; };
		D9182C6FD3375934D9FC51CB /* ExpectationType.swift in Sources */ = {isa = PBXBuildFile; fileRef = 75822E7F577F8FCB55705E22 /* ExpectationType.swift */; };
		F214917187EF85EB66B6F9DE /* DefaultInitializerType.swift in Sources */ = {isa = PBXBuildFile; fileRef = 074FFA0D2506C66B868D76BF /* DefaultInitializerType.swift */; };
		FA32C0A1A8F84DDCDB213780 /* Dummy.swift in Sources */ = {isa = PBXBuildFile; fileRef = 13A28D4FDB3B1142F2DC4AC5 /* Dummy.swift */; };
		FC822BC81E5378EC43B1FA44 /* TestStubbedEnvironment.swift in Sources */ = {isa = PBXBuildFile; fileRef = 75E272FB64F917A665C7EED3 /* TestStubbedEnvironment.swift */; };
		FDF05497A110465B7219E202 /* TestAPIEndpoint.swift in Sources */ = {isa = PBXBuildFile; fileRef = 22E2AB2E9A16EEEFA4D8F0DB /* TestAPIEndpoint.swift */; };
/* End PBXBuildFile section */

/* Begin PBXContainerItemProxy section */
		1D30669B5701EB75B4A41D9D /* PBXContainerItemProxy */ = {
			isa = PBXContainerItemProxy;
			containerPortal = CF2E1D8B54DADE3AB44ADA38 /* Project object */;
			proxyType = 1;
			remoteGlobalIDString = 44D7546CF6A87E1E8ABE98F7;
			remoteInfo = mcxConcurrencyLocking;
		};
		20276343C3C1D5E9AA438BBD /* PBXContainerItemProxy */ = {
			isa = PBXContainerItemProxy;
			containerPortal = CF2E1D8B54DADE3AB44ADA38 /* Project object */;
			proxyType = 1;
			remoteGlobalIDString = 8E8C694D5AF1640A5E255B2D;
			remoteInfo = mcxTestabilityXC;
		};
		23663F091419AA637C9896E3 /* PBXContainerItemProxy */ = {
			isa = PBXContainerItemProxy;
			containerPortal = CF2E1D8B54DADE3AB44ADA38 /* Project object */;
			proxyType = 1;
			remoteGlobalIDString = C6D5230CCC5E39AE7BDACAB5;
			remoteInfo = mcxFoundationLogging;
		};
		240CA2BC42A69B3356F11BAD /* PBXContainerItemProxy */ = {
			isa = PBXContainerItemProxy;
			containerPortal = CF2E1D8B54DADE3AB44ADA38 /* Project object */;
			proxyType = 1;
			remoteGlobalIDString = A33338BD49390802E1C8C68F;
			remoteInfo = mcxRuntime;
		};
		27778D483235C7306EFEED43 /* PBXContainerItemProxy */ = {
			isa = PBXContainerItemProxy;
			containerPortal = CF2E1D8B54DADE3AB44ADA38 /* Project object */;
			proxyType = 1;
			remoteGlobalIDString = 9CACF2EF864B38CEAEDF58F5;
			remoteInfo = mcxFoundationTestability;
		};
		2F80E633E4F453D4237D74BD /* PBXContainerItemProxy */ = {
			isa = PBXContainerItemProxy;
			containerPortal = CF2E1D8B54DADE3AB44ADA38 /* Project object */;
			proxyType = 1;
			remoteGlobalIDString = A33338BD49390802E1C8C68F;
			remoteInfo = mcxRuntime;
		};
		40F8B3B03272BD6A9FAE922E /* PBXContainerItemProxy */ = {
			isa = PBXContainerItemProxy;
			containerPortal = CF2E1D8B54DADE3AB44ADA38 /* Project object */;
			proxyType = 1;
			remoteGlobalIDString = B79AA271866FB20D4BF55018;
			remoteInfo = mcxMedia;
		};
		5F4C87C369A2689A91E42EB7 /* PBXContainerItemProxy */ = {
			isa = PBXContainerItemProxy;
			containerPortal = CF2E1D8B54DADE3AB44ADA38 /* Project object */;
			proxyType = 1;
			remoteGlobalIDString = D26691389190D6D1F558856E;
			remoteInfo = mcxFoundationExtensions;
		};
		6A89BC0B2BB2D8CA5D07E101 /* PBXContainerItemProxy */ = {
			isa = PBXContainerItemProxy;
			containerPortal = CF2E1D8B54DADE3AB44ADA38 /* Project object */;
			proxyType = 1;
			remoteGlobalIDString = A33338BD49390802E1C8C68F;
			remoteInfo = mcxRuntime;
		};
		736BEFCAB27367C02D374701 /* PBXContainerItemProxy */ = {
			isa = PBXContainerItemProxy;
			containerPortal = CF2E1D8B54DADE3AB44ADA38 /* Project object */;
			proxyType = 1;
			remoteGlobalIDString = DCEADB413089E5494199CB2C;
			remoteInfo = mcxTypes;
		};
		7B791C3A4DB620E6BFFF65E6 /* PBXContainerItemProxy */ = {
			isa = PBXContainerItemProxy;
			containerPortal = CF2E1D8B54DADE3AB44ADA38 /* Project object */;
			proxyType = 1;
			remoteGlobalIDString = F9959AB5BF1333A817109520;
			remoteInfo = mcxFoundation;
		};
		86B6F7914182BA00F13AA56D /* PBXContainerItemProxy */ = {
			isa = PBXContainerItemProxy;
			containerPortal = CF2E1D8B54DADE3AB44ADA38 /* Project object */;
			proxyType = 1;
			remoteGlobalIDString = DCEADB413089E5494199CB2C;
			remoteInfo = mcxTypes;
		};
		88D423FDAE7568A5ECB6C5EC /* PBXContainerItemProxy */ = {
			isa = PBXContainerItemProxy;
			containerPortal = CF2E1D8B54DADE3AB44ADA38 /* Project object */;
			proxyType = 1;
			remoteGlobalIDString = 2A16E782C40338070B21D20C;
			remoteInfo = mcxMediaExtensions;
		};
		95610AE78A3A6C6BA137A5A5 /* PBXContainerItemProxy */ = {
			isa = PBXContainerItemProxy;
			containerPortal = CF2E1D8B54DADE3AB44ADA38 /* Project object */;
			proxyType = 1;
			remoteGlobalIDString = 5F8B92DDCBC3945CBA1241CF;
			remoteInfo = mcxFoundationObservables;
		};
		BF437D8261B40F9A5F07111C /* PBXContainerItemProxy */ = {
			isa = PBXContainerItemProxy;
			containerPortal = CF2E1D8B54DADE3AB44ADA38 /* Project object */;
			proxyType = 1;
			remoteGlobalIDString = 64DB6247568025EB9538D516;
			remoteInfo = mcxConcurrencyOC;
		};
		C7D60D61EBBDD4170EBE3F69 /* PBXContainerItemProxy */ = {
			isa = PBXContainerItemProxy;
			containerPortal = CF2E1D8B54DADE3AB44ADA38 /* Project object */;
			proxyType = 1;
			remoteGlobalIDString = D26691389190D6D1F558856E;
			remoteInfo = mcxFoundationExtensions;
		};
		CE7914E413C444B953068F2A /* PBXContainerItemProxy */ = {
			isa = PBXContainerItemProxy;
			containerPortal = CF2E1D8B54DADE3AB44ADA38 /* Project object */;
			proxyType = 1;
			remoteGlobalIDString = A33338BD49390802E1C8C68F;
			remoteInfo = mcxRuntime;
		};
		D10D7550226E05F1F780BE3F /* PBXContainerItemProxy */ = {
			isa = PBXContainerItemProxy;
			containerPortal = CF2E1D8B54DADE3AB44ADA38 /* Project object */;
			proxyType = 1;
			remoteGlobalIDString = C6D5230CCC5E39AE7BDACAB5;
			remoteInfo = mcxFoundationLogging;
		};
		D43CED63DEBF37E9CDCEBB0D /* PBXContainerItemProxy */ = {
			isa = PBXContainerItemProxy;
			containerPortal = CF2E1D8B54DADE3AB44ADA38 /* Project object */;
			proxyType = 1;
			remoteGlobalIDString = DCEADB413089E5494199CB2C;
			remoteInfo = mcxTypes;
		};
		F1E961397A5CB7435B5CA44A /* PBXContainerItemProxy */ = {
			isa = PBXContainerItemProxy;
			containerPortal = CF2E1D8B54DADE3AB44ADA38 /* Project object */;
			proxyType = 1;
			remoteGlobalIDString = 0263E0864C4963D983AC83C0;
			remoteInfo = mcxTestabilityFixtures;
		};
		FCDE0FC2C29F77C9B9B72D7D /* PBXContainerItemProxy */ = {
			isa = PBXContainerItemProxy;
			containerPortal = CF2E1D8B54DADE3AB44ADA38 /* Project object */;
			proxyType = 1;
			remoteGlobalIDString = 5DF8DC66FA4D8B876174CEF4;
			remoteInfo = mcxTestability;
		};
		FFA5CDD46119A53B9FD90725 /* PBXContainerItemProxy */ = {
			isa = PBXContainerItemProxy;
			containerPortal = CF2E1D8B54DADE3AB44ADA38 /* Project object */;
			proxyType = 1;
			remoteGlobalIDString = ACEAFFD3DCA2C19EA660B76F;
			remoteInfo = mcxMath;
		};
/* End PBXContainerItemProxy section */

/* Begin PBXCopyFilesBuildPhase section */
		5ACB2F25F49115F021A08646 /* CopyFiles */ = {
			isa = PBXCopyFilesBuildPhase;
			buildActionMask = 2147483647;
			dstPath = "include/$(PRODUCT_NAME)";
			dstSubfolderSpec = 16;
			files = (
				84117FB748FEEAEB2E31E984 /* Atomic.h in CopyFiles */,
				B37683FD8F61EEF97A78E6FA /* mcConcurrencyOC.h in CopyFiles */,
			);
			runOnlyForDeploymentPostprocessing = 0;
		};
/* End PBXCopyFilesBuildPhase section */

/* Begin PBXFileReference section */
		074FFA0D2506C66B868D76BF /* DefaultInitializerType.swift */ = {isa = PBXFileReference; lastKnownFileType = sourcecode.swift; path = DefaultInitializerType.swift; sourceTree = "<group>"; };
		09806939B3B3DD5DBF583CFA /* Dummy.swift */ = {isa = PBXFileReference; lastKnownFileType = sourcecode.swift; path = Dummy.swift; sourceTree = "<group>"; };
		1130F5DA5A4314A315B2A6E6 /* libmcxMediaExtensions.a */ = {isa = PBXFileReference; explicitFileType = archive.ar; includeInIndex = 0; path = libmcxMediaExtensions.a; sourceTree = BUILT_PRODUCTS_DIR; };
		1379E84D0DE7917E9F4147B7 /* XCTestExpectation.swift */ = {isa = PBXFileReference; lastKnownFileType = sourcecode.swift; path = XCTestExpectation.swift; sourceTree = "<group>"; };
		13A28D4FDB3B1142F2DC4AC5 /* Dummy.swift */ = {isa = PBXFileReference; lastKnownFileType = sourcecode.swift; path = Dummy.swift; sourceTree = "<group>"; };
		1AAE84C67ABFEF294C11519B /* Assert.swift */ = {isa = PBXFileReference; lastKnownFileType = sourcecode.swift; path = Assert.swift; sourceTree = "<group>"; };
		22E2AB2E9A16EEEFA4D8F0DB /* TestAPIEndpoint.swift */ = {isa = PBXFileReference; lastKnownFileType = sourcecode.swift; path = TestAPIEndpoint.swift; sourceTree = "<group>"; };
		23A44DA844AB62C56F026D96 /* TestDisposable.swift */ = {isa = PBXFileReference; lastKnownFileType = sourcecode.swift; path = TestDisposable.swift; sourceTree = "<group>"; };
		26BDDEE72D3CB433D1D0E4B5 /* mcConcurrencyOC.h */ = {isa = PBXFileReference; lastKnownFileType = sourcecode.c.h; path = mcConcurrencyOC.h; sourceTree = "<group>"; };
		2A693EDAB6ECD17B4B8F2E55 /* TestExpectation.swift */ = {isa = PBXFileReference; lastKnownFileType = sourcecode.swift; path = TestExpectation.swift; sourceTree = "<group>"; };
		2CFE9EE3A71DA9F6A8802A9C /* Dummy.swift */ = {isa = PBXFileReference; lastKnownFileType = sourcecode.swift; path = Dummy.swift; sourceTree = "<group>"; };
		3BD5CF4604CE5DD7E5B80A0E /* StubObject.swift */ = {isa = PBXFileReference; lastKnownFileType = sourcecode.swift; path = StubObject.swift; sourceTree = "<group>"; };
		3FC06CBCAA24E63BC06B65C3 /* libmcxRuntime.a */ = {isa = PBXFileReference; explicitFileType = archive.ar; includeInIndex = 0; path = libmcxRuntime.a; sourceTree = BUILT_PRODUCTS_DIR; };
		41CE021FF127997FF322EE84 /* MCATestabilityEnvironment.swift */ = {isa = PBXFileReference; lastKnownFileType = sourcecode.swift; path = MCATestabilityEnvironment.swift; sourceTree = "<group>"; };
		448C43153786207DD15FFBAA /* libmcxTestabilityFixtures.a */ = {isa = PBXFileReference; explicitFileType = archive.ar; includeInIndex = 0; path = libmcxTestabilityFixtures.a; sourceTree = BUILT_PRODUCTS_DIR; };
		448DC70D7F2B95BCE81637E7 /* RingBuffer.swift */ = {isa = PBXFileReference; lastKnownFileType = sourcecode.swift; path = RingBuffer.swift; sourceTree = "<group>"; };
		44B4899A3298E06A3720CC1A /* libmcxTestability.a */ = {isa = PBXFileReference; explicitFileType = archive.ar; includeInIndex = 0; path = libmcxTestability.a; sourceTree = BUILT_PRODUCTS_DIR; };
		4C0F662BA5FC9E80F7E4A935 /* Dummy.swift */ = {isa = PBXFileReference; lastKnownFileType = sourcecode.swift; path = Dummy.swift; sourceTree = "<group>"; };
		525CFC400A1BE578C57F4753 /* MCATestabilityFixture.swift */ = {isa = PBXFileReference; lastKnownFileType = sourcecode.swift; path = MCATestabilityFixture.swift; sourceTree = "<group>"; };
		5A7B9C8E00DD0A082D7E2BDB /* AudioBuffer.swift */ = {isa = PBXFileReference; lastKnownFileType = sourcecode.swift; path = AudioBuffer.swift; sourceTree = "<group>"; };
		5C28F2DE96411708B28D88FB /* libmcxMedia.a */ = {isa = PBXFileReference; explicitFileType = archive.ar; includeInIndex = 0; path = libmcxMedia.a; sourceTree = BUILT_PRODUCTS_DIR; };
		5DEDD2EBBF379EB69C1BD86C /* libmcxTypes.a */ = {isa = PBXFileReference; explicitFileType = archive.ar; includeInIndex = 0; path = libmcxTypes.a; sourceTree = BUILT_PRODUCTS_DIR; };
		5F2784A2BB2DF88E9275D3B5 /* libmcxConcurrencyLocking.a */ = {isa = PBXFileReference; explicitFileType = archive.ar; includeInIndex = 0; path = libmcxConcurrencyLocking.a; sourceTree = BUILT_PRODUCTS_DIR; };
		639C98825BBFBED73F4FC471 /* Dummy.swift */ = {isa = PBXFileReference; lastKnownFileType = sourcecode.swift; path = Dummy.swift; sourceTree = "<group>"; };
		666BF0F3593DD64137BF2CF6 /* Dummy.swift */ = {isa = PBXFileReference; lastKnownFileType = sourcecode.swift; path = Dummy.swift; sourceTree = "<group>"; };
		69F968D7A6B1631CF3843CBC /* TestSettings.swift */ = {isa = PBXFileReference; lastKnownFileType = sourcecode.swift; path = TestSettings.swift; sourceTree = "<group>"; };
		6BF565FF6A140F89538C06FF /* Dummy.swift */ = {isa = PBXFileReference; lastKnownFileType = sourcecode.swift; path = Dummy.swift; sourceTree = "<group>"; };
		6C4F26FAD4F2641FA074532A /* Int64Atomic.swift */ = {isa = PBXFileReference; lastKnownFileType = sourcecode.swift; path = Int64Atomic.swift; sourceTree = "<group>"; };
		6FA6026DCB3D934147A567D9 /* libmcxFoundationObservables.a */ = {isa = PBXFileReference; explicitFileType = archive.ar; includeInIndex = 0; path = libmcxFoundationObservables.a; sourceTree = BUILT_PRODUCTS_DIR; };
		702C7FF33F3E33646C3D3028 /* libmcxConcurrencyOC.a */ = {isa = PBXFileReference; explicitFileType = archive.ar; includeInIndex = 0; path = libmcxConcurrencyOC.a; sourceTree = BUILT_PRODUCTS_DIR; };
		71C5C9C47410CEE5005D354C /* RingBufferOffsets.swift */ = {isa = PBXFileReference; lastKnownFileType = sourcecode.swift; path = RingBufferOffsets.swift; sourceTree = "<group>"; };
		75822E7F577F8FCB55705E22 /* ExpectationType.swift */ = {isa = PBXFileReference; lastKnownFileType = sourcecode.swift; path = ExpectationType.swift; sourceTree = "<group>"; };
		75E272FB64F917A665C7EED3 /* TestStubbedEnvironment.swift */ = {isa = PBXFileReference; lastKnownFileType = sourcecode.swift; path = TestStubbedEnvironment.swift; sourceTree = "<group>"; };
		85A3AE85549A907CE8AC3079 /* Dummy.swift */ = {isa = PBXFileReference; lastKnownFileType = sourcecode.swift; path = Dummy.swift; sourceTree = "<group>"; };
		86DD1BA4A503A28B554117B7 /* TestabilityRuntime.swift */ = {isa = PBXFileReference; lastKnownFileType = sourcecode.swift; path = TestabilityRuntime.swift; sourceTree = "<group>"; };
		8CE6BCEA3B2433CB43A1D21D /* libmcxFoundationLogging.a */ = {isa = PBXFileReference; explicitFileType = archive.ar; includeInIndex = 0; path = libmcxFoundationLogging.a; sourceTree = BUILT_PRODUCTS_DIR; };
		90B13F30A1E87E6137E71723 /* AbstractLogicTestCase.swift */ = {isa = PBXFileReference; lastKnownFileType = sourcecode.swift; path = AbstractLogicTestCase.swift; sourceTree = "<group>"; };
		910918D570585F70B311F3BD /* XCTestCase.swift */ = {isa = PBXFileReference; lastKnownFileType = sourcecode.swift; path = XCTestCase.swift; sourceTree = "<group>"; };
		92BDF36F4E2C313FE08F0107 /* TestWorkItem.swift */ = {isa = PBXFileReference; lastKnownFileType = sourcecode.swift; path = TestWorkItem.swift; sourceTree = "<group>"; };
		93FC5F92754AA9D4796AAC0A /* Dummy.swift */ = {isa = PBXFileReference; lastKnownFileType = sourcecode.swift; path = Dummy.swift; sourceTree = "<group>"; };
		98F87CD4F64B08846978BC79 /* libmcxMath.a */ = {isa = PBXFileReference; explicitFileType = archive.ar; includeInIndex = 0; path = libmcxMath.a; sourceTree = BUILT_PRODUCTS_DIR; };
		9D41B563546C69B180C44676 /* libmcxFoundationExtensions.a */ = {isa = PBXFileReference; explicitFileType = archive.ar; includeInIndex = 0; path = libmcxFoundationExtensions.a; sourceTree = BUILT_PRODUCTS_DIR; };
		A3686FA3CACFE7E19B241013 /* Atomic.h */ = {isa = PBXFileReference; lastKnownFileType = sourcecode.c.h; path = Atomic.h; sourceTree = "<group>"; };
		A695C299969EA2F21A79E23D /* libmcxTestabilityXC.a */ = {isa = PBXFileReference; explicitFileType = archive.ar; includeInIndex = 0; path = libmcxTestabilityXC.a; sourceTree = BUILT_PRODUCTS_DIR; };
		B41B114726C4D1E175903C58 /* DefaultStubbedEnvironment.swift */ = {isa = PBXFileReference; lastKnownFileType = sourcecode.swift; path = DefaultStubbedEnvironment.swift; sourceTree = "<group>"; };
		BBA57573C8A4B9B343C4D724 /* AssertType.swift */ = {isa = PBXFileReference; lastKnownFileType = sourcecode.swift; path = AssertType.swift; sourceTree = "<group>"; };
		BDE71BBC4B0CCE6739E5B190 /* libmcxFoundation.a */ = {isa = PBXFileReference; explicitFileType = archive.ar; includeInIndex = 0; path = libmcxFoundation.a; sourceTree = BUILT_PRODUCTS_DIR; };
		C97AECEE577B0B89F615204B /* libmcxFoundationTestability.a */ = {isa = PBXFileReference; explicitFileType = archive.ar; includeInIndex = 0; path = libmcxFoundationTestability.a; sourceTree = BUILT_PRODUCTS_DIR; };
		D20E105CAD813EEDABAA469D /* MediaBuffer.swift */ = {isa = PBXFileReference; lastKnownFileType = sourcecode.swift; path = MediaBuffer.swift; sourceTree = "<group>"; };
		D3BFF1B552BDC0D2FB0B48FA /* RingBufferTimeBounds.swift */ = {isa = PBXFileReference; lastKnownFileType = sourcecode.swift; path = RingBufferTimeBounds.swift; sourceTree = "<group>"; };
		D63EE04170B7D76610640A4F /* Atomic.m */ = {isa = PBXFileReference; lastKnownFileType = sourcecode.c.objc; path = Atomic.m; sourceTree = "<group>"; };
		D86E7E85E692F35771BDD5E8 /* TestResource.swift */ = {isa = PBXFileReference; lastKnownFileType = sourcecode.swift; path = TestResource.swift; sourceTree = "<group>"; };
		DDC2F201B045125B413BB0D6 /* MediaBufferList.swift */ = {isa = PBXFileReference; lastKnownFileType = sourcecode.swift; path = MediaBufferList.swift; sourceTree = "<group>"; };
		DE44017229C8C39CCB51FC2F /* TestCaseType.swift */ = {isa = PBXFileReference; lastKnownFileType = sourcecode.swift; path = TestCaseType.swift; sourceTree = "<group>"; };
		E3B3F9A76BB71C95BE1DF37F /* DefaultAssert.swift */ = {isa = PBXFileReference; lastKnownFileType = sourcecode.swift; path = DefaultAssert.swift; sourceTree = "<group>"; };
		E6272A28098433D275EC488A /* UnsafeMutableAudioBufferListPointer.swift */ = {isa = PBXFileReference; lastKnownFileType = sourcecode.swift; path = UnsafeMutableAudioBufferListPointer.swift; sourceTree = "<group>"; };
		EBB7781B0A7D95EEF4F4F2D6 /* MediaBufferCollection.swift */ = {isa = PBXFileReference; lastKnownFileType = sourcecode.swift; path = MediaBufferCollection.swift; sourceTree = "<group>"; };
		F301E823A84575BFD61C173E /* String+Testability.swift */ = {isa = PBXFileReference; lastKnownFileType = sourcecode.swift; path = "String+Testability.swift"; sourceTree = "<group>"; };
		F96664FDE2612AE8636BBE3E /* LogicTestCase.swift */ = {isa = PBXFileReference; lastKnownFileType = sourcecode.swift; path = LogicTestCase.swift; sourceTree = "<group>"; };
/* End PBXFileReference section */

/* Begin PBXGroup section */
		014EE2589D3C496E9C0F3EEC /* mcxMediaExtensions */ = {
			isa = PBXGroup;
			children = (
				DE27C0D6660634D2C83C7D6F /* Sources */,
			);
			name = mcxMediaExtensions;
			sourceTree = "<group>";
		};
		085DD660707C816F86920A15 /* mcxTypes */ = {
			isa = PBXGroup;
			children = (
				647848F32F1F5854DDED4531 /* Sources */,
			);
			name = mcxTypes;
			sourceTree = "<group>";
		};
		0A8457BCCE3E694D15DA8674 /* mcxFoundationLogging */ = {
			isa = PBXGroup;
			children = (
				4AB5357F8AB1044F8C81A74C /* Sources */,
			);
			name = mcxFoundationLogging;
			sourceTree = "<group>";
		};
		1671AB6632BFBDD394C0771D /* Settings */ = {
			isa = PBXGroup;
			children = (
				86DD1BA4A503A28B554117B7 /* TestabilityRuntime.swift */,
				D86E7E85E692F35771BDD5E8 /* TestResource.swift */,
				69F968D7A6B1631CF3843CBC /* TestSettings.swift */,
			);
			path = Settings;
			sourceTree = "<group>";
		};
		1785D82509148363D1892B44 /* mcxFoundationObservables */ = {
			isa = PBXGroup;
			children = (
				C7D90E0779421AC3F1BF5BE3 /* Sources */,
			);
			name = mcxFoundationObservables;
			sourceTree = "<group>";
		};
		2B67219F0548A1C4CD809304 /* Sources */ = {
			isa = PBXGroup;
			children = (
				09806939B3B3DD5DBF583CFA /* Dummy.swift */,
			);
			name = Sources;
			path = mc/mcxMath/Sources;
			sourceTree = "<group>";
		};
		301FEDCFBADB07D7E5C975F2 /* mcxFoundationTestability */ = {
			isa = PBXGroup;
			children = (
				F1C1B3337BFC60ADDE3D7C0B /* Sources */,
			);
			name = mcxFoundationTestability;
			sourceTree = "<group>";
		};
		441180B788ABC7AADD21272B /* mcxFoundationExtensions */ = {
			isa = PBXGroup;
			children = (
				C004EF26E772FE7AB8A47F28 /* Sources */,
			);
			name = mcxFoundationExtensions;
			sourceTree = "<group>";
		};
		4AB5357F8AB1044F8C81A74C /* Sources */ = {
			isa = PBXGroup;
			children = (
				666BF0F3593DD64137BF2CF6 /* Dummy.swift */,
			);
			name = Sources;
			path = mc/mcxFoundationLogging/Sources;
			sourceTree = "<group>";
		};
		4F1D4DAC03F07AF73F01DF32 /* mcxMedia */ = {
			isa = PBXGroup;
			children = (
				88FF85C946A9F62742E91A79 /* Sources */,
			);
			name = mcxMedia;
			sourceTree = "<group>";
		};
		4FBDAB6B160D11D11F7BA20D /* mcxMath */ = {
			isa = PBXGroup;
			children = (
				2B67219F0548A1C4CD809304 /* Sources */,
			);
			name = mcxMath;
			sourceTree = "<group>";
		};
		50808C71491F82AA1B3C4202 /* Sources */ = {
			isa = PBXGroup;
			children = (
				93FC5F92754AA9D4796AAC0A /* Dummy.swift */,
			);
			name = Sources;
			path = mc/mcxRuntime/Sources;
			sourceTree = "<group>";
		};
		644BF8DCF96C8C852B9A83C0 /* mcxConcurrencyLocking */ = {
			isa = PBXGroup;
			children = (
				F2A6B36B73A6E04DEEC522B5 /* Sources */,
			);
			name = mcxConcurrencyLocking;
			sourceTree = "<group>";
		};
		647848F32F1F5854DDED4531 /* Sources */ = {
			isa = PBXGroup;
			children = (
				85A3AE85549A907CE8AC3079 /* Dummy.swift */,
			);
			name = Sources;
			path = mc/mcxTypes/Sources;
			sourceTree = "<group>";
		};
		67A70D71B435D860E73F2837 /* mcxFoundation */ = {
			isa = PBXGroup;
			children = (
				A3BB46CB3D4DBEA7FB8C30C8 /* Sources */,
			);
			name = mcxFoundation;
			sourceTree = "<group>";
		};
		6C2AB74081B07BE91B53A4F7 /* Sources */ = {
			isa = PBXGroup;
			children = (
				1AAE84C67ABFEF294C11519B /* Assert.swift */,
				F96664FDE2612AE8636BBE3E /* LogicTestCase.swift */,
				2A693EDAB6ECD17B4B8F2E55 /* TestExpectation.swift */,
				70131D224D9611E5DD6F12CB /* Extensions */,
			);
			name = Sources;
			path = mc/mcxTestabilityXC/Sources;
			sourceTree = "<group>";
		};
		70131D224D9611E5DD6F12CB /* Extensions */ = {
			isa = PBXGroup;
			children = (
				910918D570585F70B311F3BD /* XCTestCase.swift */,
				1379E84D0DE7917E9F4147B7 /* XCTestExpectation.swift */,
			);
			path = Extensions;
			sourceTree = "<group>";
		};
		72723117B1BFA01E33CBB7A6 /* Products */ = {
			isa = PBXGroup;
			children = (
				5F2784A2BB2DF88E9275D3B5 /* libmcxConcurrencyLocking.a */,
				702C7FF33F3E33646C3D3028 /* libmcxConcurrencyOC.a */,
				BDE71BBC4B0CCE6739E5B190 /* libmcxFoundation.a */,
				9D41B563546C69B180C44676 /* libmcxFoundationExtensions.a */,
				8CE6BCEA3B2433CB43A1D21D /* libmcxFoundationLogging.a */,
				6FA6026DCB3D934147A567D9 /* libmcxFoundationObservables.a */,
				C97AECEE577B0B89F615204B /* libmcxFoundationTestability.a */,
				98F87CD4F64B08846978BC79 /* libmcxMath.a */,
				5C28F2DE96411708B28D88FB /* libmcxMedia.a */,
				1130F5DA5A4314A315B2A6E6 /* libmcxMediaExtensions.a */,
				3FC06CBCAA24E63BC06B65C3 /* libmcxRuntime.a */,
				44B4899A3298E06A3720CC1A /* libmcxTestability.a */,
				448C43153786207DD15FFBAA /* libmcxTestabilityFixtures.a */,
				A695C299969EA2F21A79E23D /* libmcxTestabilityXC.a */,
				5DEDD2EBBF379EB69C1BD86C /* libmcxTypes.a */,
			);
			name = Products;
			sourceTree = "<group>";
		};
		77160C5636BAD7542F8B9841 /* Sources */ = {
			isa = PBXGroup;
			children = (
				D63EE04170B7D76610640A4F /* Atomic.m */,
				6C4F26FAD4F2641FA074532A /* Int64Atomic.swift */,
				90223046EFFBA02FCD31F20D /* include */,
			);
			name = Sources;
			path = mc/mcxConcurrencyOC/Sources;
			sourceTree = "<group>";
		};
		7A94CDCD4EA43084A6965D9F /* Vendor */ = {
			isa = PBXGroup;
			children = (
				644BF8DCF96C8C852B9A83C0 /* mcxConcurrencyLocking */,
				E9B562938534197D2A4FEB84 /* mcxConcurrencyOC */,
				67A70D71B435D860E73F2837 /* mcxFoundation */,
				441180B788ABC7AADD21272B /* mcxFoundationExtensions */,
				0A8457BCCE3E694D15DA8674 /* mcxFoundationLogging */,
				1785D82509148363D1892B44 /* mcxFoundationObservables */,
				301FEDCFBADB07D7E5C975F2 /* mcxFoundationTestability */,
				4FBDAB6B160D11D11F7BA20D /* mcxMath */,
				4F1D4DAC03F07AF73F01DF32 /* mcxMedia */,
				014EE2589D3C496E9C0F3EEC /* mcxMediaExtensions */,
				A5A0F57B5A8B703E97FA6C33 /* mcxRuntime */,
				7E8A6B1F89431485CB37DB79 /* mcxTestability */,
				A8CF1A7D615EF14BFC3FDCD1 /* mcxTestabilityFixtures */,
				DEB03D2DFB3B5639845501AC /* mcxTestabilityXC */,
				085DD660707C816F86920A15 /* mcxTypes */,
			);
			path = Vendor;
			sourceTree = "<group>";
		};
		7E8A6B1F89431485CB37DB79 /* mcxTestability */ = {
			isa = PBXGroup;
			children = (
				BE2E6626E362659E898E1FF6 /* Sources */,
			);
			name = mcxTestability;
			sourceTree = "<group>";
		};
		88FF85C946A9F62742E91A79 /* Sources */ = {
			isa = PBXGroup;
			children = (
				E1D14BC6D86BFE3517640505 /* Sources */,
			);
			name = Sources;
			path = mc/mcxMedia/Sources;
			sourceTree = "<group>";
		};
		90223046EFFBA02FCD31F20D /* include */ = {
			isa = PBXGroup;
			children = (
				A3686FA3CACFE7E19B241013 /* Atomic.h */,
				26BDDEE72D3CB433D1D0E4B5 /* mcConcurrencyOC.h */,
			);
			path = include;
			sourceTree = "<group>";
		};
		A3BB46CB3D4DBEA7FB8C30C8 /* Sources */ = {
			isa = PBXGroup;
			children = (
				6BF565FF6A140F89538C06FF /* Dummy.swift */,
			);
			name = Sources;
			path = mc/mcxFoundation/Sources;
			sourceTree = "<group>";
		};
		A5A0F57B5A8B703E97FA6C33 /* mcxRuntime */ = {
			isa = PBXGroup;
			children = (
				50808C71491F82AA1B3C4202 /* Sources */,
			);
			name = mcxRuntime;
			sourceTree = "<group>";
		};
		A8CF1A7D615EF14BFC3FDCD1 /* mcxTestabilityFixtures */ = {
			isa = PBXGroup;
			children = (
				A92E50EACCB1F27EECC7F7B5 /* Sources */,
			);
			name = mcxTestabilityFixtures;
			sourceTree = "<group>";
		};
		A92E50EACCB1F27EECC7F7B5 /* Sources */ = {
			isa = PBXGroup;
			children = (
				3BD5CF4604CE5DD7E5B80A0E /* StubObject.swift */,
			);
			name = Sources;
			path = mc/mcxTestabilityFixtures/Sources;
			sourceTree = "<group>";
		};
		AC6166FCE1838CA5740C911A /* Extensions */ = {
			isa = PBXGroup;
			children = (
				F301E823A84575BFD61C173E /* String+Testability.swift */,
			);
			path = Extensions;
			sourceTree = "<group>";
		};
		B6CC78CA1ED9158E8E526C2F /* Substitutions */ = {
			isa = PBXGroup;
			children = (
				E3B3F9A76BB71C95BE1DF37F /* DefaultAssert.swift */,
				B41B114726C4D1E175903C58 /* DefaultStubbedEnvironment.swift */,
			);
			path = Substitutions;
			sourceTree = "<group>";
		};
		BE2E6626E362659E898E1FF6 /* Sources */ = {
			isa = PBXGroup;
			children = (
				90B13F30A1E87E6137E71723 /* AbstractLogicTestCase.swift */,
				AC6166FCE1838CA5740C911A /* Extensions */,
				1671AB6632BFBDD394C0771D /* Settings */,
				D6DEA236D640FB1902BACD11 /* Types */,
			);
			name = Sources;
			path = mc/mcxTestability/Sources;
			sourceTree = "<group>";
		};
		C004EF26E772FE7AB8A47F28 /* Sources */ = {
			isa = PBXGroup;
			children = (
				639C98825BBFBED73F4FC471 /* Dummy.swift */,
			);
			name = Sources;
			path = mc/mcxFoundationExtensions/Sources;
			sourceTree = "<group>";
		};
		C7D90E0779421AC3F1BF5BE3 /* Sources */ = {
			isa = PBXGroup;
			children = (
				2CFE9EE3A71DA9F6A8802A9C /* Dummy.swift */,
			);
			name = Sources;
			path = mc/mcxFoundationObservables/Sources;
			sourceTree = "<group>";
		};
		D6DEA236D640FB1902BACD11 /* Types */ = {
			isa = PBXGroup;
			children = (
				BBA57573C8A4B9B343C4D724 /* AssertType.swift */,
				75822E7F577F8FCB55705E22 /* ExpectationType.swift */,
				41CE021FF127997FF322EE84 /* MCATestabilityEnvironment.swift */,
				525CFC400A1BE578C57F4753 /* MCATestabilityFixture.swift */,
				22E2AB2E9A16EEEFA4D8F0DB /* TestAPIEndpoint.swift */,
				DE44017229C8C39CCB51FC2F /* TestCaseType.swift */,
				23A44DA844AB62C56F026D96 /* TestDisposable.swift */,
				75E272FB64F917A665C7EED3 /* TestStubbedEnvironment.swift */,
				92BDF36F4E2C313FE08F0107 /* TestWorkItem.swift */,
				B6CC78CA1ED9158E8E526C2F /* Substitutions */,
			);
			path = Types;
			sourceTree = "<group>";
		};
		DA75EE09CE53689E1DEA0A26 = {
			isa = PBXGroup;
			children = (
				7A94CDCD4EA43084A6965D9F /* Vendor */,
				72723117B1BFA01E33CBB7A6 /* Products */,
			);
			sourceTree = "<group>";
		};
		DE27C0D6660634D2C83C7D6F /* Sources */ = {
			isa = PBXGroup;
			children = (
				5A7B9C8E00DD0A082D7E2BDB /* AudioBuffer.swift */,
				E6272A28098433D275EC488A /* UnsafeMutableAudioBufferListPointer.swift */,
			);
			name = Sources;
			path = mc/mcxMediaExtensions/Sources;
			sourceTree = "<group>";
		};
		DEB03D2DFB3B5639845501AC /* mcxTestabilityXC */ = {
			isa = PBXGroup;
			children = (
				6C2AB74081B07BE91B53A4F7 /* Sources */,
			);
			name = mcxTestabilityXC;
			sourceTree = "<group>";
		};
		E1D14BC6D86BFE3517640505 /* Sources */ = {
			isa = PBXGroup;
			children = (
				074FFA0D2506C66B868D76BF /* DefaultInitializerType.swift */,
				D20E105CAD813EEDABAA469D /* MediaBuffer.swift */,
				EBB7781B0A7D95EEF4F4F2D6 /* MediaBufferCollection.swift */,
				DDC2F201B045125B413BB0D6 /* MediaBufferList.swift */,
				448DC70D7F2B95BCE81637E7 /* RingBuffer.swift */,
				71C5C9C47410CEE5005D354C /* RingBufferOffsets.swift */,
				D3BFF1B552BDC0D2FB0B48FA /* RingBufferTimeBounds.swift */,
			);
			path = Sources;
			sourceTree = "<group>";
		};
		E9B562938534197D2A4FEB84 /* mcxConcurrencyOC */ = {
			isa = PBXGroup;
			children = (
				77160C5636BAD7542F8B9841 /* Sources */,
			);
			name = mcxConcurrencyOC;
			sourceTree = "<group>";
		};
		F1C1B3337BFC60ADDE3D7C0B /* Sources */ = {
			isa = PBXGroup;
			children = (
				4C0F662BA5FC9E80F7E4A935 /* Dummy.swift */,
			);
			name = Sources;
			path = mc/mcxFoundationTestability/Sources;
			sourceTree = "<group>";
		};
		F2A6B36B73A6E04DEEC522B5 /* Sources */ = {
			isa = PBXGroup;
			children = (
				13A28D4FDB3B1142F2DC4AC5 /* Dummy.swift */,
			);
			name = Sources;
			path = mc/mcxConcurrencyLocking/Sources;
			sourceTree = "<group>";
		};
/* End PBXGroup section */

/* Begin PBXNativeTarget section */
		0263E0864C4963D983AC83C0 /* mcxTestabilityFixtures */ = {
			isa = PBXNativeTarget;
			buildConfigurationList = 8448653C44F19E45D05C104C /* Build configuration list for PBXNativeTarget "mcxTestabilityFixtures" */;
			buildPhases = (
				E8D119442307B46E0996B83E /* Sources */,
				9AB49A5AE1BA8CACDDF9499B /* Copy Swift Objective-C Interface Header */,
			);
			buildRules = (
			);
			dependencies = (
			);
			name = mcxTestabilityFixtures;
			productName = mcxTestabilityFixtures;
			productReference = 448C43153786207DD15FFBAA /* libmcxTestabilityFixtures.a */;
			productType = "com.apple.product-type.library.static";
		};
		2A16E782C40338070B21D20C /* mcxMediaExtensions */ = {
			isa = PBXNativeTarget;
			buildConfigurationList = 294740059DE2CFE39CE144C1 /* Build configuration list for PBXNativeTarget "mcxMediaExtensions" */;
			buildPhases = (
				DE2830C57FAF465DFD540287 /* Sources */,
				EAE4AE7E95DC6BA51D1A6B6F /* Copy Swift Objective-C Interface Header */,
			);
			buildRules = (
			);
			dependencies = (
				E367D14EC87ECCB6D71267A4 /* PBXTargetDependency */,
			);
			name = mcxMediaExtensions;
			productName = mcxMediaExtensions;
			productReference = 1130F5DA5A4314A315B2A6E6 /* libmcxMediaExtensions.a */;
			productType = "com.apple.product-type.library.static";
		};
		44D7546CF6A87E1E8ABE98F7 /* mcxConcurrencyLocking */ = {
			isa = PBXNativeTarget;
			buildConfigurationList = 5F68CF8A4A3C97F85338F4AD /* Build configuration list for PBXNativeTarget "mcxConcurrencyLocking" */;
			buildPhases = (
				3EF9B53B591950391E6DF71B /* Sources */,
				5B483C6AA51800BE39D1A225 /* Copy Swift Objective-C Interface Header */,
			);
			buildRules = (
			);
			dependencies = (
			);
			name = mcxConcurrencyLocking;
			productName = mcxConcurrencyLocking;
			productReference = 5F2784A2BB2DF88E9275D3B5 /* libmcxConcurrencyLocking.a */;
			productType = "com.apple.product-type.library.static";
		};
		5DF8DC66FA4D8B876174CEF4 /* mcxTestability */ = {
			isa = PBXNativeTarget;
			buildConfigurationList = 6D109C8F59B9447287B24A78 /* Build configuration list for PBXNativeTarget "mcxTestability" */;
			buildPhases = (
				BCE8BC7F8CB1B36AB3D3884C /* Sources */,
				71A2E9067298B6E544BC028E /* Copy Swift Objective-C Interface Header */,
			);
			buildRules = (
			);
			dependencies = (
				A9DFD9B46E67358387953BD2 /* PBXTargetDependency */,
			);
			name = mcxTestability;
			productName = mcxTestability;
			productReference = 44B4899A3298E06A3720CC1A /* libmcxTestability.a */;
			productType = "com.apple.product-type.library.static";
		};
		5F8B92DDCBC3945CBA1241CF /* mcxFoundationObservables */ = {
			isa = PBXNativeTarget;
			buildConfigurationList = F6D7BD123A21293B512623E7 /* Build configuration list for PBXNativeTarget "mcxFoundationObservables" */;
			buildPhases = (
				BB1DDF19D9F9D2E2E19D5669 /* Sources */,
				A01C5EB175BAD2B6C7D83F37 /* Copy Swift Objective-C Interface Header */,
			);
			buildRules = (
			);
			dependencies = (
				66E4FA55995C20BC919A0255 /* PBXTargetDependency */,
				07C6AE2DF3EBD1C89682DEE3 /* PBXTargetDependency */,
			);
			name = mcxFoundationObservables;
			productName = mcxFoundationObservables;
			productReference = 6FA6026DCB3D934147A567D9 /* libmcxFoundationObservables.a */;
			productType = "com.apple.product-type.library.static";
		};
		64DB6247568025EB9538D516 /* mcxConcurrencyOC */ = {
			isa = PBXNativeTarget;
			buildConfigurationList = D7474EBB2E7F31EFFB28CA88 /* Build configuration list for PBXNativeTarget "mcxConcurrencyOC" */;
			buildPhases = (
				5ACB2F25F49115F021A08646 /* CopyFiles */,
				9A149ADDD704D6D5B279913B /* Sources */,
				640874B6144651A658B78900 /* Copy Swift Objective-C Interface Header */,
			);
			buildRules = (
			);
			dependencies = (
			);
			name = mcxConcurrencyOC;
			productName = mcxConcurrencyOC;
			productReference = 702C7FF33F3E33646C3D3028 /* libmcxConcurrencyOC.a */;
			productType = "com.apple.product-type.library.static";
		};
		8E8C694D5AF1640A5E255B2D /* mcxTestabilityXC */ = {
			isa = PBXNativeTarget;
			buildConfigurationList = 3AB96E4BAA6FF89EFCBF9B0C /* Build configuration list for PBXNativeTarget "mcxTestabilityXC" */;
			buildPhases = (
				974CFFF62B811D1F1D551D6C /* Sources */,
				49763A336F11DD892237D09C /* Copy Swift Objective-C Interface Header */,
			);
			buildRules = (
			);
			dependencies = (
				1FDCF96F829C95C810E0D5E3 /* PBXTargetDependency */,
			);
			name = mcxTestabilityXC;
			productName = mcxTestabilityXC;
			productReference = A695C299969EA2F21A79E23D /* libmcxTestabilityXC.a */;
			productType = "com.apple.product-type.library.static";
		};
		9CACF2EF864B38CEAEDF58F5 /* mcxFoundationTestability */ = {
			isa = PBXNativeTarget;
			buildConfigurationList = F30BBE678A10688ACB8D3521 /* Build configuration list for PBXNativeTarget "mcxFoundationTestability" */;
			buildPhases = (
				B9CE2FC2AAD32A52AC5ECB72 /* Sources */,
				98D02D48D9FCEF21BECB998C /* Copy Swift Objective-C Interface Header */,
			);
			buildRules = (
			);
			dependencies = (
				5FEA35213A45DE38DB1EF251 /* PBXTargetDependency */,
				EEF2169B2B118AC10CC84C88 /* PBXTargetDependency */,
			);
			name = mcxFoundationTestability;
			productName = mcxFoundationTestability;
			productReference = C97AECEE577B0B89F615204B /* libmcxFoundationTestability.a */;
			productType = "com.apple.product-type.library.static";
		};
		A33338BD49390802E1C8C68F /* mcxRuntime */ = {
			isa = PBXNativeTarget;
			buildConfigurationList = C26131806FEA5253B3A92B48 /* Build configuration list for PBXNativeTarget "mcxRuntime" */;
			buildPhases = (
				9E68A8A3571DB12888BAAC79 /* Sources */,
				7E4F23D238103211E19DCA3E /* Copy Swift Objective-C Interface Header */,
			);
			buildRules = (
			);
			dependencies = (
			);
			name = mcxRuntime;
			productName = mcxRuntime;
			productReference = 3FC06CBCAA24E63BC06B65C3 /* libmcxRuntime.a */;
			productType = "com.apple.product-type.library.static";
		};
		ACEAFFD3DCA2C19EA660B76F /* mcxMath */ = {
			isa = PBXNativeTarget;
			buildConfigurationList = E6734823272BE310B671B27A /* Build configuration list for PBXNativeTarget "mcxMath" */;
			buildPhases = (
				7475EE3317E93B49C601EC78 /* Sources */,
				5E0554C24AE38CF0F9D84A6C /* Copy Swift Objective-C Interface Header */,
			);
			buildRules = (
			);
			dependencies = (
			);
			name = mcxMath;
			productName = mcxMath;
			productReference = 98F87CD4F64B08846978BC79 /* libmcxMath.a */;
			productType = "com.apple.product-type.library.static";
		};
		B79AA271866FB20D4BF55018 /* mcxMedia */ = {
			isa = PBXNativeTarget;
			buildConfigurationList = 79BF75E678F657508710D996 /* Build configuration list for PBXNativeTarget "mcxMedia" */;
			buildPhases = (
				BE1A454B08AB220D90F686EB /* Sources */,
				51A1AE1A9D1489F263BD2A69 /* Copy Swift Objective-C Interface Header */,
			);
			buildRules = (
			);
			dependencies = (
				E2D4548F0307C1C0188E71F9 /* PBXTargetDependency */,
				488A08E595590BA104D0F16A /* PBXTargetDependency */,
				47FF7C36318393B6364E640E /* PBXTargetDependency */,
				C3DFE964FECA37BE8F52E1E2 /* PBXTargetDependency */,
				015B8746575DE85613BB6CCE /* PBXTargetDependency */,
			);
			name = mcxMedia;
			productName = mcxMedia;
			productReference = 5C28F2DE96411708B28D88FB /* libmcxMedia.a */;
			productType = "com.apple.product-type.library.static";
		};
		C6D5230CCC5E39AE7BDACAB5 /* mcxFoundationLogging */ = {
			isa = PBXNativeTarget;
			buildConfigurationList = ECB050137DA1C70BF8A11521 /* Build configuration list for PBXNativeTarget "mcxFoundationLogging" */;
			buildPhases = (
				8E666100F205242AABAB9552 /* Sources */,
				F452E9BCE26F7E5E50FD1D64 /* Copy Swift Objective-C Interface Header */,
			);
			buildRules = (
			);
			dependencies = (
				A6B2D82E00404A2AB05BD02E /* PBXTargetDependency */,
				E8CAD891AFF19E26D361CF7D /* PBXTargetDependency */,
			);
			name = mcxFoundationLogging;
			productName = mcxFoundationLogging;
			productReference = 8CE6BCEA3B2433CB43A1D21D /* libmcxFoundationLogging.a */;
			productType = "com.apple.product-type.library.static";
		};
		D26691389190D6D1F558856E /* mcxFoundationExtensions */ = {
			isa = PBXNativeTarget;
			buildConfigurationList = D4CA555A3A61329E255DCD2C /* Build configuration list for PBXNativeTarget "mcxFoundationExtensions" */;
			buildPhases = (
				A906F4BB1F717E82FDF85893 /* Sources */,
				236F73620462428E14F5B22E /* Copy Swift Objective-C Interface Header */,
			);
			buildRules = (
			);
			dependencies = (
				38DB4ADAEB54CD145BE5B300 /* PBXTargetDependency */,
			);
			name = mcxFoundationExtensions;
			productName = mcxFoundationExtensions;
			productReference = 9D41B563546C69B180C44676 /* libmcxFoundationExtensions.a */;
			productType = "com.apple.product-type.library.static";
		};
		DCEADB413089E5494199CB2C /* mcxTypes */ = {
			isa = PBXNativeTarget;
			buildConfigurationList = DFED30C0535957F35E978251 /* Build configuration list for PBXNativeTarget "mcxTypes" */;
			buildPhases = (
				A8D3B47E1038004D1B270ECB /* Sources */,
				8630EA9EB03018BD0F350ED4 /* Copy Swift Objective-C Interface Header */,
			);
			buildRules = (
			);
			dependencies = (
				68B437CAFC4EE16EE0476C91 /* PBXTargetDependency */,
			);
			name = mcxTypes;
			productName = mcxTypes;
			productReference = 5DEDD2EBBF379EB69C1BD86C /* libmcxTypes.a */;
			productType = "com.apple.product-type.library.static";
		};
		F9959AB5BF1333A817109520 /* mcxFoundation */ = {
			isa = PBXNativeTarget;
			buildConfigurationList = 3A10959FAF864F48C1E1E3FA /* Build configuration list for PBXNativeTarget "mcxFoundation" */;
			buildPhases = (
				4EBF86B350B5BA3972A22716 /* Sources */,
				C0CBE8E61ED022E6FA1A41C6 /* Copy Swift Objective-C Interface Header */,
			);
			buildRules = (
			);
			dependencies = (
				4E39CF6A10B67007F1250D49 /* PBXTargetDependency */,
				5B038078D277325B46DF6612 /* PBXTargetDependency */,
				53E645A2452B966DC7F079AD /* PBXTargetDependency */,
				3D5B36D2FF5C69DB70887813 /* PBXTargetDependency */,
			);
			name = mcxFoundation;
			productName = mcxFoundation;
			productReference = BDE71BBC4B0CCE6739E5B190 /* libmcxFoundation.a */;
			productType = "com.apple.product-type.library.static";
		};
/* End PBXNativeTarget section */

/* Begin PBXProject section */
		CF2E1D8B54DADE3AB44ADA38 /* Project object */ = {
			isa = PBXProject;
			attributes = {
				LastUpgradeCheck = 1200;
				TargetAttributes = {
				};
			};
			buildConfigurationList = D2876CF02FBF5B694E5387F4 /* Build configuration list for PBXProject "Shared" */;
			compatibilityVersion = "Xcode 10.0";
			developmentRegion = en;
			hasScannedForEncodings = 0;
			knownRegions = (
				Base,
				en,
			);
			mainGroup = DA75EE09CE53689E1DEA0A26;
			projectDirPath = "";
			projectRoot = "";
			targets = (
				85CA98C059B40D950DCD0CC7 /* Shared */,
				44D7546CF6A87E1E8ABE98F7 /* mcxConcurrencyLocking */,
				64DB6247568025EB9538D516 /* mcxConcurrencyOC */,
				F9959AB5BF1333A817109520 /* mcxFoundation */,
				D26691389190D6D1F558856E /* mcxFoundationExtensions */,
				C6D5230CCC5E39AE7BDACAB5 /* mcxFoundationLogging */,
				5F8B92DDCBC3945CBA1241CF /* mcxFoundationObservables */,
				9CACF2EF864B38CEAEDF58F5 /* mcxFoundationTestability */,
				ACEAFFD3DCA2C19EA660B76F /* mcxMath */,
				B79AA271866FB20D4BF55018 /* mcxMedia */,
				2A16E782C40338070B21D20C /* mcxMediaExtensions */,
				A33338BD49390802E1C8C68F /* mcxRuntime */,
				5DF8DC66FA4D8B876174CEF4 /* mcxTestability */,
				0263E0864C4963D983AC83C0 /* mcxTestabilityFixtures */,
				8E8C694D5AF1640A5E255B2D /* mcxTestabilityXC */,
				DCEADB413089E5494199CB2C /* mcxTypes */,
			);
		};
/* End PBXProject section */

/* Begin PBXShellScriptBuildPhase section */
		236F73620462428E14F5B22E /* Copy Swift Objective-C Interface Header */ = {
			isa = PBXShellScriptBuildPhase;
			buildActionMask = 2147483647;
			files = (
			);
			inputPaths = (
				"$(DERIVED_SOURCES_DIR)/$(SWIFT_OBJC_INTERFACE_HEADER_NAME)",
			);
			name = "Copy Swift Objective-C Interface Header";
			outputPaths = (
				"$(BUILT_PRODUCTS_DIR)/include/$(PRODUCT_MODULE_NAME)/$(SWIFT_OBJC_INTERFACE_HEADER_NAME)",
			);
			runOnlyForDeploymentPostprocessing = 0;
			shellPath = /bin/sh;
			shellScript = "ditto \"${SCRIPT_INPUT_FILE_0}\" \"${SCRIPT_OUTPUT_FILE_0}\"\n";
		};
		49763A336F11DD892237D09C /* Copy Swift Objective-C Interface Header */ = {
			isa = PBXShellScriptBuildPhase;
			buildActionMask = 2147483647;
			files = (
			);
			inputPaths = (
				"$(DERIVED_SOURCES_DIR)/$(SWIFT_OBJC_INTERFACE_HEADER_NAME)",
			);
			name = "Copy Swift Objective-C Interface Header";
			outputPaths = (
				"$(BUILT_PRODUCTS_DIR)/include/$(PRODUCT_MODULE_NAME)/$(SWIFT_OBJC_INTERFACE_HEADER_NAME)",
			);
			runOnlyForDeploymentPostprocessing = 0;
			shellPath = /bin/sh;
			shellScript = "ditto \"${SCRIPT_INPUT_FILE_0}\" \"${SCRIPT_OUTPUT_FILE_0}\"\n";
		};
		51A1AE1A9D1489F263BD2A69 /* Copy Swift Objective-C Interface Header */ = {
			isa = PBXShellScriptBuildPhase;
			buildActionMask = 2147483647;
			files = (
			);
			inputPaths = (
				"$(DERIVED_SOURCES_DIR)/$(SWIFT_OBJC_INTERFACE_HEADER_NAME)",
			);
			name = "Copy Swift Objective-C Interface Header";
			outputPaths = (
				"$(BUILT_PRODUCTS_DIR)/include/$(PRODUCT_MODULE_NAME)/$(SWIFT_OBJC_INTERFACE_HEADER_NAME)",
			);
			runOnlyForDeploymentPostprocessing = 0;
			shellPath = /bin/sh;
			shellScript = "ditto \"${SCRIPT_INPUT_FILE_0}\" \"${SCRIPT_OUTPUT_FILE_0}\"\n";
		};
		5B483C6AA51800BE39D1A225 /* Copy Swift Objective-C Interface Header */ = {
			isa = PBXShellScriptBuildPhase;
			buildActionMask = 2147483647;
			files = (
			);
			inputPaths = (
				"$(DERIVED_SOURCES_DIR)/$(SWIFT_OBJC_INTERFACE_HEADER_NAME)",
			);
			name = "Copy Swift Objective-C Interface Header";
			outputPaths = (
				"$(BUILT_PRODUCTS_DIR)/include/$(PRODUCT_MODULE_NAME)/$(SWIFT_OBJC_INTERFACE_HEADER_NAME)",
			);
			runOnlyForDeploymentPostprocessing = 0;
			shellPath = /bin/sh;
			shellScript = "ditto \"${SCRIPT_INPUT_FILE_0}\" \"${SCRIPT_OUTPUT_FILE_0}\"\n";
		};
		5E0554C24AE38CF0F9D84A6C /* Copy Swift Objective-C Interface Header */ = {
			isa = PBXShellScriptBuildPhase;
			buildActionMask = 2147483647;
			files = (
			);
			inputPaths = (
				"$(DERIVED_SOURCES_DIR)/$(SWIFT_OBJC_INTERFACE_HEADER_NAME)",
			);
			name = "Copy Swift Objective-C Interface Header";
			outputPaths = (
				"$(BUILT_PRODUCTS_DIR)/include/$(PRODUCT_MODULE_NAME)/$(SWIFT_OBJC_INTERFACE_HEADER_NAME)",
			);
			runOnlyForDeploymentPostprocessing = 0;
			shellPath = /bin/sh;
			shellScript = "ditto \"${SCRIPT_INPUT_FILE_0}\" \"${SCRIPT_OUTPUT_FILE_0}\"\n";
		};
		640874B6144651A658B78900 /* Copy Swift Objective-C Interface Header */ = {
			isa = PBXShellScriptBuildPhase;
			buildActionMask = 2147483647;
			files = (
			);
			inputPaths = (
				"$(DERIVED_SOURCES_DIR)/$(SWIFT_OBJC_INTERFACE_HEADER_NAME)",
			);
			name = "Copy Swift Objective-C Interface Header";
			outputPaths = (
				"$(BUILT_PRODUCTS_DIR)/include/$(PRODUCT_MODULE_NAME)/$(SWIFT_OBJC_INTERFACE_HEADER_NAME)",
			);
			runOnlyForDeploymentPostprocessing = 0;
			shellPath = /bin/sh;
			shellScript = "ditto \"${SCRIPT_INPUT_FILE_0}\" \"${SCRIPT_OUTPUT_FILE_0}\"\n";
		};
		71A2E9067298B6E544BC028E /* Copy Swift Objective-C Interface Header */ = {
			isa = PBXShellScriptBuildPhase;
			buildActionMask = 2147483647;
			files = (
			);
			inputPaths = (
				"$(DERIVED_SOURCES_DIR)/$(SWIFT_OBJC_INTERFACE_HEADER_NAME)",
			);
			name = "Copy Swift Objective-C Interface Header";
			outputPaths = (
				"$(BUILT_PRODUCTS_DIR)/include/$(PRODUCT_MODULE_NAME)/$(SWIFT_OBJC_INTERFACE_HEADER_NAME)",
			);
			runOnlyForDeploymentPostprocessing = 0;
			shellPath = /bin/sh;
			shellScript = "ditto \"${SCRIPT_INPUT_FILE_0}\" \"${SCRIPT_OUTPUT_FILE_0}\"\n";
		};
		7E4F23D238103211E19DCA3E /* Copy Swift Objective-C Interface Header */ = {
			isa = PBXShellScriptBuildPhase;
			buildActionMask = 2147483647;
			files = (
			);
			inputPaths = (
				"$(DERIVED_SOURCES_DIR)/$(SWIFT_OBJC_INTERFACE_HEADER_NAME)",
			);
			name = "Copy Swift Objective-C Interface Header";
			outputPaths = (
				"$(BUILT_PRODUCTS_DIR)/include/$(PRODUCT_MODULE_NAME)/$(SWIFT_OBJC_INTERFACE_HEADER_NAME)",
			);
			runOnlyForDeploymentPostprocessing = 0;
			shellPath = /bin/sh;
			shellScript = "ditto \"${SCRIPT_INPUT_FILE_0}\" \"${SCRIPT_OUTPUT_FILE_0}\"\n";
		};
		8630EA9EB03018BD0F350ED4 /* Copy Swift Objective-C Interface Header */ = {
			isa = PBXShellScriptBuildPhase;
			buildActionMask = 2147483647;
			files = (
			);
			inputPaths = (
				"$(DERIVED_SOURCES_DIR)/$(SWIFT_OBJC_INTERFACE_HEADER_NAME)",
			);
			name = "Copy Swift Objective-C Interface Header";
			outputPaths = (
				"$(BUILT_PRODUCTS_DIR)/include/$(PRODUCT_MODULE_NAME)/$(SWIFT_OBJC_INTERFACE_HEADER_NAME)",
			);
			runOnlyForDeploymentPostprocessing = 0;
			shellPath = /bin/sh;
			shellScript = "ditto \"${SCRIPT_INPUT_FILE_0}\" \"${SCRIPT_OUTPUT_FILE_0}\"\n";
		};
		98D02D48D9FCEF21BECB998C /* Copy Swift Objective-C Interface Header */ = {
			isa = PBXShellScriptBuildPhase;
			buildActionMask = 2147483647;
			files = (
			);
			inputPaths = (
				"$(DERIVED_SOURCES_DIR)/$(SWIFT_OBJC_INTERFACE_HEADER_NAME)",
			);
			name = "Copy Swift Objective-C Interface Header";
			outputPaths = (
				"$(BUILT_PRODUCTS_DIR)/include/$(PRODUCT_MODULE_NAME)/$(SWIFT_OBJC_INTERFACE_HEADER_NAME)",
			);
			runOnlyForDeploymentPostprocessing = 0;
			shellPath = /bin/sh;
			shellScript = "ditto \"${SCRIPT_INPUT_FILE_0}\" \"${SCRIPT_OUTPUT_FILE_0}\"\n";
		};
		9AB49A5AE1BA8CACDDF9499B /* Copy Swift Objective-C Interface Header */ = {
			isa = PBXShellScriptBuildPhase;
			buildActionMask = 2147483647;
			files = (
			);
			inputPaths = (
				"$(DERIVED_SOURCES_DIR)/$(SWIFT_OBJC_INTERFACE_HEADER_NAME)",
			);
			name = "Copy Swift Objective-C Interface Header";
			outputPaths = (
				"$(BUILT_PRODUCTS_DIR)/include/$(PRODUCT_MODULE_NAME)/$(SWIFT_OBJC_INTERFACE_HEADER_NAME)",
			);
			runOnlyForDeploymentPostprocessing = 0;
			shellPath = /bin/sh;
			shellScript = "ditto \"${SCRIPT_INPUT_FILE_0}\" \"${SCRIPT_OUTPUT_FILE_0}\"\n";
		};
		A01C5EB175BAD2B6C7D83F37 /* Copy Swift Objective-C Interface Header */ = {
			isa = PBXShellScriptBuildPhase;
			buildActionMask = 2147483647;
			files = (
			);
			inputPaths = (
				"$(DERIVED_SOURCES_DIR)/$(SWIFT_OBJC_INTERFACE_HEADER_NAME)",
			);
			name = "Copy Swift Objective-C Interface Header";
			outputPaths = (
				"$(BUILT_PRODUCTS_DIR)/include/$(PRODUCT_MODULE_NAME)/$(SWIFT_OBJC_INTERFACE_HEADER_NAME)",
			);
			runOnlyForDeploymentPostprocessing = 0;
			shellPath = /bin/sh;
			shellScript = "ditto \"${SCRIPT_INPUT_FILE_0}\" \"${SCRIPT_OUTPUT_FILE_0}\"\n";
		};
		C0CBE8E61ED022E6FA1A41C6 /* Copy Swift Objective-C Interface Header */ = {
			isa = PBXShellScriptBuildPhase;
			buildActionMask = 2147483647;
			files = (
			);
			inputPaths = (
				"$(DERIVED_SOURCES_DIR)/$(SWIFT_OBJC_INTERFACE_HEADER_NAME)",
			);
			name = "Copy Swift Objective-C Interface Header";
			outputPaths = (
				"$(BUILT_PRODUCTS_DIR)/include/$(PRODUCT_MODULE_NAME)/$(SWIFT_OBJC_INTERFACE_HEADER_NAME)",
			);
			runOnlyForDeploymentPostprocessing = 0;
			shellPath = /bin/sh;
			shellScript = "ditto \"${SCRIPT_INPUT_FILE_0}\" \"${SCRIPT_OUTPUT_FILE_0}\"\n";
		};
		EAE4AE7E95DC6BA51D1A6B6F /* Copy Swift Objective-C Interface Header */ = {
			isa = PBXShellScriptBuildPhase;
			buildActionMask = 2147483647;
			files = (
			);
			inputPaths = (
				"$(DERIVED_SOURCES_DIR)/$(SWIFT_OBJC_INTERFACE_HEADER_NAME)",
			);
			name = "Copy Swift Objective-C Interface Header";
			outputPaths = (
				"$(BUILT_PRODUCTS_DIR)/include/$(PRODUCT_MODULE_NAME)/$(SWIFT_OBJC_INTERFACE_HEADER_NAME)",
			);
			runOnlyForDeploymentPostprocessing = 0;
			shellPath = /bin/sh;
			shellScript = "ditto \"${SCRIPT_INPUT_FILE_0}\" \"${SCRIPT_OUTPUT_FILE_0}\"\n";
		};
		F452E9BCE26F7E5E50FD1D64 /* Copy Swift Objective-C Interface Header */ = {
			isa = PBXShellScriptBuildPhase;
			buildActionMask = 2147483647;
			files = (
			);
			inputPaths = (
				"$(DERIVED_SOURCES_DIR)/$(SWIFT_OBJC_INTERFACE_HEADER_NAME)",
			);
			name = "Copy Swift Objective-C Interface Header";
			outputPaths = (
				"$(BUILT_PRODUCTS_DIR)/include/$(PRODUCT_MODULE_NAME)/$(SWIFT_OBJC_INTERFACE_HEADER_NAME)",
			);
			runOnlyForDeploymentPostprocessing = 0;
			shellPath = /bin/sh;
			shellScript = "ditto \"${SCRIPT_INPUT_FILE_0}\" \"${SCRIPT_OUTPUT_FILE_0}\"\n";
		};
/* End PBXShellScriptBuildPhase section */

/* Begin PBXSourcesBuildPhase section */
		3EF9B53B591950391E6DF71B /* Sources */ = {
			isa = PBXSourcesBuildPhase;
			buildActionMask = 2147483647;
			files = (
				FA32C0A1A8F84DDCDB213780 /* Dummy.swift in Sources */,
			);
			runOnlyForDeploymentPostprocessing = 0;
		};
		4EBF86B350B5BA3972A22716 /* Sources */ = {
			isa = PBXSourcesBuildPhase;
			buildActionMask = 2147483647;
			files = (
				4D301F3C3646B6137EEDD29E /* Dummy.swift in Sources */,
			);
			runOnlyForDeploymentPostprocessing = 0;
		};
		7475EE3317E93B49C601EC78 /* Sources */ = {
			isa = PBXSourcesBuildPhase;
			buildActionMask = 2147483647;
			files = (
				67612140F7BAA76EC95CB182 /* Dummy.swift in Sources */,
			);
			runOnlyForDeploymentPostprocessing = 0;
		};
		8E666100F205242AABAB9552 /* Sources */ = {
			isa = PBXSourcesBuildPhase;
			buildActionMask = 2147483647;
			files = (
				5AE558221D61BC05A694854D /* Dummy.swift in Sources */,
			);
			runOnlyForDeploymentPostprocessing = 0;
		};
		974CFFF62B811D1F1D551D6C /* Sources */ = {
			isa = PBXSourcesBuildPhase;
			buildActionMask = 2147483647;
			files = (
				4A43AE86CFB2E8D52CB6AA74 /* Assert.swift in Sources */,
				B9F159432D0AF2005FF9CD1B /* LogicTestCase.swift in Sources */,
				7CA11BEB1550BFB0FBA6B11A /* TestExpectation.swift in Sources */,
				90C1D912B5CA2BC97A4BB1FB /* XCTestCase.swift in Sources */,
				23EB21D91671628D22D68D5F /* XCTestExpectation.swift in Sources */,
			);
			runOnlyForDeploymentPostprocessing = 0;
		};
		9A149ADDD704D6D5B279913B /* Sources */ = {
			isa = PBXSourcesBuildPhase;
			buildActionMask = 2147483647;
			files = (
				0567A257344B76B9EC067EDA /* Atomic.m in Sources */,
				3E8883C72217EB2D791DBCBC /* Int64Atomic.swift in Sources */,
			);
			runOnlyForDeploymentPostprocessing = 0;
		};
		9E68A8A3571DB12888BAAC79 /* Sources */ = {
			isa = PBXSourcesBuildPhase;
			buildActionMask = 2147483647;
			files = (
				B2471138B9D11D026B494000 /* Dummy.swift in Sources */,
			);
			runOnlyForDeploymentPostprocessing = 0;
		};
		A8D3B47E1038004D1B270ECB /* Sources */ = {
			isa = PBXSourcesBuildPhase;
			buildActionMask = 2147483647;
			files = (
				75B59A5836FDB12ADB0E23B0 /* Dummy.swift in Sources */,
			);
			runOnlyForDeploymentPostprocessing = 0;
		};
		A906F4BB1F717E82FDF85893 /* Sources */ = {
			isa = PBXSourcesBuildPhase;
			buildActionMask = 2147483647;
			files = (
				B425A23385ACBA462FF60C27 /* Dummy.swift in Sources */,
			);
			runOnlyForDeploymentPostprocessing = 0;
		};
		B9CE2FC2AAD32A52AC5ECB72 /* Sources */ = {
			isa = PBXSourcesBuildPhase;
			buildActionMask = 2147483647;
			files = (
				1E65373DA3D03D6E71905D04 /* Dummy.swift in Sources */,
			);
			runOnlyForDeploymentPostprocessing = 0;
		};
		BB1DDF19D9F9D2E2E19D5669 /* Sources */ = {
			isa = PBXSourcesBuildPhase;
			buildActionMask = 2147483647;
			files = (
				11FC9041EF2857C2EE083787 /* Dummy.swift in Sources */,
			);
			runOnlyForDeploymentPostprocessing = 0;
		};
		BCE8BC7F8CB1B36AB3D3884C /* Sources */ = {
			isa = PBXSourcesBuildPhase;
			buildActionMask = 2147483647;
			files = (
				48591F2453D8EBB865039505 /* AbstractLogicTestCase.swift in Sources */,
				1E312DF8FE819998971FC6B0 /* AssertType.swift in Sources */,
				7423F4C4B3AA45A9D7791722 /* DefaultAssert.swift in Sources */,
				5EB7117C0513C59DD41482B1 /* DefaultStubbedEnvironment.swift in Sources */,
				D9182C6FD3375934D9FC51CB /* ExpectationType.swift in Sources */,
				A9E0795B40BC201267296D6E /* MCATestabilityEnvironment.swift in Sources */,
				1DDA57610CA0E6E122F47212 /* MCATestabilityFixture.swift in Sources */,
				6F0685CCC465B56A82EEC053 /* String+Testability.swift in Sources */,
				FDF05497A110465B7219E202 /* TestAPIEndpoint.swift in Sources */,
				CDFF18248A9935F247F8797F /* TestCaseType.swift in Sources */,
				8CA562B1C52943EAA00048BB /* TestDisposable.swift in Sources */,
				1A0C9B9AF2974D8419D46D04 /* TestResource.swift in Sources */,
				ADCFD3C3CF489618DD255082 /* TestSettings.swift in Sources */,
				FC822BC81E5378EC43B1FA44 /* TestStubbedEnvironment.swift in Sources */,
				AA6F938457DD89BF3232859F /* TestWorkItem.swift in Sources */,
				39FA2213976558CBC4F318C7 /* TestabilityRuntime.swift in Sources */,
			);
			runOnlyForDeploymentPostprocessing = 0;
		};
		BE1A454B08AB220D90F686EB /* Sources */ = {
			isa = PBXSourcesBuildPhase;
			buildActionMask = 2147483647;
			files = (
				F214917187EF85EB66B6F9DE /* DefaultInitializerType.swift in Sources */,
				181621F55840FFAE68BAF197 /* MediaBuffer.swift in Sources */,
				7633B5DD874C052D753A92DE /* MediaBufferCollection.swift in Sources */,
				9F15A8835AF0C55CB0DBD533 /* MediaBufferList.swift in Sources */,
				0A8502BDD72158190F0BC125 /* RingBuffer.swift in Sources */,
				D75689B6CC7300A16EA94A69 /* RingBufferOffsets.swift in Sources */,
				42B503074AFC1D2BF5B931B8 /* RingBufferTimeBounds.swift in Sources */,
			);
			runOnlyForDeploymentPostprocessing = 0;
		};
		DE2830C57FAF465DFD540287 /* Sources */ = {
			isa = PBXSourcesBuildPhase;
			buildActionMask = 2147483647;
			files = (
				BC3AF7FE20D02206B4B7FDF3 /* AudioBuffer.swift in Sources */,
				CFC520A6E759AE88B673778D /* UnsafeMutableAudioBufferListPointer.swift in Sources */,
			);
			runOnlyForDeploymentPostprocessing = 0;
		};
		E8D119442307B46E0996B83E /* Sources */ = {
			isa = PBXSourcesBuildPhase;
			buildActionMask = 2147483647;
			files = (
				42F116B3E31B00B54889C955 /* StubObject.swift in Sources */,
			);
			runOnlyForDeploymentPostprocessing = 0;
		};
/* End PBXSourcesBuildPhase section */

/* Begin PBXTargetDependency section */
		015B8746575DE85613BB6CCE /* PBXTargetDependency */ = {
			isa = PBXTargetDependency;
			target = 64DB6247568025EB9538D516 /* mcxConcurrencyOC */;
			targetProxy = BF437D8261B40F9A5F07111C /* PBXContainerItemProxy */;
		};
		07C6AE2DF3EBD1C89682DEE3 /* PBXTargetDependency */ = {
			isa = PBXTargetDependency;
			target = A33338BD49390802E1C8C68F /* mcxRuntime */;
			targetProxy = CE7914E413C444B953068F2A /* PBXContainerItemProxy */;
		};
		1FDCF96F829C95C810E0D5E3 /* PBXTargetDependency */ = {
			isa = PBXTargetDependency;
			target = 5DF8DC66FA4D8B876174CEF4 /* mcxTestability */;
			targetProxy = FCDE0FC2C29F77C9B9B72D7D /* PBXContainerItemProxy */;
		};
		38DB4ADAEB54CD145BE5B300 /* PBXTargetDependency */ = {
			isa = PBXTargetDependency;
			target = DCEADB413089E5494199CB2C /* mcxTypes */;
			targetProxy = D43CED63DEBF37E9CDCEBB0D /* PBXContainerItemProxy */;
		};
		3D5B36D2FF5C69DB70887813 /* PBXTargetDependency */ = {
			isa = PBXTargetDependency;
			target = D26691389190D6D1F558856E /* mcxFoundationExtensions */;
			targetProxy = C7D60D61EBBDD4170EBE3F69 /* PBXContainerItemProxy */;
		};
		47FF7C36318393B6364E640E /* PBXTargetDependency */ = {
			isa = PBXTargetDependency;
			target = C6D5230CCC5E39AE7BDACAB5 /* mcxFoundationLogging */;
			targetProxy = D10D7550226E05F1F780BE3F /* PBXContainerItemProxy */;
		};
		488A08E595590BA104D0F16A /* PBXTargetDependency */ = {
			isa = PBXTargetDependency;
			target = F9959AB5BF1333A817109520 /* mcxFoundation */;
			targetProxy = 7B791C3A4DB620E6BFFF65E6 /* PBXContainerItemProxy */;
		};
		4E39CF6A10B67007F1250D49 /* PBXTargetDependency */ = {
			isa = PBXTargetDependency;
			target = DCEADB413089E5494199CB2C /* mcxTypes */;
			targetProxy = 86B6F7914182BA00F13AA56D /* PBXContainerItemProxy */;
		};
		53E645A2452B966DC7F079AD /* PBXTargetDependency */ = {
			isa = PBXTargetDependency;
			target = C6D5230CCC5E39AE7BDACAB5 /* mcxFoundationLogging */;
			targetProxy = 23663F091419AA637C9896E3 /* PBXContainerItemProxy */;
		};
		5B038078D277325B46DF6612 /* PBXTargetDependency */ = {
			isa = PBXTargetDependency;
			target = 5F8B92DDCBC3945CBA1241CF /* mcxFoundationObservables */;
			targetProxy = 95610AE78A3A6C6BA137A5A5 /* PBXContainerItemProxy */;
		};
		5FEA35213A45DE38DB1EF251 /* PBXTargetDependency */ = {
			isa = PBXTargetDependency;
			target = A33338BD49390802E1C8C68F /* mcxRuntime */;
			targetProxy = 2F80E633E4F453D4237D74BD /* PBXContainerItemProxy */;
		};
		66E4FA55995C20BC919A0255 /* PBXTargetDependency */ = {
			isa = PBXTargetDependency;
			target = DCEADB413089E5494199CB2C /* mcxTypes */;
			targetProxy = 736BEFCAB27367C02D374701 /* PBXContainerItemProxy */;
		};
		68B437CAFC4EE16EE0476C91 /* PBXTargetDependency */ = {
			isa = PBXTargetDependency;
			target = A33338BD49390802E1C8C68F /* mcxRuntime */;
			targetProxy = 6A89BC0B2BB2D8CA5D07E101 /* PBXContainerItemProxy */;
		};
		8221D1592576DC2D5E540D50 /* PBXTargetDependency */ = {
			isa = PBXTargetDependency;
			target = B79AA271866FB20D4BF55018 /* mcxMedia */;
			targetProxy = 40F8B3B03272BD6A9FAE922E /* PBXContainerItemProxy */;
		};
		83FDC22F3DF44CC0EEB176FB /* PBXTargetDependency */ = {
			isa = PBXTargetDependency;
			target = 8E8C694D5AF1640A5E255B2D /* mcxTestabilityXC */;
			targetProxy = 20276343C3C1D5E9AA438BBD /* PBXContainerItemProxy */;
		};
		A6B2D82E00404A2AB05BD02E /* PBXTargetDependency */ = {
			isa = PBXTargetDependency;
			target = A33338BD49390802E1C8C68F /* mcxRuntime */;
			targetProxy = 240CA2BC42A69B3356F11BAD /* PBXContainerItemProxy */;
		};
		A9DFD9B46E67358387953BD2 /* PBXTargetDependency */ = {
			isa = PBXTargetDependency;
			target = 0263E0864C4963D983AC83C0 /* mcxTestabilityFixtures */;
			targetProxy = F1E961397A5CB7435B5CA44A /* PBXContainerItemProxy */;
		};
		C3DFE964FECA37BE8F52E1E2 /* PBXTargetDependency */ = {
			isa = PBXTargetDependency;
			target = 2A16E782C40338070B21D20C /* mcxMediaExtensions */;
			targetProxy = 88D423FDAE7568A5ECB6C5EC /* PBXContainerItemProxy */;
		};
		E2D4548F0307C1C0188E71F9 /* PBXTargetDependency */ = {
			isa = PBXTargetDependency;
			target = ACEAFFD3DCA2C19EA660B76F /* mcxMath */;
			targetProxy = FFA5CDD46119A53B9FD90725 /* PBXContainerItemProxy */;
		};
		E367D14EC87ECCB6D71267A4 /* PBXTargetDependency */ = {
			isa = PBXTargetDependency;
			target = 9CACF2EF864B38CEAEDF58F5 /* mcxFoundationTestability */;
			targetProxy = 27778D483235C7306EFEED43 /* PBXContainerItemProxy */;
		};
		E8CAD891AFF19E26D361CF7D /* PBXTargetDependency */ = {
			isa = PBXTargetDependency;
			target = 44D7546CF6A87E1E8ABE98F7 /* mcxConcurrencyLocking */;
			targetProxy = 1D30669B5701EB75B4A41D9D /* PBXContainerItemProxy */;
		};
		EEF2169B2B118AC10CC84C88 /* PBXTargetDependency */ = {
			isa = PBXTargetDependency;
			target = D26691389190D6D1F558856E /* mcxFoundationExtensions */;
			targetProxy = 5F4C87C369A2689A91E42EB7 /* PBXContainerItemProxy */;
		};
/* End PBXTargetDependency section */

/* Begin XCBuildConfiguration section */
		02585FF5D09743D4D64437C6 /* Debug */ = {
			isa = XCBuildConfiguration;
			buildSettings = {
				COMBINE_HIDPI_IMAGES = YES;
				LD_RUNPATH_SEARCH_PATHS = "$(inherited)";
				SDKROOT = "";
				SKIP_INSTALL = YES;
				SUPPORTED_PLATFORMS = "iphonesimulator iphoneos watchos watchsimulator appletvos appletvsimulator macosx";
				SWIFT_OBJC_BRIDGING_HEADER = $AWL_LIB_SRC/mcxConcurrencyOC/Sources/include/mcConcurrencyOC.h;
			};
			name = Debug;
		};
		075DE1505F885C6953891F26 /* Debug */ = {
			isa = XCBuildConfiguration;
			buildSettings = {
				COMBINE_HIDPI_IMAGES = YES;
				LD_RUNPATH_SEARCH_PATHS = "$(inherited)";
				SDKROOT = "";
				SKIP_INSTALL = YES;
				SUPPORTED_PLATFORMS = "iphonesimulator iphoneos watchos watchsimulator appletvos appletvsimulator macosx";
			};
			name = Debug;
		};
		07DCACFC944D5E766B896A2E /* Release */ = {
			isa = XCBuildConfiguration;
			buildSettings = {
				COMBINE_HIDPI_IMAGES = YES;
				LD_RUNPATH_SEARCH_PATHS = "$(inherited)";
				SDKROOT = "";
				SKIP_INSTALL = YES;
				SUPPORTED_PLATFORMS = "iphonesimulator iphoneos watchos watchsimulator appletvos appletvsimulator macosx";
			};
			name = Release;
		};
		0858A3B681288C08FEC577D4 /* Debug */ = {
			isa = XCBuildConfiguration;
			buildSettings = {
				COMBINE_HIDPI_IMAGES = YES;
				LD_RUNPATH_SEARCH_PATHS = "$(inherited)";
				SDKROOT = "";
				SKIP_INSTALL = YES;
				SUPPORTED_PLATFORMS = "iphonesimulator iphoneos watchos watchsimulator appletvos appletvsimulator macosx";
			};
			name = Debug;
		};
		0E274CF541DDDF7DCF3BF45A /* Debug */ = {
			isa = XCBuildConfiguration;
			buildSettings = {
				COMBINE_HIDPI_IMAGES = YES;
				ENABLE_TESTING_SEARCH_PATHS = YES;
				LD_RUNPATH_SEARCH_PATHS = "$(inherited)";
				SDKROOT = "";
				SKIP_INSTALL = YES;
				SUPPORTED_PLATFORMS = "iphonesimulator iphoneos watchos watchsimulator appletvos appletvsimulator macosx";
			};
			name = Debug;
		};
		1C42788A674B2267B483574F /* Release */ = {
			isa = XCBuildConfiguration;
			buildSettings = {
				COMBINE_HIDPI_IMAGES = YES;
				LD_RUNPATH_SEARCH_PATHS = "$(inherited)";
				SDKROOT = "";
				SKIP_INSTALL = YES;
				SUPPORTED_PLATFORMS = "iphonesimulator iphoneos watchos watchsimulator appletvos appletvsimulator macosx";
			};
			name = Release;
		};
		1D3BF840F5D2521A7B4E3EA1 /* Debug */ = {
			isa = XCBuildConfiguration;
			buildSettings = {
				COMBINE_HIDPI_IMAGES = YES;
				LD_RUNPATH_SEARCH_PATHS = "$(inherited)";
				SDKROOT = "";
				SKIP_INSTALL = YES;
				SUPPORTED_PLATFORMS = "iphonesimulator iphoneos watchos watchsimulator appletvos appletvsimulator macosx";
			};
			name = Debug;
		};
		1DB5DFBC7C8DE963D22A0317 /* Release */ = {
			isa = XCBuildConfiguration;
			buildSettings = {
				COMBINE_HIDPI_IMAGES = YES;
				LD_RUNPATH_SEARCH_PATHS = "$(inherited)";
				SDKROOT = "";
				SKIP_INSTALL = YES;
				SUPPORTED_PLATFORMS = "iphonesimulator iphoneos watchos watchsimulator appletvos appletvsimulator macosx";
				SWIFT_OBJC_BRIDGING_HEADER = $AWL_LIB_SRC/mcxConcurrencyOC/Sources/include/mcConcurrencyOC.h;
			};
			name = Release;
		};
		2D9EC327CCE1FFD175A6CD5A /* Debug */ = {
			isa = XCBuildConfiguration;
			buildSettings = {
				COMBINE_HIDPI_IMAGES = YES;
				LD_RUNPATH_SEARCH_PATHS = "$(inherited)";
				SDKROOT = "";
				SKIP_INSTALL = YES;
				SUPPORTED_PLATFORMS = "iphonesimulator iphoneos watchos watchsimulator appletvos appletvsimulator macosx";
			};
			name = Debug;
		};
		329F7F5599946B33744B069E /* Release */ = {
			isa = XCBuildConfiguration;
			buildSettings = {
			};
			name = Release;
		};
		3B142AAA98D3EED199F0F30E /* Debug */ = {
			isa = XCBuildConfiguration;
			buildSettings = {
			};
			name = Debug;
		};
		3EF38F31DD0DA34D0B298DD9 /* Debug */ = {
			isa = XCBuildConfiguration;
			buildSettings = {
				COMBINE_HIDPI_IMAGES = YES;
				LD_RUNPATH_SEARCH_PATHS = "$(inherited)";
				SDKROOT = "";
				SKIP_INSTALL = YES;
				SUPPORTED_PLATFORMS = "iphonesimulator iphoneos watchos watchsimulator appletvos appletvsimulator macosx";
			};
			name = Debug;
		};
		450173ACE7A34AF8EF27B2B5 /* Debug */ = {
			isa = XCBuildConfiguration;
			buildSettings = {
				COMBINE_HIDPI_IMAGES = YES;
				LD_RUNPATH_SEARCH_PATHS = "$(inherited)";
				SDKROOT = "";
				SKIP_INSTALL = YES;
				SUPPORTED_PLATFORMS = "iphonesimulator iphoneos watchos watchsimulator appletvos appletvsimulator macosx";
			};
			name = Debug;
		};
		4677807B83D0DBFB8F90C7FE /* Debug */ = {
			isa = XCBuildConfiguration;
			buildSettings = {
				COMBINE_HIDPI_IMAGES = YES;
				LD_RUNPATH_SEARCH_PATHS = "$(inherited)";
				SDKROOT = "";
				SKIP_INSTALL = YES;
				SUPPORTED_PLATFORMS = "iphonesimulator iphoneos watchos watchsimulator appletvos appletvsimulator macosx";
			};
			name = Debug;
		};
		4BA6D1269465A85D9755E1AA /* Release */ = {
			isa = XCBuildConfiguration;
			buildSettings = {
				COMBINE_HIDPI_IMAGES = YES;
				LD_RUNPATH_SEARCH_PATHS = "$(inherited)";
				SDKROOT = "";
				SKIP_INSTALL = YES;
				SUPPORTED_PLATFORMS = "iphonesimulator iphoneos watchos watchsimulator appletvos appletvsimulator macosx";
			};
			name = Release;
		};
		4D946072831EA8B0CE53169A /* Debug */ = {
			isa = XCBuildConfiguration;
			buildSettings = {
				COMBINE_HIDPI_IMAGES = YES;
				LD_RUNPATH_SEARCH_PATHS = "$(inherited)";
				SDKROOT = "";
				SKIP_INSTALL = YES;
				SUPPORTED_PLATFORMS = "iphonesimulator iphoneos watchos watchsimulator appletvos appletvsimulator macosx";
			};
			name = Debug;
		};
		51D06756ABFB21E827093D53 /* Debug */ = {
			isa = XCBuildConfiguration;
			buildSettings = {
				COMBINE_HIDPI_IMAGES = YES;
				LD_RUNPATH_SEARCH_PATHS = "$(inherited)";
				SDKROOT = "";
				SKIP_INSTALL = YES;
				SUPPORTED_PLATFORMS = "iphonesimulator iphoneos watchos watchsimulator appletvos appletvsimulator macosx";
			};
			name = Debug;
		};
		5C48D102035AE48A476DF494 /* Release */ = {
			isa = XCBuildConfiguration;
			buildSettings = {
				COMBINE_HIDPI_IMAGES = YES;
				ENABLE_TESTING_SEARCH_PATHS = YES;
				LD_RUNPATH_SEARCH_PATHS = "$(inherited)";
				SDKROOT = "";
				SKIP_INSTALL = YES;
				SUPPORTED_PLATFORMS = "iphonesimulator iphoneos watchos watchsimulator appletvos appletvsimulator macosx";
			};
			name = Release;
		};
		61A7466637F1F82CF00294F7 /* Release */ = {
			isa = XCBuildConfiguration;
			buildSettings = {
				COMBINE_HIDPI_IMAGES = YES;
				LD_RUNPATH_SEARCH_PATHS = "$(inherited)";
				SDKROOT = "";
				SKIP_INSTALL = YES;
				SUPPORTED_PLATFORMS = "iphonesimulator iphoneos watchos watchsimulator appletvos appletvsimulator macosx";
			};
			name = Release;
		};
		68BC373FB44196981F02079D /* Debug */ = {
			isa = XCBuildConfiguration;
			buildSettings = {
				COMBINE_HIDPI_IMAGES = YES;
				LD_RUNPATH_SEARCH_PATHS = "$(inherited)";
				SDKROOT = "";
				SKIP_INSTALL = YES;
				SUPPORTED_PLATFORMS = "iphonesimulator iphoneos watchos watchsimulator appletvos appletvsimulator macosx";
			};
			name = Debug;
		};
		6FDE97EDA47AD28A9A552165 /* Release */ = {
			isa = XCBuildConfiguration;
			buildSettings = {
				COMBINE_HIDPI_IMAGES = YES;
				LD_RUNPATH_SEARCH_PATHS = "$(inherited)";
				SDKROOT = "";
				SKIP_INSTALL = YES;
				SUPPORTED_PLATFORMS = "iphonesimulator iphoneos watchos watchsimulator appletvos appletvsimulator macosx";
			};
			name = Release;
		};
		71EED7E79525A00F379C4D54 /* Debug */ = {
			isa = XCBuildConfiguration;
			buildSettings = {
				COMBINE_HIDPI_IMAGES = YES;
				LD_RUNPATH_SEARCH_PATHS = "$(inherited)";
				SDKROOT = "";
				SKIP_INSTALL = YES;
				SUPPORTED_PLATFORMS = "iphonesimulator iphoneos watchos watchsimulator appletvos appletvsimulator macosx";
			};
			name = Debug;
		};
		7BB8087F7C5B637D87196541 /* Release */ = {
			isa = XCBuildConfiguration;
			buildSettings = {
				COMBINE_HIDPI_IMAGES = YES;
				LD_RUNPATH_SEARCH_PATHS = "$(inherited)";
				SDKROOT = "";
				SKIP_INSTALL = YES;
				SUPPORTED_PLATFORMS = "iphonesimulator iphoneos watchos watchsimulator appletvos appletvsimulator macosx";
			};
			name = Release;
		};
		7DDA54140CE70729658D80AD /* Release */ = {
			isa = XCBuildConfiguration;
			buildSettings = {
				COMBINE_HIDPI_IMAGES = YES;
				LD_RUNPATH_SEARCH_PATHS = "$(inherited)";
				SDKROOT = "";
				SKIP_INSTALL = YES;
				SUPPORTED_PLATFORMS = "iphonesimulator iphoneos watchos watchsimulator appletvos appletvsimulator macosx";
			};
			name = Release;
		};
		834D12135B8EB658C5E5CAF0 /* Release */ = {
			isa = XCBuildConfiguration;
			buildSettings = {
				COMBINE_HIDPI_IMAGES = YES;
				LD_RUNPATH_SEARCH_PATHS = "$(inherited)";
				SDKROOT = "";
				SKIP_INSTALL = YES;
				SUPPORTED_PLATFORMS = "iphonesimulator iphoneos watchos watchsimulator appletvos appletvsimulator macosx";
			};
			name = Release;
		};
		A7B00A8BDBDCCC0F780E0DEE /* Debug */ = {
			isa = XCBuildConfiguration;
			buildSettings = {
				COMBINE_HIDPI_IMAGES = YES;
				LD_RUNPATH_SEARCH_PATHS = "$(inherited)";
				SDKROOT = "";
				SKIP_INSTALL = YES;
				SUPPORTED_PLATFORMS = "iphonesimulator iphoneos watchos watchsimulator appletvos appletvsimulator macosx";
			};
			name = Debug;
		};
		B485E7518AC578AD79AAAB2F /* Release */ = {
			isa = XCBuildConfiguration;
			buildSettings = {
				COMBINE_HIDPI_IMAGES = YES;
				LD_RUNPATH_SEARCH_PATHS = "$(inherited)";
				SDKROOT = "";
				SKIP_INSTALL = YES;
				SUPPORTED_PLATFORMS = "iphonesimulator iphoneos watchos watchsimulator appletvos appletvsimulator macosx";
			};
			name = Release;
		};
		C5013F9BE198E91EC6A6DFD5 /* Release */ = {
			isa = XCBuildConfiguration;
			buildSettings = {
				COMBINE_HIDPI_IMAGES = YES;
				LD_RUNPATH_SEARCH_PATHS = "$(inherited)";
				SDKROOT = "";
				SKIP_INSTALL = YES;
				SUPPORTED_PLATFORMS = "iphonesimulator iphoneos watchos watchsimulator appletvos appletvsimulator macosx";
			};
			name = Release;
		};
		D7A3C293A18A829F33CF4960 /* Release */ = {
			isa = XCBuildConfiguration;
			buildSettings = {
				ALWAYS_SEARCH_USER_PATHS = NO;
				AWL_LIB_SRC = Vendor/mc;
				CLANG_ANALYZER_NONNULL = YES;
				CLANG_ANALYZER_NUMBER_OBJECT_CONVERSION = YES_AGGRESSIVE;
				CLANG_CXX_LANGUAGE_STANDARD = "gnu++14";
				CLANG_CXX_LIBRARY = "libc++";
				CLANG_ENABLE_MODULES = YES;
				CLANG_ENABLE_OBJC_ARC = YES;
				CLANG_ENABLE_OBJC_WEAK = YES;
				CLANG_WARN_BLOCK_CAPTURE_AUTORELEASING = YES;
				CLANG_WARN_BOOL_CONVERSION = YES;
				CLANG_WARN_COMMA = YES;
				CLANG_WARN_CONSTANT_CONVERSION = YES;
				CLANG_WARN_DEPRECATED_OBJC_IMPLEMENTATIONS = YES;
				CLANG_WARN_DIRECT_OBJC_ISA_USAGE = YES_ERROR;
				CLANG_WARN_DOCUMENTATION_COMMENTS = YES;
				CLANG_WARN_EMPTY_BODY = YES;
				CLANG_WARN_ENUM_CONVERSION = YES;
				CLANG_WARN_INFINITE_RECURSION = YES;
				CLANG_WARN_INT_CONVERSION = YES;
				CLANG_WARN_NON_LITERAL_NULL_CONVERSION = YES;
				CLANG_WARN_OBJC_IMPLICIT_RETAIN_SELF = YES;
				CLANG_WARN_OBJC_LITERAL_CONVERSION = YES;
				CLANG_WARN_OBJC_ROOT_CLASS = YES_ERROR;
				CLANG_WARN_QUOTED_INCLUDE_IN_FRAMEWORK_HEADER = YES;
				CLANG_WARN_RANGE_LOOP_ANALYSIS = YES;
				CLANG_WARN_STRICT_PROTOTYPES = YES;
				CLANG_WARN_SUSPICIOUS_MOVE = YES;
				CLANG_WARN_UNGUARDED_AVAILABILITY = YES_AGGRESSIVE;
				CLANG_WARN_UNREACHABLE_CODE = YES;
				CLANG_WARN__DUPLICATE_METHOD_MATCH = YES;
				COPY_PHASE_STRIP = NO;
				DEBUG_INFORMATION_FORMAT = "dwarf-with-dsym";
				ENABLE_NS_ASSERTIONS = NO;
				ENABLE_STRICT_OBJC_MSGSEND = YES;
				GCC_C_LANGUAGE_STANDARD = gnu11;
				GCC_NO_COMMON_BLOCKS = YES;
				GCC_WARN_64_TO_32_BIT_CONVERSION = YES;
				GCC_WARN_ABOUT_RETURN_TYPE = YES_ERROR;
				GCC_WARN_UNDECLARED_SELECTOR = YES;
				GCC_WARN_UNINITIALIZED_AUTOS = YES_AGGRESSIVE;
				GCC_WARN_UNUSED_FUNCTION = YES;
				GCC_WARN_UNUSED_VARIABLE = YES;
				MACOSX_DEPLOYMENT_TARGET = 10.12;
				MTL_ENABLE_DEBUG_INFO = NO;
				MTL_FAST_MATH = YES;
				PRODUCT_NAME = "$(TARGET_NAME)";
				SDKROOT = macosx;
				SWIFT_COMPILATION_MODE = wholemodule;
				SWIFT_OPTIMIZATION_LEVEL = "-O";
				SWIFT_VERSION = 5.0;
			};
			name = Release;
		};
		E18D9337E4AC70A786ECF15F /* Release */ = {
			isa = XCBuildConfiguration;
			buildSettings = {
				COMBINE_HIDPI_IMAGES = YES;
				LD_RUNPATH_SEARCH_PATHS = "$(inherited)";
				SDKROOT = "";
				SKIP_INSTALL = YES;
				SUPPORTED_PLATFORMS = "iphonesimulator iphoneos watchos watchsimulator appletvos appletvsimulator macosx";
			};
			name = Release;
		};
		E31B0685E238B9F92994D7F5 /* Release */ = {
			isa = XCBuildConfiguration;
			buildSettings = {
				COMBINE_HIDPI_IMAGES = YES;
				LD_RUNPATH_SEARCH_PATHS = "$(inherited)";
				SDKROOT = "";
				SKIP_INSTALL = YES;
				SUPPORTED_PLATFORMS = "iphonesimulator iphoneos watchos watchsimulator appletvos appletvsimulator macosx";
			};
			name = Release;
		};
		E896DED2354206EC7AEA9F5F /* Release */ = {
			isa = XCBuildConfiguration;
			buildSettings = {
				COMBINE_HIDPI_IMAGES = YES;
				LD_RUNPATH_SEARCH_PATHS = "$(inherited)";
				SDKROOT = "";
				SKIP_INSTALL = YES;
				SUPPORTED_PLATFORMS = "iphonesimulator iphoneos watchos watchsimulator appletvos appletvsimulator macosx";
			};
			name = Release;
		};
		FA09E0D1BF44993C2C215471 /* Debug */ = {
			isa = XCBuildConfiguration;
			buildSettings = {
				ALWAYS_SEARCH_USER_PATHS = NO;
				AWL_LIB_SRC = Vendor/mc;
				CLANG_ANALYZER_NONNULL = YES;
				CLANG_ANALYZER_NUMBER_OBJECT_CONVERSION = YES_AGGRESSIVE;
				CLANG_CXX_LANGUAGE_STANDARD = "gnu++14";
				CLANG_CXX_LIBRARY = "libc++";
				CLANG_ENABLE_MODULES = YES;
				CLANG_ENABLE_OBJC_ARC = YES;
				CLANG_ENABLE_OBJC_WEAK = YES;
				CLANG_WARN_BLOCK_CAPTURE_AUTORELEASING = YES;
				CLANG_WARN_BOOL_CONVERSION = YES;
				CLANG_WARN_COMMA = YES;
				CLANG_WARN_CONSTANT_CONVERSION = YES;
				CLANG_WARN_DEPRECATED_OBJC_IMPLEMENTATIONS = YES;
				CLANG_WARN_DIRECT_OBJC_ISA_USAGE = YES_ERROR;
				CLANG_WARN_DOCUMENTATION_COMMENTS = YES;
				CLANG_WARN_EMPTY_BODY = YES;
				CLANG_WARN_ENUM_CONVERSION = YES;
				CLANG_WARN_INFINITE_RECURSION = YES;
				CLANG_WARN_INT_CONVERSION = YES;
				CLANG_WARN_NON_LITERAL_NULL_CONVERSION = YES;
				CLANG_WARN_OBJC_IMPLICIT_RETAIN_SELF = YES;
				CLANG_WARN_OBJC_LITERAL_CONVERSION = YES;
				CLANG_WARN_OBJC_ROOT_CLASS = YES_ERROR;
				CLANG_WARN_QUOTED_INCLUDE_IN_FRAMEWORK_HEADER = YES;
				CLANG_WARN_RANGE_LOOP_ANALYSIS = YES;
				CLANG_WARN_STRICT_PROTOTYPES = YES;
				CLANG_WARN_SUSPICIOUS_MOVE = YES;
				CLANG_WARN_UNGUARDED_AVAILABILITY = YES_AGGRESSIVE;
				CLANG_WARN_UNREACHABLE_CODE = YES;
				CLANG_WARN__DUPLICATE_METHOD_MATCH = YES;
				COPY_PHASE_STRIP = NO;
				DEBUG_INFORMATION_FORMAT = dwarf;
				ENABLE_STRICT_OBJC_MSGSEND = YES;
				ENABLE_TESTABILITY = YES;
				GCC_C_LANGUAGE_STANDARD = gnu11;
				GCC_DYNAMIC_NO_PIC = NO;
				GCC_NO_COMMON_BLOCKS = YES;
				GCC_OPTIMIZATION_LEVEL = 0;
				GCC_PREPROCESSOR_DEFINITIONS = (
					"$(inherited)",
					"DEBUG=1",
				);
				GCC_WARN_64_TO_32_BIT_CONVERSION = YES;
				GCC_WARN_ABOUT_RETURN_TYPE = YES_ERROR;
				GCC_WARN_UNDECLARED_SELECTOR = YES;
				GCC_WARN_UNINITIALIZED_AUTOS = YES_AGGRESSIVE;
				GCC_WARN_UNUSED_FUNCTION = YES;
				GCC_WARN_UNUSED_VARIABLE = YES;
				MACOSX_DEPLOYMENT_TARGET = 10.12;
				MTL_ENABLE_DEBUG_INFO = INCLUDE_SOURCE;
				MTL_FAST_MATH = YES;
				ONLY_ACTIVE_ARCH = YES;
				PRODUCT_NAME = "$(TARGET_NAME)";
				SDKROOT = macosx;
				SWIFT_ACTIVE_COMPILATION_CONDITIONS = DEBUG;
				SWIFT_OPTIMIZATION_LEVEL = "-Onone";
				SWIFT_VERSION = 5.0;
			};
			name = Debug;
		};
		FDF919B242020AC479CFFBAE /* Debug */ = {
			isa = XCBuildConfiguration;
			buildSettings = {
				COMBINE_HIDPI_IMAGES = YES;
				LD_RUNPATH_SEARCH_PATHS = "$(inherited)";
				SDKROOT = "";
				SKIP_INSTALL = YES;
				SUPPORTED_PLATFORMS = "iphonesimulator iphoneos watchos watchsimulator appletvos appletvsimulator macosx";
			};
			name = Debug;
		};
/* End XCBuildConfiguration section */

/* Begin XCConfigurationList section */
		2117CF03C79C03B7B3B8416A /* Build configuration list for PBXAggregateTarget "Shared" */ = {
			isa = XCConfigurationList;
			buildConfigurations = (
				3B142AAA98D3EED199F0F30E /* Debug */,
				329F7F5599946B33744B069E /* Release */,
			);
			defaultConfigurationIsVisible = 0;
			defaultConfigurationName = Debug;
		};
		294740059DE2CFE39CE144C1 /* Build configuration list for PBXNativeTarget "mcxMediaExtensions" */ = {
			isa = XCConfigurationList;
			buildConfigurations = (
				2D9EC327CCE1FFD175A6CD5A /* Debug */,
				7DDA54140CE70729658D80AD /* Release */,
			);
			defaultConfigurationIsVisible = 0;
			defaultConfigurationName = Debug;
		};
		3A10959FAF864F48C1E1E3FA /* Build configuration list for PBXNativeTarget "mcxFoundation" */ = {
			isa = XCConfigurationList;
			buildConfigurations = (
				0858A3B681288C08FEC577D4 /* Debug */,
				B485E7518AC578AD79AAAB2F /* Release */,
			);
			defaultConfigurationIsVisible = 0;
			defaultConfigurationName = Debug;
		};
		3AB96E4BAA6FF89EFCBF9B0C /* Build configuration list for PBXNativeTarget "mcxTestabilityXC" */ = {
			isa = XCConfigurationList;
			buildConfigurations = (
				0E274CF541DDDF7DCF3BF45A /* Debug */,
				5C48D102035AE48A476DF494 /* Release */,
			);
			defaultConfigurationIsVisible = 0;
			defaultConfigurationName = Debug;
		};
		5F68CF8A4A3C97F85338F4AD /* Build configuration list for PBXNativeTarget "mcxConcurrencyLocking" */ = {
			isa = XCConfigurationList;
			buildConfigurations = (
				4677807B83D0DBFB8F90C7FE /* Debug */,
				834D12135B8EB658C5E5CAF0 /* Release */,
			);
			defaultConfigurationIsVisible = 0;
			defaultConfigurationName = Debug;
		};
		6D109C8F59B9447287B24A78 /* Build configuration list for PBXNativeTarget "mcxTestability" */ = {
			isa = XCConfigurationList;
			buildConfigurations = (
				450173ACE7A34AF8EF27B2B5 /* Debug */,
				1C42788A674B2267B483574F /* Release */,
			);
			defaultConfigurationIsVisible = 0;
			defaultConfigurationName = Debug;
		};
		79BF75E678F657508710D996 /* Build configuration list for PBXNativeTarget "mcxMedia" */ = {
			isa = XCConfigurationList;
			buildConfigurations = (
				1D3BF840F5D2521A7B4E3EA1 /* Debug */,
				61A7466637F1F82CF00294F7 /* Release */,
			);
			defaultConfigurationIsVisible = 0;
			defaultConfigurationName = Debug;
		};
		8448653C44F19E45D05C104C /* Build configuration list for PBXNativeTarget "mcxTestabilityFixtures" */ = {
			isa = XCConfigurationList;
			buildConfigurations = (
				A7B00A8BDBDCCC0F780E0DEE /* Debug */,
				E896DED2354206EC7AEA9F5F /* Release */,
			);
			defaultConfigurationIsVisible = 0;
			defaultConfigurationName = Debug;
		};
		C26131806FEA5253B3A92B48 /* Build configuration list for PBXNativeTarget "mcxRuntime" */ = {
			isa = XCConfigurationList;
			buildConfigurations = (
				51D06756ABFB21E827093D53 /* Debug */,
				E18D9337E4AC70A786ECF15F /* Release */,
			);
			defaultConfigurationIsVisible = 0;
			defaultConfigurationName = Debug;
		};
		D2876CF02FBF5B694E5387F4 /* Build configuration list for PBXProject "Shared" */ = {
			isa = XCConfigurationList;
			buildConfigurations = (
				FA09E0D1BF44993C2C215471 /* Debug */,
				D7A3C293A18A829F33CF4960 /* Release */,
			);
			defaultConfigurationIsVisible = 0;
			defaultConfigurationName = Debug;
		};
		D4CA555A3A61329E255DCD2C /* Build configuration list for PBXNativeTarget "mcxFoundationExtensions" */ = {
			isa = XCConfigurationList;
			buildConfigurations = (
				68BC373FB44196981F02079D /* Debug */,
				6FDE97EDA47AD28A9A552165 /* Release */,
			);
			defaultConfigurationIsVisible = 0;
			defaultConfigurationName = Debug;
		};
		D7474EBB2E7F31EFFB28CA88 /* Build configuration list for PBXNativeTarget "mcxConcurrencyOC" */ = {
			isa = XCConfigurationList;
			buildConfigurations = (
				02585FF5D09743D4D64437C6 /* Debug */,
				1DB5DFBC7C8DE963D22A0317 /* Release */,
			);
			defaultConfigurationIsVisible = 0;
			defaultConfigurationName = Debug;
		};
		DFED30C0535957F35E978251 /* Build configuration list for PBXNativeTarget "mcxTypes" */ = {
			isa = XCConfigurationList;
			buildConfigurations = (
				71EED7E79525A00F379C4D54 /* Debug */,
				7BB8087F7C5B637D87196541 /* Release */,
			);
			defaultConfigurationIsVisible = 0;
			defaultConfigurationName = Debug;
		};
		E6734823272BE310B671B27A /* Build configuration list for PBXNativeTarget "mcxMath" */ = {
			isa = XCConfigurationList;
			buildConfigurations = (
				3EF38F31DD0DA34D0B298DD9 /* Debug */,
				07DCACFC944D5E766B896A2E /* Release */,
			);
			defaultConfigurationIsVisible = 0;
			defaultConfigurationName = Debug;
		};
		ECB050137DA1C70BF8A11521 /* Build configuration list for PBXNativeTarget "mcxFoundationLogging" */ = {
			isa = XCConfigurationList;
			buildConfigurations = (
				FDF919B242020AC479CFFBAE /* Debug */,
				E31B0685E238B9F92994D7F5 /* Release */,
			);
			defaultConfigurationIsVisible = 0;
			defaultConfigurationName = Debug;
		};
		F30BBE678A10688ACB8D3521 /* Build configuration list for PBXNativeTarget "mcxFoundationTestability" */ = {
			isa = XCConfigurationList;
			buildConfigurations = (
				4D946072831EA8B0CE53169A /* Debug */,
				C5013F9BE198E91EC6A6DFD5 /* Release */,
			);
			defaultConfigurationIsVisible = 0;
			defaultConfigurationName = Debug;
		};
		F6D7BD123A21293B512623E7 /* Build configuration list for PBXNativeTarget "mcxFoundationObservables" */ = {
			isa = XCConfigurationList;
			buildConfigurations = (
				075DE1505F885C6953891F26 /* Debug */,
				4BA6D1269465A85D9755E1AA /* Release */,
			);
			defaultConfigurationIsVisible = 0;
			defaultConfigurationName = Debug;
		};
/* End XCConfigurationList section */
	};
	rootObject = CF2E1D8B54DADE3AB44ADA38 /* Project object */;
}
